
Microsoft Visual Studio Solution File, Format Version 12.00
# Visual Studio 15
VisualStudioVersion = 15.0.26730.10
MinimumVisualStudioVersion = 10.0.40219.1

Project("{6EC3EE1D-3C4E-46DD-8F32-0CC8E7565705}") = "HelloFabulousWorld", "HelloFabulousWorld\HelloFabulousWorld.fsproj", "{161248A6-BA95-44FC-BB44-8FD1487AB1F7}"
EndProject

Project("{F2A71F9B-5D33-465A-A702-920D77279786}") = "HelloFabulousWorld.Android", "HelloFabulousWorld.Android\HelloFabulousWorld.Android.fsproj", "{6B3E208C-536B-4CCF-92A8-A70079C498D0}"
EndProject


Project("{F2A71F9B-5D33-465A-A702-920D77279786}") = "HelloFabulousWorld.iOS", "HelloFabulousWorld.iOS\HelloFabulousWorld.iOS.fsproj", "{84D5EB58-C01A-43A2-9F68-231976E3CE79}"
EndProject




Global
	GlobalSection(SolutionConfigurationPlatforms) = preSolution
		Ad-Hoc|Any CPU = Ad-Hoc|Any CPU
		Ad-Hoc|ARM = Ad-Hoc|ARM
		Ad-Hoc|iPhone = Ad-Hoc|iPhone
		Ad-Hoc|iPhoneSimulator = Ad-Hoc|iPhoneSimulator
		Ad-Hoc|x64 = Ad-Hoc|x64
		Ad-Hoc|x86 = Ad-Hoc|x86
		AppStore|Any CPU = AppStore|Any CPU
		AppStore|ARM = AppStore|ARM
		AppStore|iPhone = AppStore|iPhone
		AppStore|iPhoneSimulator = AppStore|iPhoneSimulator
		AppStore|x64 = AppStore|x64
		AppStore|x86 = AppStore|x86
		Debug|Any CPU = Debug|Any CPU
		Debug|ARM = Debug|ARM
		Debug|iPhone = Debug|iPhone
		Debug|iPhoneSimulator = Debug|iPhoneSimulator
		Debug|x64 = Debug|x64
		Debug|x86 = Debug|x86
		Release|Any CPU = Release|Any CPU
		Release|ARM = Release|ARM
		Release|iPhone = Release|iPhone
		Release|iPhoneSimulator = Release|iPhoneSimulator
		Release|x64 = Release|x64
		Release|x86 = Release|x86
	EndGlobalSection
	GlobalSection(ProjectConfigurationPlatforms) = postSolution
		{161248A6-BA95-44FC-BB44-8FD1487AB1F7}.Ad-Hoc|Any CPU.ActiveCfg = Debug|Any CPU
		{161248A6-BA95-44FC-BB44-8FD1487AB1F7}.Ad-Hoc|Any CPU.Build.0 = Debug|Any CPU
		{161248A6-BA95-44FC-BB44-8FD1487AB1F7}.Ad-Hoc|ARM.ActiveCfg = Debug|Any CPU
		{161248A6-BA95-44FC-BB44-8FD1487AB1F7}.Ad-Hoc|ARM.Build.0 = Debug|Any CPU
		{161248A6-BA95-44FC-BB44-8FD1487AB1F7}.Ad-Hoc|iPhone.ActiveCfg = Debug|Any CPU
		{161248A6-BA95-44FC-BB44-8FD1487AB1F7}.Ad-Hoc|iPhone.Build.0 = Debug|Any CPU
		{161248A6-BA95-44FC-BB44-8FD1487AB1F7}.Ad-Hoc|iPhoneSimulator.ActiveCfg = Debug|Any CPU
		{161248A6-BA95-44FC-BB44-8FD1487AB1F7}.Ad-Hoc|iPhoneSimulator.Build.0 = Debug|Any CPU
		{161248A6-BA95-44FC-BB44-8FD1487AB1F7}.Ad-Hoc|x64.ActiveCfg = Debug|Any CPU
		{161248A6-BA95-44FC-BB44-8FD1487AB1F7}.Ad-Hoc|x64.Build.0 = Debug|Any CPU
		{161248A6-BA95-44FC-BB44-8FD1487AB1F7}.Ad-Hoc|x86.ActiveCfg = Debug|Any CPU
		{161248A6-BA95-44FC-BB44-8FD1487AB1F7}.Ad-Hoc|x86.Build.0 = Debug|Any CPU
		{161248A6-BA95-44FC-BB44-8FD1487AB1F7}.AppStore|Any CPU.ActiveCfg = Debug|Any CPU
		{161248A6-BA95-44FC-BB44-8FD1487AB1F7}.AppStore|Any CPU.Build.0 = Debug|Any CPU
		{161248A6-BA95-44FC-BB44-8FD1487AB1F7}.AppStore|ARM.ActiveCfg = Debug|Any CPU
		{161248A6-BA95-44FC-BB44-8FD1487AB1F7}.AppStore|ARM.Build.0 = Debug|Any CPU
		{161248A6-BA95-44FC-BB44-8FD1487AB1F7}.AppStore|iPhone.ActiveCfg = Debug|Any CPU
		{161248A6-BA95-44FC-BB44-8FD1487AB1F7}.AppStore|iPhone.Build.0 = Debug|Any CPU
		{161248A6-BA95-44FC-BB44-8FD1487AB1F7}.AppStore|iPhoneSimulator.ActiveCfg = Debug|Any CPU
		{161248A6-BA95-44FC-BB44-8FD1487AB1F7}.AppStore|iPhoneSimulator.Build.0 = Debug|Any CPU
		{161248A6-BA95-44FC-BB44-8FD1487AB1F7}.AppStore|x64.ActiveCfg = Debug|Any CPU
		{161248A6-BA95-44FC-BB44-8FD1487AB1F7}.AppStore|x64.Build.0 = Debug|Any CPU
		{161248A6-BA95-44FC-BB44-8FD1487AB1F7}.AppStore|x86.ActiveCfg = Debug|Any CPU
		{161248A6-BA95-44FC-BB44-8FD1487AB1F7}.AppStore|x86.Build.0 = Debug|Any CPU
		{161248A6-BA95-44FC-BB44-8FD1487AB1F7}.Debug|Any CPU.ActiveCfg = Debug|Any CPU
		{161248A6-BA95-44FC-BB44-8FD1487AB1F7}.Debug|Any CPU.Build.0 = Debug|Any CPU
		{161248A6-BA95-44FC-BB44-8FD1487AB1F7}.Debug|ARM.ActiveCfg = Debug|Any CPU
		{161248A6-BA95-44FC-BB44-8FD1487AB1F7}.Debug|ARM.Build.0 = Debug|Any CPU
		{161248A6-BA95-44FC-BB44-8FD1487AB1F7}.Debug|iPhone.ActiveCfg = Debug|Any CPU
		{161248A6-BA95-44FC-BB44-8FD1487AB1F7}.Debug|iPhone.Build.0 = Debug|Any CPU
		{161248A6-BA95-44FC-BB44-8FD1487AB1F7}.Debug|iPhoneSimulator.ActiveCfg = Debug|Any CPU
		{161248A6-BA95-44FC-BB44-8FD1487AB1F7}.Debug|iPhoneSimulator.Build.0 = Debug|Any CPU
		{161248A6-BA95-44FC-BB44-8FD1487AB1F7}.Debug|x64.ActiveCfg = Debug|Any CPU
		{161248A6-BA95-44FC-BB44-8FD1487AB1F7}.Debug|x64.Build.0 = Debug|Any CPU
		{161248A6-BA95-44FC-BB44-8FD1487AB1F7}.Debug|x86.ActiveCfg = Debug|Any CPU
		{161248A6-BA95-44FC-BB44-8FD1487AB1F7}.Debug|x86.Build.0 = Debug|Any CPU
		{161248A6-BA95-44FC-BB44-8FD1487AB1F7}.Release|Any CPU.ActiveCfg = Release|Any CPU
		{161248A6-BA95-44FC-BB44-8FD1487AB1F7}.Release|Any CPU.Build.0 = Release|Any CPU
		{161248A6-BA95-44FC-BB44-8FD1487AB1F7}.Release|ARM.ActiveCfg = Release|Any CPU
		{161248A6-BA95-44FC-BB44-8FD1487AB1F7}.Release|ARM.Build.0 = Release|Any CPU
		{161248A6-BA95-44FC-BB44-8FD1487AB1F7}.Release|iPhone.ActiveCfg = Release|Any CPU
		{161248A6-BA95-44FC-BB44-8FD1487AB1F7}.Release|iPhone.Build.0 = Release|Any CPU
		{161248A6-BA95-44FC-BB44-8FD1487AB1F7}.Release|iPhoneSimulator.ActiveCfg = Release|Any CPU
		{161248A6-BA95-44FC-BB44-8FD1487AB1F7}.Release|iPhoneSimulator.Build.0 = Release|Any CPU
		{161248A6-BA95-44FC-BB44-8FD1487AB1F7}.Release|x64.ActiveCfg = Release|Any CPU
		{161248A6-BA95-44FC-BB44-8FD1487AB1F7}.Release|x64.Build.0 = Release|Any CPU
		{161248A6-BA95-44FC-BB44-8FD1487AB1F7}.Release|x86.ActiveCfg = Release|Any CPU
		{161248A6-BA95-44FC-BB44-8FD1487AB1F7}.Release|x86.Build.0 = Release|Any CPU
		{84D5EB58-C01A-43A2-9F68-231976E3CE79}.Ad-Hoc|Any CPU.ActiveCfg = Ad-Hoc|iPhone
		{84D5EB58-C01A-43A2-9F68-231976E3CE79}.Ad-Hoc|ARM.ActiveCfg = Ad-Hoc|iPhone
		{84D5EB58-C01A-43A2-9F68-231976E3CE79}.Ad-Hoc|iPhone.ActiveCfg = Ad-Hoc|iPhone
		{84D5EB58-C01A-43A2-9F68-231976E3CE79}.Ad-Hoc|iPhone.Build.0 = Ad-Hoc|iPhone
		{84D5EB58-C01A-43A2-9F68-231976E3CE79}.Ad-Hoc|iPhoneSimulator.ActiveCfg = Ad-Hoc|iPhoneSimulator
		{84D5EB58-C01A-43A2-9F68-231976E3CE79}.Ad-Hoc|iPhoneSimulator.Build.0 = Ad-Hoc|iPhoneSimulator
		{84D5EB58-C01A-43A2-9F68-231976E3CE79}.Ad-Hoc|x64.ActiveCfg = Ad-Hoc|iPhone
		{84D5EB58-C01A-43A2-9F68-231976E3CE79}.Ad-Hoc|x86.ActiveCfg = Ad-Hoc|iPhone
		{84D5EB58-C01A-43A2-9F68-231976E3CE79}.AppStore|Any CPU.ActiveCfg = AppStore|iPhone
		{84D5EB58-C01A-43A2-9F68-231976E3CE79}.AppStore|ARM.ActiveCfg = AppStore|iPhone
		{84D5EB58-C01A-43A2-9F68-231976E3CE79}.AppStore|iPhone.ActiveCfg = AppStore|iPhone
		{84D5EB58-C01A-43A2-9F68-231976E3CE79}.AppStore|iPhone.Build.0 = AppStore|iPhone
		{84D5EB58-C01A-43A2-9F68-231976E3CE79}.AppStore|iPhoneSimulator.ActiveCfg = AppStore|iPhoneSimulator
		{84D5EB58-C01A-43A2-9F68-231976E3CE79}.AppStore|iPhoneSimulator.Build.0 = AppStore|iPhoneSimulator
		{84D5EB58-C01A-43A2-9F68-231976E3CE79}.AppStore|x64.ActiveCfg = AppStore|iPhone
		{84D5EB58-C01A-43A2-9F68-231976E3CE79}.AppStore|x86.ActiveCfg = AppStore|iPhone
		{84D5EB58-C01A-43A2-9F68-231976E3CE79}.Debug|Any CPU.ActiveCfg = Debug|iPhone
		{84D5EB58-C01A-43A2-9F68-231976E3CE79}.Debug|ARM.ActiveCfg = Debug|iPhone
		{84D5EB58-C01A-43A2-9F68-231976E3CE79}.Debug|iPhone.ActiveCfg = Debug|iPhone
		{84D5EB58-C01A-43A2-9F68-231976E3CE79}.Debug|iPhone.Build.0 = Debug|iPhone
		{84D5EB58-C01A-43A2-9F68-231976E3CE79}.Debug|iPhoneSimulator.ActiveCfg = Debug|iPhoneSimulator
		{84D5EB58-C01A-43A2-9F68-231976E3CE79}.Debug|iPhoneSimulator.Build.0 = Debug|iPhoneSimulator
		{84D5EB58-C01A-43A2-9F68-231976E3CE79}.Debug|x64.ActiveCfg = Debug|iPhone
		{84D5EB58-C01A-43A2-9F68-231976E3CE79}.Debug|x86.ActiveCfg = Debug|iPhone
		{84D5EB58-C01A-43A2-9F68-231976E3CE79}.Release|Any CPU.ActiveCfg = Release|iPhone
		{84D5EB58-C01A-43A2-9F68-231976E3CE79}.Release|ARM.ActiveCfg = Release|iPhone
		{84D5EB58-C01A-43A2-9F68-231976E3CE79}.Release|iPhone.ActiveCfg = Release|iPhone
		{84D5EB58-C01A-43A2-9F68-231976E3CE79}.Release|iPhone.Build.0 = Release|iPhone
		{84D5EB58-C01A-43A2-9F68-231976E3CE79}.Release|iPhoneSimulator.ActiveCfg = Release|iPhoneSimulator
		{84D5EB58-C01A-43A2-9F68-231976E3CE79}.Release|iPhoneSimulator.Build.0 = Release|iPhoneSimulator
		{84D5EB58-C01A-43A2-9F68-231976E3CE79}.Release|x64.ActiveCfg = Release|iPhone
		{84D5EB58-C01A-43A2-9F68-231976E3CE79}.Release|x86.ActiveCfg = Release|iPhone
		{21037895-5BB9-43B9-B047-99C26082A8C3}.Ad-Hoc|Any CPU.ActiveCfg = Release|x86
		{21037895-5BB9-43B9-B047-99C26082A8C3}.Ad-Hoc|Any CPU.Build.0 = Release|x86
		{21037895-5BB9-43B9-B047-99C26082A8C3}.Ad-Hoc|Any CPU.Deploy.0 = Release|x86
		{21037895-5BB9-43B9-B047-99C26082A8C3}.Ad-Hoc|ARM.ActiveCfg = Release|ARM
		{21037895-5BB9-43B9-B047-99C26082A8C3}.Ad-Hoc|ARM.Build.0 = Release|ARM
		{21037895-5BB9-43B9-B047-99C26082A8C3}.Ad-Hoc|ARM.Deploy.0 = Release|ARM
		{21037895-5BB9-43B9-B047-99C26082A8C3}.Ad-Hoc|iPhone.ActiveCfg = Release|x86
		{21037895-5BB9-43B9-B047-99C26082A8C3}.Ad-Hoc|iPhone.Build.0 = Release|x86
		{21037895-5BB9-43B9-B047-99C26082A8C3}.Ad-Hoc|iPhone.Deploy.0 = Release|x86
		{21037895-5BB9-43B9-B047-99C26082A8C3}.Ad-Hoc|iPhoneSimulator.ActiveCfg = Release|x86
		{21037895-5BB9-43B9-B047-99C26082A8C3}.Ad-Hoc|iPhoneSimulator.Build.0 = Release|x86
		{21037895-5BB9-43B9-B047-99C26082A8C3}.Ad-Hoc|iPhoneSimulator.Deploy.0 = Release|x86
		{21037895-5BB9-43B9-B047-99C26082A8C3}.Ad-Hoc|x64.ActiveCfg = Release|x64
		{21037895-5BB9-43B9-B047-99C26082A8C3}.Ad-Hoc|x64.Build.0 = Release|x64
		{21037895-5BB9-43B9-B047-99C26082A8C3}.Ad-Hoc|x64.Deploy.0 = Release|x64
		{21037895-5BB9-43B9-B047-99C26082A8C3}.Ad-Hoc|x86.ActiveCfg = Release|x86
		{21037895-5BB9-43B9-B047-99C26082A8C3}.Ad-Hoc|x86.Build.0 = Release|x86
		{21037895-5BB9-43B9-B047-99C26082A8C3}.Ad-Hoc|x86.Deploy.0 = Release|x86
		{21037895-5BB9-43B9-B047-99C26082A8C3}.AppStore|Any CPU.ActiveCfg = Release|x86
		{21037895-5BB9-43B9-B047-99C26082A8C3}.AppStore|Any CPU.Build.0 = Release|x86
		{21037895-5BB9-43B9-B047-99C26082A8C3}.AppStore|Any CPU.Deploy.0 = Release|x86
		{21037895-5BB9-43B9-B047-99C26082A8C3}.AppStore|ARM.ActiveCfg = Release|ARM
		{21037895-5BB9-43B9-B047-99C26082A8C3}.AppStore|ARM.Build.0 = Release|ARM
		{21037895-5BB9-43B9-B047-99C26082A8C3}.AppStore|ARM.Deploy.0 = Release|ARM
		{21037895-5BB9-43B9-B047-99C26082A8C3}.AppStore|iPhone.ActiveCfg = Release|x86
		{21037895-5BB9-43B9-B047-99C26082A8C3}.AppStore|iPhone.Build.0 = Release|x86
		{21037895-5BB9-43B9-B047-99C26082A8C3}.AppStore|iPhone.Deploy.0 = Release|x86
		{21037895-5BB9-43B9-B047-99C26082A8C3}.AppStore|iPhoneSimulator.ActiveCfg = Release|x86
		{21037895-5BB9-43B9-B047-99C26082A8C3}.AppStore|iPhoneSimulator.Build.0 = Release|x86
		{21037895-5BB9-43B9-B047-99C26082A8C3}.AppStore|iPhoneSimulator.Deploy.0 = Release|x86
		{21037895-5BB9-43B9-B047-99C26082A8C3}.AppStore|x64.ActiveCfg = Release|x64
		{21037895-5BB9-43B9-B047-99C26082A8C3}.AppStore|x64.Build.0 = Release|x64
		{21037895-5BB9-43B9-B047-99C26082A8C3}.AppStore|x64.Deploy.0 = Release|x64
		{21037895-5BB9-43B9-B047-99C26082A8C3}.AppStore|x86.ActiveCfg = Release|x86
		{21037895-5BB9-43B9-B047-99C26082A8C3}.AppStore|x86.Build.0 = Release|x86
		{21037895-5BB9-43B9-B047-99C26082A8C3}.AppStore|x86.Deploy.0 = Release|x86
		{21037895-5BB9-43B9-B047-99C26082A8C3}.Debug|Any CPU.ActiveCfg = Debug|x86
		{21037895-5BB9-43B9-B047-99C26082A8C3}.Debug|ARM.ActiveCfg = Debug|ARM
		{21037895-5BB9-43B9-B047-99C26082A8C3}.Debug|ARM.Build.0 = Debug|ARM
		{21037895-5BB9-43B9-B047-99C26082A8C3}.Debug|ARM.Deploy.0 = Debug|ARM
		{21037895-5BB9-43B9-B047-99C26082A8C3}.Debug|iPhone.ActiveCfg = Debug|x86
		{21037895-5BB9-43B9-B047-99C26082A8C3}.Debug|iPhoneSimulator.ActiveCfg = Debug|x86
		{21037895-5BB9-43B9-B047-99C26082A8C3}.Debug|x64.ActiveCfg = Debug|x64
		{21037895-5BB9-43B9-B047-99C26082A8C3}.Debug|x64.Build.0 = Debug|x64
		{21037895-5BB9-43B9-B047-99C26082A8C3}.Debug|x64.Deploy.0 = Debug|x64
		{21037895-5BB9-43B9-B047-99C26082A8C3}.Debug|x86.ActiveCfg = Debug|x86
		{21037895-5BB9-43B9-B047-99C26082A8C3}.Debug|x86.Build.0 = Debug|x86
		{21037895-5BB9-43B9-B047-99C26082A8C3}.Debug|x86.Deploy.0 = Debug|x86
		{21037895-5BB9-43B9-B047-99C26082A8C3}.Release|Any CPU.ActiveCfg = Release|x86
		{21037895-5BB9-43B9-B047-99C26082A8C3}.Release|ARM.ActiveCfg = Release|ARM
		{21037895-5BB9-43B9-B047-99C26082A8C3}.Release|ARM.Build.0 = Release|ARM
		{21037895-5BB9-43B9-B047-99C26082A8C3}.Release|ARM.Deploy.0 = Release|ARM
		{21037895-5BB9-43B9-B047-99C26082A8C3}.Release|iPhone.ActiveCfg = Release|x86
		{21037895-5BB9-43B9-B047-99C26082A8C3}.Release|iPhoneSimulator.ActiveCfg = Release|x86
		{21037895-5BB9-43B9-B047-99C26082A8C3}.Release|x64.ActiveCfg = Release|x64
		{21037895-5BB9-43B9-B047-99C26082A8C3}.Release|x64.Build.0 = Release|x64
		{21037895-5BB9-43B9-B047-99C26082A8C3}.Release|x64.Deploy.0 = Release|x64
		{21037895-5BB9-43B9-B047-99C26082A8C3}.Release|x86.ActiveCfg = Release|x86
		{21037895-5BB9-43B9-B047-99C26082A8C3}.Release|x86.Build.0 = Release|x86
		{21037895-5BB9-43B9-B047-99C26082A8C3}.Release|x86.Deploy.0 = Release|x86
		{07C7F082-7315-4959-A5C7-7249E6462222}.Ad-Hoc|Any CPU.ActiveCfg = Release|Any CPU
		{07C7F082-7315-4959-A5C7-7249E6462222}.Ad-Hoc|Any CPU.Build.0 = Release|Any CPU
		{07C7F082-7315-4959-A5C7-7249E6462222}.Ad-Hoc|ARM.ActiveCfg = Release|Any CPU
		{07C7F082-7315-4959-A5C7-7249E6462222}.Ad-Hoc|ARM.Build.0 = Release|Any CPU
		{07C7F082-7315-4959-A5C7-7249E6462222}.Ad-Hoc|iPhone.ActiveCfg = Release|Any CPU
		{07C7F082-7315-4959-A5C7-7249E6462222}.Ad-Hoc|iPhone.Build.0 = Release|Any CPU
		{07C7F082-7315-4959-A5C7-7249E6462222}.Ad-Hoc|iPhoneSimulator.ActiveCfg = Release|Any CPU
		{07C7F082-7315-4959-A5C7-7249E6462222}.Ad-Hoc|iPhoneSimulator.Build.0 = Release|Any CPU
		{07C7F082-7315-4959-A5C7-7249E6462222}.Ad-Hoc|x64.ActiveCfg = Release|Any CPU
		{07C7F082-7315-4959-A5C7-7249E6462222}.Ad-Hoc|x64.Build.0 = Release|Any CPU
		{07C7F082-7315-4959-A5C7-7249E6462222}.Ad-Hoc|x86.ActiveCfg = Release|Any CPU
		{07C7F082-7315-4959-A5C7-7249E6462222}.Ad-Hoc|x86.Build.0 = Release|Any CPU
		{07C7F082-7315-4959-A5C7-7249E6462222}.AppStore|Any CPU.ActiveCfg = Release|Any CPU
		{07C7F082-7315-4959-A5C7-7249E6462222}.AppStore|Any CPU.Build.0 = Release|Any CPU
		{07C7F082-7315-4959-A5C7-7249E6462222}.AppStore|ARM.ActiveCfg = Release|Any CPU
		{07C7F082-7315-4959-A5C7-7249E6462222}.AppStore|ARM.Build.0 = Release|Any CPU
		{07C7F082-7315-4959-A5C7-7249E6462222}.AppStore|iPhone.ActiveCfg = Release|Any CPU
		{07C7F082-7315-4959-A5C7-7249E6462222}.AppStore|iPhone.Build.0 = Release|Any CPU
		{07C7F082-7315-4959-A5C7-7249E6462222}.AppStore|iPhoneSimulator.ActiveCfg = Release|Any CPU
		{07C7F082-7315-4959-A5C7-7249E6462222}.AppStore|iPhoneSimulator.Build.0 = Release|Any CPU
		{07C7F082-7315-4959-A5C7-7249E6462222}.AppStore|x64.ActiveCfg = Release|Any CPU
		{07C7F082-7315-4959-A5C7-7249E6462222}.AppStore|x64.Build.0 = Release|Any CPU
		{07C7F082-7315-4959-A5C7-7249E6462222}.AppStore|x86.ActiveCfg = Release|Any CPU
		{07C7F082-7315-4959-A5C7-7249E6462222}.AppStore|x86.Build.0 = Release|Any CPU
		{07C7F082-7315-4959-A5C7-7249E6462222}.Debug|Any CPU.ActiveCfg = Debug|Any CPU
		{07C7F082-7315-4959-A5C7-7249E6462222}.Debug|Any CPU.Build.0 = Debug|Any CPU
		{07C7F082-7315-4959-A5C7-7249E6462222}.Debug|ARM.ActiveCfg = Debug|Any CPU
		{07C7F082-7315-4959-A5C7-7249E6462222}.Debug|ARM.Build.0 = Debug|Any CPU
		{07C7F082-7315-4959-A5C7-7249E6462222}.Debug|iPhone.ActiveCfg = Debug|Any CPU
		{07C7F082-7315-4959-A5C7-7249E6462222}.Debug|iPhone.Build.0 = Debug|Any CPU
		{07C7F082-7315-4959-A5C7-7249E6462222}.Debug|iPhoneSimulator.ActiveCfg = Debug|Any CPU
		{07C7F082-7315-4959-A5C7-7249E6462222}.Debug|iPhoneSimulator.Build.0 = Debug|Any CPU
		{07C7F082-7315-4959-A5C7-7249E6462222}.Debug|x64.ActiveCfg = Debug|Any CPU
		{07C7F082-7315-4959-A5C7-7249E6462222}.Debug|x64.Build.0 = Debug|Any CPU
		{07C7F082-7315-4959-A5C7-7249E6462222}.Debug|x86.ActiveCfg = Debug|Any CPU
		{07C7F082-7315-4959-A5C7-7249E6462222}.Debug|x86.Build.0 = Debug|Any CPU
		{07C7F082-7315-4959-A5C7-7249E6462222}.Release|Any CPU.ActiveCfg = Release|Any CPU
		{07C7F082-7315-4959-A5C7-7249E6462222}.Release|Any CPU.Build.0 = Release|Any CPU
		{07C7F082-7315-4959-A5C7-7249E6462222}.Release|ARM.ActiveCfg = Release|Any CPU
		{07C7F082-7315-4959-A5C7-7249E6462222}.Release|ARM.Build.0 = Release|Any CPU
		{07C7F082-7315-4959-A5C7-7249E6462222}.Release|iPhone.ActiveCfg = Release|Any CPU
		{07C7F082-7315-4959-A5C7-7249E6462222}.Release|iPhone.Build.0 = Release|Any CPU
		{07C7F082-7315-4959-A5C7-7249E6462222}.Release|iPhoneSimulator.ActiveCfg = Release|Any CPU
		{07C7F082-7315-4959-A5C7-7249E6462222}.Release|iPhoneSimulator.Build.0 = Release|Any CPU
		{07C7F082-7315-4959-A5C7-7249E6462222}.Release|x64.ActiveCfg = Release|Any CPU
		{07C7F082-7315-4959-A5C7-7249E6462222}.Release|x64.Build.0 = Release|Any CPU
		{07C7F082-7315-4959-A5C7-7249E6462222}.Release|x86.ActiveCfg = Release|Any CPU
		{07C7F082-7315-4959-A5C7-7249E6462222}.Release|x86.Build.0 = Release|Any CPU
		{EC912CAC-B862-417C-B25C-80AC5E6D8251}.Ad-Hoc|Any CPU.ActiveCfg = Release|Any CPU
		{EC912CAC-B862-417C-B25C-80AC5E6D8251}.Ad-Hoc|Any CPU.Build.0 = Release|Any CPU
		{EC912CAC-B862-417C-B25C-80AC5E6D8251}.Ad-Hoc|ARM.ActiveCfg = Release|Any CPU
		{EC912CAC-B862-417C-B25C-80AC5E6D8251}.Ad-Hoc|ARM.Build.0 = Release|Any CPU
		{EC912CAC-B862-417C-B25C-80AC5E6D8251}.Ad-Hoc|iPhone.ActiveCfg = Release|Any CPU
		{EC912CAC-B862-417C-B25C-80AC5E6D8251}.Ad-Hoc|iPhone.Build.0 = Release|Any CPU
		{EC912CAC-B862-417C-B25C-80AC5E6D8251}.Ad-Hoc|iPhoneSimulator.ActiveCfg = Release|Any CPU
		{EC912CAC-B862-417C-B25C-80AC5E6D8251}.Ad-Hoc|iPhoneSimulator.Build.0 = Release|Any CPU
		{EC912CAC-B862-417C-B25C-80AC5E6D8251}.Ad-Hoc|x64.ActiveCfg = Release|Any CPU
		{EC912CAC-B862-417C-B25C-80AC5E6D8251}.Ad-Hoc|x64.Build.0 = Release|Any CPU
		{EC912CAC-B862-417C-B25C-80AC5E6D8251}.Ad-Hoc|x86.ActiveCfg = Release|Any CPU
		{EC912CAC-B862-417C-B25C-80AC5E6D8251}.Ad-Hoc|x86.Build.0 = Release|Any CPU
		{EC912CAC-B862-417C-B25C-80AC5E6D8251}.AppStore|Any CPU.ActiveCfg = Release|Any CPU
		{EC912CAC-B862-417C-B25C-80AC5E6D8251}.AppStore|Any CPU.Build.0 = Release|Any CPU
		{EC912CAC-B862-417C-B25C-80AC5E6D8251}.AppStore|ARM.ActiveCfg = Release|Any CPU
		{EC912CAC-B862-417C-B25C-80AC5E6D8251}.AppStore|ARM.Build.0 = Release|Any CPU
		{EC912CAC-B862-417C-B25C-80AC5E6D8251}.AppStore|iPhone.ActiveCfg = Release|Any CPU
		{EC912CAC-B862-417C-B25C-80AC5E6D8251}.AppStore|iPhone.Build.0 = Release|Any CPU
		{EC912CAC-B862-417C-B25C-80AC5E6D8251}.AppStore|iPhoneSimulator.ActiveCfg = Release|Any CPU
		{EC912CAC-B862-417C-B25C-80AC5E6D8251}.AppStore|iPhoneSimulator.Build.0 = Release|Any CPU
		{EC912CAC-B862-417C-B25C-80AC5E6D8251}.AppStore|x64.ActiveCfg = Release|Any CPU
		{EC912CAC-B862-417C-B25C-80AC5E6D8251}.AppStore|x64.Build.0 = Release|Any CPU
		{EC912CAC-B862-417C-B25C-80AC5E6D8251}.AppStore|x86.ActiveCfg = Release|Any CPU
		{EC912CAC-B862-417C-B25C-80AC5E6D8251}.AppStore|x86.Build.0 = Release|Any CPU
		{EC912CAC-B862-417C-B25C-80AC5E6D8251}.Debug|Any CPU.ActiveCfg = Debug|Any CPU
		{EC912CAC-B862-417C-B25C-80AC5E6D8251}.Debug|Any CPU.Build.0 = Debug|Any CPU
		{EC912CAC-B862-417C-B25C-80AC5E6D8251}.Debug|ARM.ActiveCfg = Debug|Any CPU
		{EC912CAC-B862-417C-B25C-80AC5E6D8251}.Debug|ARM.Build.0 = Debug|Any CPU
		{EC912CAC-B862-417C-B25C-80AC5E6D8251}.Debug|iPhone.ActiveCfg = Debug|Any CPU
		{EC912CAC-B862-417C-B25C-80AC5E6D8251}.Debug|iPhone.Build.0 = Debug|Any CPU
		{EC912CAC-B862-417C-B25C-80AC5E6D8251}.Debug|iPhoneSimulator.ActiveCfg = Debug|Any CPU
		{EC912CAC-B862-417C-B25C-80AC5E6D8251}.Debug|iPhoneSimulator.Build.0 = Debug|Any CPU
		{EC912CAC-B862-417C-B25C-80AC5E6D8251}.Debug|x64.ActiveCfg = Debug|Any CPU
		{EC912CAC-B862-417C-B25C-80AC5E6D8251}.Debug|x64.Build.0 = Debug|Any CPU
		{EC912CAC-B862-417C-B25C-80AC5E6D8251}.Debug|x86.ActiveCfg = Debug|Any CPU
		{EC912CAC-B862-417C-B25C-80AC5E6D8251}.Debug|x86.Build.0 = Debug|Any CPU
		{EC912CAC-B862-417C-B25C-80AC5E6D8251}.Release|Any CPU.ActiveCfg = Release|Any CPU
		{EC912CAC-B862-417C-B25C-80AC5E6D8251}.Release|Any CPU.Build.0 = Release|Any CPU
		{EC912CAC-B862-417C-B25C-80AC5E6D8251}.Release|ARM.ActiveCfg = Release|Any CPU
		{EC912CAC-B862-417C-B25C-80AC5E6D8251}.Release|ARM.Build.0 = Release|Any CPU
		{EC912CAC-B862-417C-B25C-80AC5E6D8251}.Release|iPhone.ActiveCfg = Release|Any CPU
		{EC912CAC-B862-417C-B25C-80AC5E6D8251}.Release|iPhone.Build.0 = Release|Any CPU
		{EC912CAC-B862-417C-B25C-80AC5E6D8251}.Release|iPhoneSimulator.ActiveCfg = Release|Any CPU
		{EC912CAC-B862-417C-B25C-80AC5E6D8251}.Release|iPhoneSimulator.Build.0 = Release|Any CPU
		{EC912CAC-B862-417C-B25C-80AC5E6D8251}.Release|x64.ActiveCfg = Release|Any CPU
		{EC912CAC-B862-417C-B25C-80AC5E6D8251}.Release|x64.Build.0 = Release|Any CPU
		{EC912CAC-B862-417C-B25C-80AC5E6D8251}.Release|x86.ActiveCfg = Release|Any CPU
		{EC912CAC-B862-417C-B25C-80AC5E6D8251}.Release|x86.Build.0 = Release|Any CPU
		{6B3E208C-536B-4CCF-92A8-A70079C498D0}.Ad-Hoc|Any CPU.ActiveCfg = Release|Any CPU
		{6B3E208C-536B-4CCF-92A8-A70079C498D0}.Ad-Hoc|Any CPU.Build.0 = Release|Any CPU
		{6B3E208C-536B-4CCF-92A8-A70079C498D0}.Ad-Hoc|ARM.ActiveCfg = Release|Any CPU
		{6B3E208C-536B-4CCF-92A8-A70079C498D0}.Ad-Hoc|ARM.Build.0 = Release|Any CPU
		{6B3E208C-536B-4CCF-92A8-A70079C498D0}.Ad-Hoc|iPhone.ActiveCfg = Release|Any CPU
		{6B3E208C-536B-4CCF-92A8-A70079C498D0}.Ad-Hoc|iPhone.Build.0 = Release|Any CPU
		{6B3E208C-536B-4CCF-92A8-A70079C498D0}.Ad-Hoc|iPhoneSimulator.ActiveCfg = Release|Any CPU
		{6B3E208C-536B-4CCF-92A8-A70079C498D0}.Ad-Hoc|iPhoneSimulator.Build.0 = Release|Any CPU
		{6B3E208C-536B-4CCF-92A8-A70079C498D0}.Ad-Hoc|x64.ActiveCfg = Release|Any CPU
		{6B3E208C-536B-4CCF-92A8-A70079C498D0}.Ad-Hoc|x64.Build.0 = Release|Any CPU
		{6B3E208C-536B-4CCF-92A8-A70079C498D0}.Ad-Hoc|x86.ActiveCfg = Release|Any CPU
		{6B3E208C-536B-4CCF-92A8-A70079C498D0}.Ad-Hoc|x86.Build.0 = Release|Any CPU
		{6B3E208C-536B-4CCF-92A8-A70079C498D0}.AppStore|Any CPU.ActiveCfg = Release|Any CPU
		{6B3E208C-536B-4CCF-92A8-A70079C498D0}.AppStore|Any CPU.Build.0 = Release|Any CPU
		{6B3E208C-536B-4CCF-92A8-A70079C498D0}.AppStore|ARM.ActiveCfg = Release|Any CPU
		{6B3E208C-536B-4CCF-92A8-A70079C498D0}.AppStore|ARM.Build.0 = Release|Any CPU
		{6B3E208C-536B-4CCF-92A8-A70079C498D0}.AppStore|iPhone.ActiveCfg = Release|Any CPU
		{6B3E208C-536B-4CCF-92A8-A70079C498D0}.AppStore|iPhone.Build.0 = Release|Any CPU
		{6B3E208C-536B-4CCF-92A8-A70079C498D0}.AppStore|iPhoneSimulator.ActiveCfg = Release|Any CPU
		{6B3E208C-536B-4CCF-92A8-A70079C498D0}.AppStore|iPhoneSimulator.Build.0 = Release|Any CPU
		{6B3E208C-536B-4CCF-92A8-A70079C498D0}.AppStore|x64.ActiveCfg = Release|Any CPU
		{6B3E208C-536B-4CCF-92A8-A70079C498D0}.AppStore|x64.Build.0 = Release|Any CPU
		{6B3E208C-536B-4CCF-92A8-A70079C498D0}.AppStore|x86.ActiveCfg = Release|Any CPU
		{6B3E208C-536B-4CCF-92A8-A70079C498D0}.AppStore|x86.Build.0 = Release|Any CPU
		{6B3E208C-536B-4CCF-92A8-A70079C498D0}.Debug|Any CPU.ActiveCfg = Debug|Any CPU
		{6B3E208C-536B-4CCF-92A8-A70079C498D0}.Debug|Any CPU.Build.0 = Debug|Any CPU
		{6B3E208C-536B-4CCF-92A8-A70079C498D0}.Debug|Any CPU.Deploy.0 = Debug|Any CPU
		{6B3E208C-536B-4CCF-92A8-A70079C498D0}.Debug|ARM.ActiveCfg = Debug|Any CPU
		{6B3E208C-536B-4CCF-92A8-A70079C498D0}.Debug|ARM.Build.0 = Debug|Any CPU
		{6B3E208C-536B-4CCF-92A8-A70079C498D0}.Debug|iPhone.ActiveCfg = Debug|Any CPU
		{6B3E208C-536B-4CCF-92A8-A70079C498D0}.Debug|iPhone.Build.0 = Debug|Any CPU
		{6B3E208C-536B-4CCF-92A8-A70079C498D0}.Debug|iPhoneSimulator.ActiveCfg = Debug|Any CPU
		{6B3E208C-536B-4CCF-92A8-A70079C498D0}.Debug|iPhoneSimulator.Build.0 = Debug|Any CPU
		{6B3E208C-536B-4CCF-92A8-A70079C498D0}.Debug|x64.ActiveCfg = Debug|Any CPU
		{6B3E208C-536B-4CCF-92A8-A70079C498D0}.Debug|x64.Build.0 = Debug|Any CPU
		{6B3E208C-536B-4CCF-92A8-A70079C498D0}.Debug|x86.ActiveCfg = Debug|Any CPU
		{6B3E208C-536B-4CCF-92A8-A70079C498D0}.Debug|x86.Build.0 = Debug|Any CPU
		{6B3E208C-536B-4CCF-92A8-A70079C498D0}.Release|Any CPU.ActiveCfg = Release|Any CPU
		{6B3E208C-536B-4CCF-92A8-A70079C498D0}.Release|Any CPU.Build.0 = Release|Any CPU
		{6B3E208C-536B-4CCF-92A8-A70079C498D0}.Release|Any CPU.Deploy.0 = Release|Any CPU
		{6B3E208C-536B-4CCF-92A8-A70079C498D0}.Release|ARM.ActiveCfg = Release|Any CPU
		{6B3E208C-536B-4CCF-92A8-A70079C498D0}.Release|ARM.Build.0 = Release|Any CPU
		{6B3E208C-536B-4CCF-92A8-A70079C498D0}.Release|iPhone.ActiveCfg = Release|Any CPU
		{6B3E208C-536B-4CCF-92A8-A70079C498D0}.Release|iPhone.Build.0 = Release|Any CPU
		{6B3E208C-536B-4CCF-92A8-A70079C498D0}.Release|iPhoneSimulator.ActiveCfg = Release|Any CPU
		{6B3E208C-536B-4CCF-92A8-A70079C498D0}.Release|iPhoneSimulator.Build.0 = Release|Any CPU
		{6B3E208C-536B-4CCF-92A8-A70079C498D0}.Release|x64.ActiveCfg = Release|Any CPU
		{6B3E208C-536B-4CCF-92A8-A70079C498D0}.Release|x64.Build.0 = Release|Any CPU
		{6B3E208C-536B-4CCF-92A8-A70079C498D0}.Release|x86.ActiveCfg = Release|Any CPU
		{6B3E208C-536B-4CCF-92A8-A70079C498D0}.Release|x86.Build.0 = Release|Any CPU
		{C4B37B93-F8AE-45E0-9118-1E466AA266C1}.Ad-Hoc|Any CPU.ActiveCfg = Release|Any CPU
		{C4B37B93-F8AE-45E0-9118-1E466AA266C1}.Ad-Hoc|Any CPU.Build.0 = Release|Any CPU
		{C4B37B93-F8AE-45E0-9118-1E466AA266C1}.Ad-Hoc|ARM.ActiveCfg = Release|Any CPU
		{C4B37B93-F8AE-45E0-9118-1E466AA266C1}.Ad-Hoc|ARM.Build.0 = Release|Any CPU
		{C4B37B93-F8AE-45E0-9118-1E466AA266C1}.Ad-Hoc|iPhone.ActiveCfg = Release|Any CPU
		{C4B37B93-F8AE-45E0-9118-1E466AA266C1}.Ad-Hoc|iPhone.Build.0 = Release|Any CPU
		{C4B37B93-F8AE-45E0-9118-1E466AA266C1}.Ad-Hoc|iPhoneSimulator.ActiveCfg = Release|Any CPU
		{C4B37B93-F8AE-45E0-9118-1E466AA266C1}.Ad-Hoc|iPhoneSimulator.Build.0 = Release|Any CPU
		{C4B37B93-F8AE-45E0-9118-1E466AA266C1}.Ad-Hoc|x64.ActiveCfg = Release|Any CPU
		{C4B37B93-F8AE-45E0-9118-1E466AA266C1}.Ad-Hoc|x64.Build.0 = Release|Any CPU
		{C4B37B93-F8AE-45E0-9118-1E466AA266C1}.Ad-Hoc|x86.ActiveCfg = Release|Any CPU
		{C4B37B93-F8AE-45E0-9118-1E466AA266C1}.Ad-Hoc|x86.Build.0 = Release|Any CPU
		{C4B37B93-F8AE-45E0-9118-1E466AA266C1}.AppStore|Any CPU.ActiveCfg = Release|Any CPU
		{C4B37B93-F8AE-45E0-9118-1E466AA266C1}.AppStore|Any CPU.Build.0 = Release|Any CPU
		{C4B37B93-F8AE-45E0-9118-1E466AA266C1}.AppStore|ARM.ActiveCfg = Release|Any CPU
		{C4B37B93-F8AE-45E0-9118-1E466AA266C1}.AppStore|ARM.Build.0 = Release|Any CPU
		{C4B37B93-F8AE-45E0-9118-1E466AA266C1}.AppStore|iPhone.ActiveCfg = Release|Any CPU
		{C4B37B93-F8AE-45E0-9118-1E466AA266C1}.AppStore|iPhone.Build.0 = Release|Any CPU
		{C4B37B93-F8AE-45E0-9118-1E466AA266C1}.AppStore|iPhoneSimulator.ActiveCfg = Release|Any CPU
		{C4B37B93-F8AE-45E0-9118-1E466AA266C1}.AppStore|iPhoneSimulator.Build.0 = Release|Any CPU
		{C4B37B93-F8AE-45E0-9118-1E466AA266C1}.AppStore|x64.ActiveCfg = Release|Any CPU
		{C4B37B93-F8AE-45E0-9118-1E466AA266C1}.AppStore|x64.Build.0 = Release|Any CPU
		{C4B37B93-F8AE-45E0-9118-1E466AA266C1}.AppStore|x86.ActiveCfg = Release|Any CPU
		{C4B37B93-F8AE-45E0-9118-1E466AA266C1}.AppStore|x86.Build.0 = Release|Any CPU
		{C4B37B93-F8AE-45E0-9118-1E466AA266C1}.Debug|Any CPU.ActiveCfg = Debug|Any CPU
		{C4B37B93-F8AE-45E0-9118-1E466AA266C1}.Debug|Any CPU.Build.0 = Debug|Any CPU
		{C4B37B93-F8AE-45E0-9118-1E466AA266C1}.Debug|ARM.ActiveCfg = Debug|Any CPU
		{C4B37B93-F8AE-45E0-9118-1E466AA266C1}.Debug|ARM.Build.0 = Debug|Any CPU
		{C4B37B93-F8AE-45E0-9118-1E466AA266C1}.Debug|iPhone.ActiveCfg = Debug|Any CPU
		{C4B37B93-F8AE-45E0-9118-1E466AA266C1}.Debug|iPhone.Build.0 = Debug|Any CPU
		{C4B37B93-F8AE-45E0-9118-1E466AA266C1}.Debug|iPhoneSimulator.ActiveCfg = Debug|Any CPU
		{C4B37B93-F8AE-45E0-9118-1E466AA266C1}.Debug|iPhoneSimulator.Build.0 = Debug|Any CPU
		{C4B37B93-F8AE-45E0-9118-1E466AA266C1}.Debug|x64.ActiveCfg = Debug|Any CPU
		{C4B37B93-F8AE-45E0-9118-1E466AA266C1}.Debug|x64.Build.0 = Debug|Any CPU
		{C4B37B93-F8AE-45E0-9118-1E466AA266C1}.Debug|x86.ActiveCfg = Debug|Any CPU
		{C4B37B93-F8AE-45E0-9118-1E466AA266C1}.Debug|x86.Build.0 = Debug|Any CPU
		{C4B37B93-F8AE-45E0-9118-1E466AA266C1}.Release|Any CPU.ActiveCfg = Release|Any CPU
		{C4B37B93-F8AE-45E0-9118-1E466AA266C1}.Release|Any CPU.Build.0 = Release|Any CPU
		{C4B37B93-F8AE-45E0-9118-1E466AA266C1}.Release|ARM.ActiveCfg = Release|Any CPU
		{C4B37B93-F8AE-45E0-9118-1E466AA266C1}.Release|ARM.Build.0 = Release|Any CPU
		{C4B37B93-F8AE-45E0-9118-1E466AA266C1}.Release|iPhone.ActiveCfg = Release|Any CPU
		{C4B37B93-F8AE-45E0-9118-1E466AA266C1}.Release|iPhone.Build.0 = Release|Any CPU
		{C4B37B93-F8AE-45E0-9118-1E466AA266C1}.Release|iPhoneSimulator.ActiveCfg = Release|Any CPU
		{C4B37B93-F8AE-45E0-9118-1E466AA266C1}.Release|iPhoneSimulator.Build.0 = Release|Any CPU
		{C4B37B93-F8AE-45E0-9118-1E466AA266C1}.Release|x64.ActiveCfg = Release|Any CPU
		{C4B37B93-F8AE-45E0-9118-1E466AA266C1}.Release|x64.Build.0 = Release|Any CPU
		{C4B37B93-F8AE-45E0-9118-1E466AA266C1}.Release|x86.ActiveCfg = Release|Any CPU
		{C4B37B93-F8AE-45E0-9118-1E466AA266C1}.Release|x86.Build.0 = Release|Any CPU
		{3C6B64B0-938F-47D1-A5D5-E0B241478B5D}.Ad-Hoc|Any CPU.ActiveCfg = Release|x64
		{3C6B64B0-938F-47D1-A5D5-E0B241478B5D}.Ad-Hoc|Any CPU.Build.0 = Release|x64
		{3C6B64B0-938F-47D1-A5D5-E0B241478B5D}.Ad-Hoc|Any CPU.Deploy.0 = Release|x64
		{3C6B64B0-938F-47D1-A5D5-E0B241478B5D}.Ad-Hoc|ARM.ActiveCfg = Release|ARM
		{3C6B64B0-938F-47D1-A5D5-E0B241478B5D}.Ad-Hoc|ARM.Build.0 = Release|ARM
		{3C6B64B0-938F-47D1-A5D5-E0B241478B5D}.Ad-Hoc|ARM.Deploy.0 = Release|ARM
		{3C6B64B0-938F-47D1-A5D5-E0B241478B5D}.Ad-Hoc|ARM64.ActiveCfg = Release|ARM64
		{3C6B64B0-938F-47D1-A5D5-E0B241478B5D}.Ad-Hoc|ARM64.Build.0 = Release|ARM64
		{3C6B64B0-938F-47D1-A5D5-E0B241478B5D}.Ad-Hoc|ARM64.Deploy.0 = Release|ARM64
		{3C6B64B0-938F-47D1-A5D5-E0B241478B5D}.Ad-Hoc|iPhone.ActiveCfg = Release|x64
		{3C6B64B0-938F-47D1-A5D5-E0B241478B5D}.Ad-Hoc|iPhone.Build.0 = Release|x64
		{3C6B64B0-938F-47D1-A5D5-E0B241478B5D}.Ad-Hoc|iPhone.Deploy.0 = Release|x64
		{3C6B64B0-938F-47D1-A5D5-E0B241478B5D}.Ad-Hoc|iPhoneSimulator.ActiveCfg = Release|x64
		{3C6B64B0-938F-47D1-A5D5-E0B241478B5D}.Ad-Hoc|iPhoneSimulator.Build.0 = Release|x64
		{3C6B64B0-938F-47D1-A5D5-E0B241478B5D}.Ad-Hoc|iPhoneSimulator.Deploy.0 = Release|x64
		{3C6B64B0-938F-47D1-A5D5-E0B241478B5D}.Ad-Hoc|x64.ActiveCfg = Release|x64
		{3C6B64B0-938F-47D1-A5D5-E0B241478B5D}.Ad-Hoc|x64.Build.0 = Release|x64
		{3C6B64B0-938F-47D1-A5D5-E0B241478B5D}.Ad-Hoc|x64.Deploy.0 = Release|x64
		{3C6B64B0-938F-47D1-A5D5-E0B241478B5D}.Ad-Hoc|x86.ActiveCfg = Release|x86
		{3C6B64B0-938F-47D1-A5D5-E0B241478B5D}.Ad-Hoc|x86.Build.0 = Release|x86
		{3C6B64B0-938F-47D1-A5D5-E0B241478B5D}.Ad-Hoc|x86.Deploy.0 = Release|x86
		{3C6B64B0-938F-47D1-A5D5-E0B241478B5D}.AppStore|Any CPU.ActiveCfg = Release|x64
		{3C6B64B0-938F-47D1-A5D5-E0B241478B5D}.AppStore|Any CPU.Build.0 = Release|x64
		{3C6B64B0-938F-47D1-A5D5-E0B241478B5D}.AppStore|Any CPU.Deploy.0 = Release|x64
		{3C6B64B0-938F-47D1-A5D5-E0B241478B5D}.AppStore|ARM.ActiveCfg = Release|ARM
		{3C6B64B0-938F-47D1-A5D5-E0B241478B5D}.AppStore|ARM.Build.0 = Release|ARM
		{3C6B64B0-938F-47D1-A5D5-E0B241478B5D}.AppStore|ARM.Deploy.0 = Release|ARM
		{3C6B64B0-938F-47D1-A5D5-E0B241478B5D}.AppStore|ARM64.ActiveCfg = Release|ARM64
		{3C6B64B0-938F-47D1-A5D5-E0B241478B5D}.AppStore|ARM64.Build.0 = Release|ARM64
		{3C6B64B0-938F-47D1-A5D5-E0B241478B5D}.AppStore|ARM64.Deploy.0 = Release|ARM64
		{3C6B64B0-938F-47D1-A5D5-E0B241478B5D}.AppStore|iPhone.ActiveCfg = Release|x64
		{3C6B64B0-938F-47D1-A5D5-E0B241478B5D}.AppStore|iPhone.Build.0 = Release|x64
		{3C6B64B0-938F-47D1-A5D5-E0B241478B5D}.AppStore|iPhone.Deploy.0 = Release|x64
		{3C6B64B0-938F-47D1-A5D5-E0B241478B5D}.AppStore|iPhoneSimulator.ActiveCfg = Release|x64
		{3C6B64B0-938F-47D1-A5D5-E0B241478B5D}.AppStore|iPhoneSimulator.Build.0 = Release|x64
		{3C6B64B0-938F-47D1-A5D5-E0B241478B5D}.AppStore|iPhoneSimulator.Deploy.0 = Release|x64
		{3C6B64B0-938F-47D1-A5D5-E0B241478B5D}.AppStore|x64.ActiveCfg = Release|x64
		{3C6B64B0-938F-47D1-A5D5-E0B241478B5D}.AppStore|x64.Build.0 = Release|x64
		{3C6B64B0-938F-47D1-A5D5-E0B241478B5D}.AppStore|x64.Deploy.0 = Release|x64
		{3C6B64B0-938F-47D1-A5D5-E0B241478B5D}.AppStore|x86.ActiveCfg = Release|x86
		{3C6B64B0-938F-47D1-A5D5-E0B241478B5D}.AppStore|x86.Build.0 = Release|x86
		{3C6B64B0-938F-47D1-A5D5-E0B241478B5D}.AppStore|x86.Deploy.0 = Release|x86
		{3C6B64B0-938F-47D1-A5D5-E0B241478B5D}.Debug|Any CPU.ActiveCfg = Debug|x86
		{3C6B64B0-938F-47D1-A5D5-E0B241478B5D}.Debug|ARM.ActiveCfg = Debug|ARM
		{3C6B64B0-938F-47D1-A5D5-E0B241478B5D}.Debug|ARM.Build.0 = Debug|ARM
		{3C6B64B0-938F-47D1-A5D5-E0B241478B5D}.Debug|ARM.Deploy.0 = Debug|ARM
		{3C6B64B0-938F-47D1-A5D5-E0B241478B5D}.Debug|ARM64.ActiveCfg = Debug|ARM64
		{3C6B64B0-938F-47D1-A5D5-E0B241478B5D}.Debug|ARM64.Build.0 = Debug|ARM64
		{3C6B64B0-938F-47D1-A5D5-E0B241478B5D}.Debug|ARM64.Deploy.0 = Debug|ARM64
		{3C6B64B0-938F-47D1-A5D5-E0B241478B5D}.Debug|iPhone.ActiveCfg = Debug|x86
		{3C6B64B0-938F-47D1-A5D5-E0B241478B5D}.Debug|iPhoneSimulator.ActiveCfg = Debug|x86
		{3C6B64B0-938F-47D1-A5D5-E0B241478B5D}.Debug|x64.ActiveCfg = Debug|x64
		{3C6B64B0-938F-47D1-A5D5-E0B241478B5D}.Debug|x64.Build.0 = Debug|x64
		{3C6B64B0-938F-47D1-A5D5-E0B241478B5D}.Debug|x64.Deploy.0 = Debug|x64
		{3C6B64B0-938F-47D1-A5D5-E0B241478B5D}.Debug|x86.ActiveCfg = Debug|x86
		{3C6B64B0-938F-47D1-A5D5-E0B241478B5D}.Debug|x86.Build.0 = Debug|x86
		{3C6B64B0-938F-47D1-A5D5-E0B241478B5D}.Debug|x86.Deploy.0 = Debug|x86
		{3C6B64B0-938F-47D1-A5D5-E0B241478B5D}.Release|Any CPU.ActiveCfg = Release|x86
		{3C6B64B0-938F-47D1-A5D5-E0B241478B5D}.Release|ARM.ActiveCfg = Release|ARM
		{3C6B64B0-938F-47D1-A5D5-E0B241478B5D}.Release|ARM.Build.0 = Release|ARM
		{3C6B64B0-938F-47D1-A5D5-E0B241478B5D}.Release|ARM.Deploy.0 = Release|ARM
		{3C6B64B0-938F-47D1-A5D5-E0B241478B5D}.Release|ARM64.ActiveCfg = Release|ARM64
		{3C6B64B0-938F-47D1-A5D5-E0B241478B5D}.Release|ARM64.Build.0 = Release|ARM64
		{3C6B64B0-938F-47D1-A5D5-E0B241478B5D}.Release|ARM64.Deploy.0 = Release|ARM64
		{3C6B64B0-938F-47D1-A5D5-E0B241478B5D}.Release|iPhone.ActiveCfg = Release|x86
		{3C6B64B0-938F-47D1-A5D5-E0B241478B5D}.Release|iPhoneSimulator.ActiveCfg = Release|x86
		{3C6B64B0-938F-47D1-A5D5-E0B241478B5D}.Release|x64.ActiveCfg = Release|x64
		{3C6B64B0-938F-47D1-A5D5-E0B241478B5D}.Release|x64.Build.0 = Release|x64
		{3C6B64B0-938F-47D1-A5D5-E0B241478B5D}.Release|x64.Deploy.0 = Release|x64
		{3C6B64B0-938F-47D1-A5D5-E0B241478B5D}.Release|x86.ActiveCfg = Release|x86
		{3C6B64B0-938F-47D1-A5D5-E0B241478B5D}.Release|x86.Build.0 = Release|x86
		{3C6B64B0-938F-47D1-A5D5-E0B241478B5D}.Release|x86.Deploy.0 = Release|x86
	EndGlobalSection
	GlobalSection(SolutionProperties) = preSolution
		HideSolutionNode = FALSE
	EndGlobalSection
	GlobalSection(ExtensibilityGlobals) = postSolution
		SolutionGuid = {F6D05029-56B8-4E45-AF2D-0E76295DDBA2}
	EndGlobalSection
EndGlobal
