
Microsoft Visual Studio Solution File, Format Version 12.00
# Visual Studio 15
VisualStudioVersion = 15.0.26730.10
MinimumVisualStudioVersion = 10.0.40219.1

Project("{6EC3EE1D-3C4E-46DD-8F32-0CC8E7565705}") = "FabulousStyle", "FabulousStyle\FabulousStyle.fsproj", "{9CA2E23B-A192-4657-B165-E4444C87F46F}"
EndProject

Project("{F2A71F9B-5D33-465A-A702-920D77279786}") = "FabulousStyle.Android", "FabulousStyle.Android\FabulousStyle.Android.fsproj", "{B03847EE-0EF5-4214-9DB5-32FEE8488B2C}"
EndProject


Project("{F2A71F9B-5D33-465A-A702-920D77279786}") = "FabulousStyle.iOS", "FabulousStyle.iOS\FabulousStyle.iOS.fsproj", "{782B9C04-4F9A-4DE4-8F53-738C5324351D}"
EndProject




Global
	GlobalSection(SolutionConfigurationPlatforms) = preSolution
		Ad-Hoc|Any CPU = Ad-Hoc|Any CPU
		Ad-Hoc|ARM = Ad-Hoc|ARM
		Ad-Hoc|iPhone = Ad-Hoc|iPhone
		Ad-Hoc|iPhoneSimulator = Ad-Hoc|iPhoneSimulator
		Ad-Hoc|x64 = Ad-Hoc|x64
		Ad-Hoc|x86 = Ad-Hoc|x86
		AppStore|Any CPU = AppStore|Any CPU
		AppStore|ARM = AppStore|ARM
		AppStore|iPhone = AppStore|iPhone
		AppStore|iPhoneSimulator = AppStore|iPhoneSimulator
		AppStore|x64 = AppStore|x64
		AppStore|x86 = AppStore|x86
		Debug|Any CPU = Debug|Any CPU
		Debug|ARM = Debug|ARM
		Debug|iPhone = Debug|iPhone
		Debug|iPhoneSimulator = Debug|iPhoneSimulator
		Debug|x64 = Debug|x64
		Debug|x86 = Debug|x86
		Release|Any CPU = Release|Any CPU
		Release|ARM = Release|ARM
		Release|iPhone = Release|iPhone
		Release|iPhoneSimulator = Release|iPhoneSimulator
		Release|x64 = Release|x64
		Release|x86 = Release|x86
	EndGlobalSection
	GlobalSection(ProjectConfigurationPlatforms) = postSolution
		{9CA2E23B-A192-4657-B165-E4444C87F46F}.Ad-Hoc|Any CPU.ActiveCfg = Debug|Any CPU
		{9CA2E23B-A192-4657-B165-E4444C87F46F}.Ad-Hoc|Any CPU.Build.0 = Debug|Any CPU
		{9CA2E23B-A192-4657-B165-E4444C87F46F}.Ad-Hoc|ARM.ActiveCfg = Debug|Any CPU
		{9CA2E23B-A192-4657-B165-E4444C87F46F}.Ad-Hoc|ARM.Build.0 = Debug|Any CPU
		{9CA2E23B-A192-4657-B165-E4444C87F46F}.Ad-Hoc|iPhone.ActiveCfg = Debug|Any CPU
		{9CA2E23B-A192-4657-B165-E4444C87F46F}.Ad-Hoc|iPhone.Build.0 = Debug|Any CPU
		{9CA2E23B-A192-4657-B165-E4444C87F46F}.Ad-Hoc|iPhoneSimulator.ActiveCfg = Debug|Any CPU
		{9CA2E23B-A192-4657-B165-E4444C87F46F}.Ad-Hoc|iPhoneSimulator.Build.0 = Debug|Any CPU
		{9CA2E23B-A192-4657-B165-E4444C87F46F}.Ad-Hoc|x64.ActiveCfg = Debug|Any CPU
		{9CA2E23B-A192-4657-B165-E4444C87F46F}.Ad-Hoc|x64.Build.0 = Debug|Any CPU
		{9CA2E23B-A192-4657-B165-E4444C87F46F}.Ad-Hoc|x86.ActiveCfg = Debug|Any CPU
		{9CA2E23B-A192-4657-B165-E4444C87F46F}.Ad-Hoc|x86.Build.0 = Debug|Any CPU
		{9CA2E23B-A192-4657-B165-E4444C87F46F}.AppStore|Any CPU.ActiveCfg = Debug|Any CPU
		{9CA2E23B-A192-4657-B165-E4444C87F46F}.AppStore|Any CPU.Build.0 = Debug|Any CPU
		{9CA2E23B-A192-4657-B165-E4444C87F46F}.AppStore|ARM.ActiveCfg = Debug|Any CPU
		{9CA2E23B-A192-4657-B165-E4444C87F46F}.AppStore|ARM.Build.0 = Debug|Any CPU
		{9CA2E23B-A192-4657-B165-E4444C87F46F}.AppStore|iPhone.ActiveCfg = Debug|Any CPU
		{9CA2E23B-A192-4657-B165-E4444C87F46F}.AppStore|iPhone.Build.0 = Debug|Any CPU
		{9CA2E23B-A192-4657-B165-E4444C87F46F}.AppStore|iPhoneSimulator.ActiveCfg = Debug|Any CPU
		{9CA2E23B-A192-4657-B165-E4444C87F46F}.AppStore|iPhoneSimulator.Build.0 = Debug|Any CPU
		{9CA2E23B-A192-4657-B165-E4444C87F46F}.AppStore|x64.ActiveCfg = Debug|Any CPU
		{9CA2E23B-A192-4657-B165-E4444C87F46F}.AppStore|x64.Build.0 = Debug|Any CPU
		{9CA2E23B-A192-4657-B165-E4444C87F46F}.AppStore|x86.ActiveCfg = Debug|Any CPU
		{9CA2E23B-A192-4657-B165-E4444C87F46F}.AppStore|x86.Build.0 = Debug|Any CPU
		{9CA2E23B-A192-4657-B165-E4444C87F46F}.Debug|Any CPU.ActiveCfg = Debug|Any CPU
		{9CA2E23B-A192-4657-B165-E4444C87F46F}.Debug|Any CPU.Build.0 = Debug|Any CPU
		{9CA2E23B-A192-4657-B165-E4444C87F46F}.Debug|ARM.ActiveCfg = Debug|Any CPU
		{9CA2E23B-A192-4657-B165-E4444C87F46F}.Debug|ARM.Build.0 = Debug|Any CPU
		{9CA2E23B-A192-4657-B165-E4444C87F46F}.Debug|iPhone.ActiveCfg = Debug|Any CPU
		{9CA2E23B-A192-4657-B165-E4444C87F46F}.Debug|iPhone.Build.0 = Debug|Any CPU
		{9CA2E23B-A192-4657-B165-E4444C87F46F}.Debug|iPhoneSimulator.ActiveCfg = Debug|Any CPU
		{9CA2E23B-A192-4657-B165-E4444C87F46F}.Debug|iPhoneSimulator.Build.0 = Debug|Any CPU
		{9CA2E23B-A192-4657-B165-E4444C87F46F}.Debug|x64.ActiveCfg = Debug|Any CPU
		{9CA2E23B-A192-4657-B165-E4444C87F46F}.Debug|x64.Build.0 = Debug|Any CPU
		{9CA2E23B-A192-4657-B165-E4444C87F46F}.Debug|x86.ActiveCfg = Debug|Any CPU
		{9CA2E23B-A192-4657-B165-E4444C87F46F}.Debug|x86.Build.0 = Debug|Any CPU
		{9CA2E23B-A192-4657-B165-E4444C87F46F}.Release|Any CPU.ActiveCfg = Release|Any CPU
		{9CA2E23B-A192-4657-B165-E4444C87F46F}.Release|Any CPU.Build.0 = Release|Any CPU
		{9CA2E23B-A192-4657-B165-E4444C87F46F}.Release|ARM.ActiveCfg = Release|Any CPU
		{9CA2E23B-A192-4657-B165-E4444C87F46F}.Release|ARM.Build.0 = Release|Any CPU
		{9CA2E23B-A192-4657-B165-E4444C87F46F}.Release|iPhone.ActiveCfg = Release|Any CPU
		{9CA2E23B-A192-4657-B165-E4444C87F46F}.Release|iPhone.Build.0 = Release|Any CPU
		{9CA2E23B-A192-4657-B165-E4444C87F46F}.Release|iPhoneSimulator.ActiveCfg = Release|Any CPU
		{9CA2E23B-A192-4657-B165-E4444C87F46F}.Release|iPhoneSimulator.Build.0 = Release|Any CPU
		{9CA2E23B-A192-4657-B165-E4444C87F46F}.Release|x64.ActiveCfg = Release|Any CPU
		{9CA2E23B-A192-4657-B165-E4444C87F46F}.Release|x64.Build.0 = Release|Any CPU
		{9CA2E23B-A192-4657-B165-E4444C87F46F}.Release|x86.ActiveCfg = Release|Any CPU
		{9CA2E23B-A192-4657-B165-E4444C87F46F}.Release|x86.Build.0 = Release|Any CPU
		{782B9C04-4F9A-4DE4-8F53-738C5324351D}.Ad-Hoc|Any CPU.ActiveCfg = Ad-Hoc|iPhone
		{782B9C04-4F9A-4DE4-8F53-738C5324351D}.Ad-Hoc|ARM.ActiveCfg = Ad-Hoc|iPhone
		{782B9C04-4F9A-4DE4-8F53-738C5324351D}.Ad-Hoc|iPhone.ActiveCfg = Ad-Hoc|iPhone
		{782B9C04-4F9A-4DE4-8F53-738C5324351D}.Ad-Hoc|iPhone.Build.0 = Ad-Hoc|iPhone
		{782B9C04-4F9A-4DE4-8F53-738C5324351D}.Ad-Hoc|iPhoneSimulator.ActiveCfg = Ad-Hoc|iPhoneSimulator
		{782B9C04-4F9A-4DE4-8F53-738C5324351D}.Ad-Hoc|iPhoneSimulator.Build.0 = Ad-Hoc|iPhoneSimulator
		{782B9C04-4F9A-4DE4-8F53-738C5324351D}.Ad-Hoc|x64.ActiveCfg = Ad-Hoc|iPhone
		{782B9C04-4F9A-4DE4-8F53-738C5324351D}.Ad-Hoc|x86.ActiveCfg = Ad-Hoc|iPhone
		{782B9C04-4F9A-4DE4-8F53-738C5324351D}.AppStore|Any CPU.ActiveCfg = AppStore|iPhone
		{782B9C04-4F9A-4DE4-8F53-738C5324351D}.AppStore|ARM.ActiveCfg = AppStore|iPhone
		{782B9C04-4F9A-4DE4-8F53-738C5324351D}.AppStore|iPhone.ActiveCfg = AppStore|iPhone
		{782B9C04-4F9A-4DE4-8F53-738C5324351D}.AppStore|iPhone.Build.0 = AppStore|iPhone
		{782B9C04-4F9A-4DE4-8F53-738C5324351D}.AppStore|iPhoneSimulator.ActiveCfg = AppStore|iPhoneSimulator
		{782B9C04-4F9A-4DE4-8F53-738C5324351D}.AppStore|iPhoneSimulator.Build.0 = AppStore|iPhoneSimulator
		{782B9C04-4F9A-4DE4-8F53-738C5324351D}.AppStore|x64.ActiveCfg = AppStore|iPhone
		{782B9C04-4F9A-4DE4-8F53-738C5324351D}.AppStore|x86.ActiveCfg = AppStore|iPhone
		{782B9C04-4F9A-4DE4-8F53-738C5324351D}.Debug|Any CPU.ActiveCfg = Debug|iPhone
		{782B9C04-4F9A-4DE4-8F53-738C5324351D}.Debug|ARM.ActiveCfg = Debug|iPhone
		{782B9C04-4F9A-4DE4-8F53-738C5324351D}.Debug|iPhone.ActiveCfg = Debug|iPhone
		{782B9C04-4F9A-4DE4-8F53-738C5324351D}.Debug|iPhone.Build.0 = Debug|iPhone
		{782B9C04-4F9A-4DE4-8F53-738C5324351D}.Debug|iPhoneSimulator.ActiveCfg = Debug|iPhoneSimulator
		{782B9C04-4F9A-4DE4-8F53-738C5324351D}.Debug|iPhoneSimulator.Build.0 = Debug|iPhoneSimulator
		{782B9C04-4F9A-4DE4-8F53-738C5324351D}.Debug|x64.ActiveCfg = Debug|iPhone
		{782B9C04-4F9A-4DE4-8F53-738C5324351D}.Debug|x86.ActiveCfg = Debug|iPhone
		{782B9C04-4F9A-4DE4-8F53-738C5324351D}.Release|Any CPU.ActiveCfg = Release|iPhone
		{782B9C04-4F9A-4DE4-8F53-738C5324351D}.Release|ARM.ActiveCfg = Release|iPhone
		{782B9C04-4F9A-4DE4-8F53-738C5324351D}.Release|iPhone.ActiveCfg = Release|iPhone
		{782B9C04-4F9A-4DE4-8F53-738C5324351D}.Release|iPhone.Build.0 = Release|iPhone
		{782B9C04-4F9A-4DE4-8F53-738C5324351D}.Release|iPhoneSimulator.ActiveCfg = Release|iPhoneSimulator
		{782B9C04-4F9A-4DE4-8F53-738C5324351D}.Release|iPhoneSimulator.Build.0 = Release|iPhoneSimulator
		{782B9C04-4F9A-4DE4-8F53-738C5324351D}.Release|x64.ActiveCfg = Release|iPhone
		{782B9C04-4F9A-4DE4-8F53-738C5324351D}.Release|x86.ActiveCfg = Release|iPhone
		{F9F13A02-7DD9-452B-A6A0-701731C3D742}.Ad-Hoc|Any CPU.ActiveCfg = Release|x86
		{F9F13A02-7DD9-452B-A6A0-701731C3D742}.Ad-Hoc|Any CPU.Build.0 = Release|x86
		{F9F13A02-7DD9-452B-A6A0-701731C3D742}.Ad-Hoc|Any CPU.Deploy.0 = Release|x86
		{F9F13A02-7DD9-452B-A6A0-701731C3D742}.Ad-Hoc|ARM.ActiveCfg = Release|ARM
		{F9F13A02-7DD9-452B-A6A0-701731C3D742}.Ad-Hoc|ARM.Build.0 = Release|ARM
		{F9F13A02-7DD9-452B-A6A0-701731C3D742}.Ad-Hoc|ARM.Deploy.0 = Release|ARM
		{F9F13A02-7DD9-452B-A6A0-701731C3D742}.Ad-Hoc|iPhone.ActiveCfg = Release|x86
		{F9F13A02-7DD9-452B-A6A0-701731C3D742}.Ad-Hoc|iPhone.Build.0 = Release|x86
		{F9F13A02-7DD9-452B-A6A0-701731C3D742}.Ad-Hoc|iPhone.Deploy.0 = Release|x86
		{F9F13A02-7DD9-452B-A6A0-701731C3D742}.Ad-Hoc|iPhoneSimulator.ActiveCfg = Release|x86
		{F9F13A02-7DD9-452B-A6A0-701731C3D742}.Ad-Hoc|iPhoneSimulator.Build.0 = Release|x86
		{F9F13A02-7DD9-452B-A6A0-701731C3D742}.Ad-Hoc|iPhoneSimulator.Deploy.0 = Release|x86
		{F9F13A02-7DD9-452B-A6A0-701731C3D742}.Ad-Hoc|x64.ActiveCfg = Release|x64
		{F9F13A02-7DD9-452B-A6A0-701731C3D742}.Ad-Hoc|x64.Build.0 = Release|x64
		{F9F13A02-7DD9-452B-A6A0-701731C3D742}.Ad-Hoc|x64.Deploy.0 = Release|x64
		{F9F13A02-7DD9-452B-A6A0-701731C3D742}.Ad-Hoc|x86.ActiveCfg = Release|x86
		{F9F13A02-7DD9-452B-A6A0-701731C3D742}.Ad-Hoc|x86.Build.0 = Release|x86
		{F9F13A02-7DD9-452B-A6A0-701731C3D742}.Ad-Hoc|x86.Deploy.0 = Release|x86
		{F9F13A02-7DD9-452B-A6A0-701731C3D742}.AppStore|Any CPU.ActiveCfg = Release|x86
		{F9F13A02-7DD9-452B-A6A0-701731C3D742}.AppStore|Any CPU.Build.0 = Release|x86
		{F9F13A02-7DD9-452B-A6A0-701731C3D742}.AppStore|Any CPU.Deploy.0 = Release|x86
		{F9F13A02-7DD9-452B-A6A0-701731C3D742}.AppStore|ARM.ActiveCfg = Release|ARM
		{F9F13A02-7DD9-452B-A6A0-701731C3D742}.AppStore|ARM.Build.0 = Release|ARM
		{F9F13A02-7DD9-452B-A6A0-701731C3D742}.AppStore|ARM.Deploy.0 = Release|ARM
		{F9F13A02-7DD9-452B-A6A0-701731C3D742}.AppStore|iPhone.ActiveCfg = Release|x86
		{F9F13A02-7DD9-452B-A6A0-701731C3D742}.AppStore|iPhone.Build.0 = Release|x86
		{F9F13A02-7DD9-452B-A6A0-701731C3D742}.AppStore|iPhone.Deploy.0 = Release|x86
		{F9F13A02-7DD9-452B-A6A0-701731C3D742}.AppStore|iPhoneSimulator.ActiveCfg = Release|x86
		{F9F13A02-7DD9-452B-A6A0-701731C3D742}.AppStore|iPhoneSimulator.Build.0 = Release|x86
		{F9F13A02-7DD9-452B-A6A0-701731C3D742}.AppStore|iPhoneSimulator.Deploy.0 = Release|x86
		{F9F13A02-7DD9-452B-A6A0-701731C3D742}.AppStore|x64.ActiveCfg = Release|x64
		{F9F13A02-7DD9-452B-A6A0-701731C3D742}.AppStore|x64.Build.0 = Release|x64
		{F9F13A02-7DD9-452B-A6A0-701731C3D742}.AppStore|x64.Deploy.0 = Release|x64
		{F9F13A02-7DD9-452B-A6A0-701731C3D742}.AppStore|x86.ActiveCfg = Release|x86
		{F9F13A02-7DD9-452B-A6A0-701731C3D742}.AppStore|x86.Build.0 = Release|x86
		{F9F13A02-7DD9-452B-A6A0-701731C3D742}.AppStore|x86.Deploy.0 = Release|x86
		{F9F13A02-7DD9-452B-A6A0-701731C3D742}.Debug|Any CPU.ActiveCfg = Debug|x86
		{F9F13A02-7DD9-452B-A6A0-701731C3D742}.Debug|ARM.ActiveCfg = Debug|ARM
		{F9F13A02-7DD9-452B-A6A0-701731C3D742}.Debug|ARM.Build.0 = Debug|ARM
		{F9F13A02-7DD9-452B-A6A0-701731C3D742}.Debug|ARM.Deploy.0 = Debug|ARM
		{F9F13A02-7DD9-452B-A6A0-701731C3D742}.Debug|iPhone.ActiveCfg = Debug|x86
		{F9F13A02-7DD9-452B-A6A0-701731C3D742}.Debug|iPhoneSimulator.ActiveCfg = Debug|x86
		{F9F13A02-7DD9-452B-A6A0-701731C3D742}.Debug|x64.ActiveCfg = Debug|x64
		{F9F13A02-7DD9-452B-A6A0-701731C3D742}.Debug|x64.Build.0 = Debug|x64
		{F9F13A02-7DD9-452B-A6A0-701731C3D742}.Debug|x64.Deploy.0 = Debug|x64
		{F9F13A02-7DD9-452B-A6A0-701731C3D742}.Debug|x86.ActiveCfg = Debug|x86
		{F9F13A02-7DD9-452B-A6A0-701731C3D742}.Debug|x86.Build.0 = Debug|x86
		{F9F13A02-7DD9-452B-A6A0-701731C3D742}.Debug|x86.Deploy.0 = Debug|x86
		{F9F13A02-7DD9-452B-A6A0-701731C3D742}.Release|Any CPU.ActiveCfg = Release|x86
		{F9F13A02-7DD9-452B-A6A0-701731C3D742}.Release|ARM.ActiveCfg = Release|ARM
		{F9F13A02-7DD9-452B-A6A0-701731C3D742}.Release|ARM.Build.0 = Release|ARM
		{F9F13A02-7DD9-452B-A6A0-701731C3D742}.Release|ARM.Deploy.0 = Release|ARM
		{F9F13A02-7DD9-452B-A6A0-701731C3D742}.Release|iPhone.ActiveCfg = Release|x86
		{F9F13A02-7DD9-452B-A6A0-701731C3D742}.Release|iPhoneSimulator.ActiveCfg = Release|x86
		{F9F13A02-7DD9-452B-A6A0-701731C3D742}.Release|x64.ActiveCfg = Release|x64
		{F9F13A02-7DD9-452B-A6A0-701731C3D742}.Release|x64.Build.0 = Release|x64
		{F9F13A02-7DD9-452B-A6A0-701731C3D742}.Release|x64.Deploy.0 = Release|x64
		{F9F13A02-7DD9-452B-A6A0-701731C3D742}.Release|x86.ActiveCfg = Release|x86
		{F9F13A02-7DD9-452B-A6A0-701731C3D742}.Release|x86.Build.0 = Release|x86
		{F9F13A02-7DD9-452B-A6A0-701731C3D742}.Release|x86.Deploy.0 = Release|x86
		{3FA6C179-8CC1-40B8-B27D-DA2656F0B2A5}.Ad-Hoc|Any CPU.ActiveCfg = Release|Any CPU
		{3FA6C179-8CC1-40B8-B27D-DA2656F0B2A5}.Ad-Hoc|Any CPU.Build.0 = Release|Any CPU
		{3FA6C179-8CC1-40B8-B27D-DA2656F0B2A5}.Ad-Hoc|ARM.ActiveCfg = Release|Any CPU
		{3FA6C179-8CC1-40B8-B27D-DA2656F0B2A5}.Ad-Hoc|ARM.Build.0 = Release|Any CPU
		{3FA6C179-8CC1-40B8-B27D-DA2656F0B2A5}.Ad-Hoc|iPhone.ActiveCfg = Release|Any CPU
		{3FA6C179-8CC1-40B8-B27D-DA2656F0B2A5}.Ad-Hoc|iPhone.Build.0 = Release|Any CPU
		{3FA6C179-8CC1-40B8-B27D-DA2656F0B2A5}.Ad-Hoc|iPhoneSimulator.ActiveCfg = Release|Any CPU
		{3FA6C179-8CC1-40B8-B27D-DA2656F0B2A5}.Ad-Hoc|iPhoneSimulator.Build.0 = Release|Any CPU
		{3FA6C179-8CC1-40B8-B27D-DA2656F0B2A5}.Ad-Hoc|x64.ActiveCfg = Release|Any CPU
		{3FA6C179-8CC1-40B8-B27D-DA2656F0B2A5}.Ad-Hoc|x64.Build.0 = Release|Any CPU
		{3FA6C179-8CC1-40B8-B27D-DA2656F0B2A5}.Ad-Hoc|x86.ActiveCfg = Release|Any CPU
		{3FA6C179-8CC1-40B8-B27D-DA2656F0B2A5}.Ad-Hoc|x86.Build.0 = Release|Any CPU
		{3FA6C179-8CC1-40B8-B27D-DA2656F0B2A5}.AppStore|Any CPU.ActiveCfg = Release|Any CPU
		{3FA6C179-8CC1-40B8-B27D-DA2656F0B2A5}.AppStore|Any CPU.Build.0 = Release|Any CPU
		{3FA6C179-8CC1-40B8-B27D-DA2656F0B2A5}.AppStore|ARM.ActiveCfg = Release|Any CPU
		{3FA6C179-8CC1-40B8-B27D-DA2656F0B2A5}.AppStore|ARM.Build.0 = Release|Any CPU
		{3FA6C179-8CC1-40B8-B27D-DA2656F0B2A5}.AppStore|iPhone.ActiveCfg = Release|Any CPU
		{3FA6C179-8CC1-40B8-B27D-DA2656F0B2A5}.AppStore|iPhone.Build.0 = Release|Any CPU
		{3FA6C179-8CC1-40B8-B27D-DA2656F0B2A5}.AppStore|iPhoneSimulator.ActiveCfg = Release|Any CPU
		{3FA6C179-8CC1-40B8-B27D-DA2656F0B2A5}.AppStore|iPhoneSimulator.Build.0 = Release|Any CPU
		{3FA6C179-8CC1-40B8-B27D-DA2656F0B2A5}.AppStore|x64.ActiveCfg = Release|Any CPU
		{3FA6C179-8CC1-40B8-B27D-DA2656F0B2A5}.AppStore|x64.Build.0 = Release|Any CPU
		{3FA6C179-8CC1-40B8-B27D-DA2656F0B2A5}.AppStore|x86.ActiveCfg = Release|Any CPU
		{3FA6C179-8CC1-40B8-B27D-DA2656F0B2A5}.AppStore|x86.Build.0 = Release|Any CPU
		{3FA6C179-8CC1-40B8-B27D-DA2656F0B2A5}.Debug|Any CPU.ActiveCfg = Debug|Any CPU
		{3FA6C179-8CC1-40B8-B27D-DA2656F0B2A5}.Debug|Any CPU.Build.0 = Debug|Any CPU
		{3FA6C179-8CC1-40B8-B27D-DA2656F0B2A5}.Debug|ARM.ActiveCfg = Debug|Any CPU
		{3FA6C179-8CC1-40B8-B27D-DA2656F0B2A5}.Debug|ARM.Build.0 = Debug|Any CPU
		{3FA6C179-8CC1-40B8-B27D-DA2656F0B2A5}.Debug|iPhone.ActiveCfg = Debug|Any CPU
		{3FA6C179-8CC1-40B8-B27D-DA2656F0B2A5}.Debug|iPhone.Build.0 = Debug|Any CPU
		{3FA6C179-8CC1-40B8-B27D-DA2656F0B2A5}.Debug|iPhoneSimulator.ActiveCfg = Debug|Any CPU
		{3FA6C179-8CC1-40B8-B27D-DA2656F0B2A5}.Debug|iPhoneSimulator.Build.0 = Debug|Any CPU
		{3FA6C179-8CC1-40B8-B27D-DA2656F0B2A5}.Debug|x64.ActiveCfg = Debug|Any CPU
		{3FA6C179-8CC1-40B8-B27D-DA2656F0B2A5}.Debug|x64.Build.0 = Debug|Any CPU
		{3FA6C179-8CC1-40B8-B27D-DA2656F0B2A5}.Debug|x86.ActiveCfg = Debug|Any CPU
		{3FA6C179-8CC1-40B8-B27D-DA2656F0B2A5}.Debug|x86.Build.0 = Debug|Any CPU
		{3FA6C179-8CC1-40B8-B27D-DA2656F0B2A5}.Release|Any CPU.ActiveCfg = Release|Any CPU
		{3FA6C179-8CC1-40B8-B27D-DA2656F0B2A5}.Release|Any CPU.Build.0 = Release|Any CPU
		{3FA6C179-8CC1-40B8-B27D-DA2656F0B2A5}.Release|ARM.ActiveCfg = Release|Any CPU
		{3FA6C179-8CC1-40B8-B27D-DA2656F0B2A5}.Release|ARM.Build.0 = Release|Any CPU
		{3FA6C179-8CC1-40B8-B27D-DA2656F0B2A5}.Release|iPhone.ActiveCfg = Release|Any CPU
		{3FA6C179-8CC1-40B8-B27D-DA2656F0B2A5}.Release|iPhone.Build.0 = Release|Any CPU
		{3FA6C179-8CC1-40B8-B27D-DA2656F0B2A5}.Release|iPhoneSimulator.ActiveCfg = Release|Any CPU
		{3FA6C179-8CC1-40B8-B27D-DA2656F0B2A5}.Release|iPhoneSimulator.Build.0 = Release|Any CPU
		{3FA6C179-8CC1-40B8-B27D-DA2656F0B2A5}.Release|x64.ActiveCfg = Release|Any CPU
		{3FA6C179-8CC1-40B8-B27D-DA2656F0B2A5}.Release|x64.Build.0 = Release|Any CPU
		{3FA6C179-8CC1-40B8-B27D-DA2656F0B2A5}.Release|x86.ActiveCfg = Release|Any CPU
		{3FA6C179-8CC1-40B8-B27D-DA2656F0B2A5}.Release|x86.Build.0 = Release|Any CPU
		{755E8F14-7F27-4D9B-9B3F-FFD91AE92B5F}.Ad-Hoc|Any CPU.ActiveCfg = Release|Any CPU
		{755E8F14-7F27-4D9B-9B3F-FFD91AE92B5F}.Ad-Hoc|Any CPU.Build.0 = Release|Any CPU
		{755E8F14-7F27-4D9B-9B3F-FFD91AE92B5F}.Ad-Hoc|ARM.ActiveCfg = Release|Any CPU
		{755E8F14-7F27-4D9B-9B3F-FFD91AE92B5F}.Ad-Hoc|ARM.Build.0 = Release|Any CPU
		{755E8F14-7F27-4D9B-9B3F-FFD91AE92B5F}.Ad-Hoc|iPhone.ActiveCfg = Release|Any CPU
		{755E8F14-7F27-4D9B-9B3F-FFD91AE92B5F}.Ad-Hoc|iPhone.Build.0 = Release|Any CPU
		{755E8F14-7F27-4D9B-9B3F-FFD91AE92B5F}.Ad-Hoc|iPhoneSimulator.ActiveCfg = Release|Any CPU
		{755E8F14-7F27-4D9B-9B3F-FFD91AE92B5F}.Ad-Hoc|iPhoneSimulator.Build.0 = Release|Any CPU
		{755E8F14-7F27-4D9B-9B3F-FFD91AE92B5F}.Ad-Hoc|x64.ActiveCfg = Release|Any CPU
		{755E8F14-7F27-4D9B-9B3F-FFD91AE92B5F}.Ad-Hoc|x64.Build.0 = Release|Any CPU
		{755E8F14-7F27-4D9B-9B3F-FFD91AE92B5F}.Ad-Hoc|x86.ActiveCfg = Release|Any CPU
		{755E8F14-7F27-4D9B-9B3F-FFD91AE92B5F}.Ad-Hoc|x86.Build.0 = Release|Any CPU
		{755E8F14-7F27-4D9B-9B3F-FFD91AE92B5F}.AppStore|Any CPU.ActiveCfg = Release|Any CPU
		{755E8F14-7F27-4D9B-9B3F-FFD91AE92B5F}.AppStore|Any CPU.Build.0 = Release|Any CPU
		{755E8F14-7F27-4D9B-9B3F-FFD91AE92B5F}.AppStore|ARM.ActiveCfg = Release|Any CPU
		{755E8F14-7F27-4D9B-9B3F-FFD91AE92B5F}.AppStore|ARM.Build.0 = Release|Any CPU
		{755E8F14-7F27-4D9B-9B3F-FFD91AE92B5F}.AppStore|iPhone.ActiveCfg = Release|Any CPU
		{755E8F14-7F27-4D9B-9B3F-FFD91AE92B5F}.AppStore|iPhone.Build.0 = Release|Any CPU
		{755E8F14-7F27-4D9B-9B3F-FFD91AE92B5F}.AppStore|iPhoneSimulator.ActiveCfg = Release|Any CPU
		{755E8F14-7F27-4D9B-9B3F-FFD91AE92B5F}.AppStore|iPhoneSimulator.Build.0 = Release|Any CPU
		{755E8F14-7F27-4D9B-9B3F-FFD91AE92B5F}.AppStore|x64.ActiveCfg = Release|Any CPU
		{755E8F14-7F27-4D9B-9B3F-FFD91AE92B5F}.AppStore|x64.Build.0 = Release|Any CPU
		{755E8F14-7F27-4D9B-9B3F-FFD91AE92B5F}.AppStore|x86.ActiveCfg = Release|Any CPU
		{755E8F14-7F27-4D9B-9B3F-FFD91AE92B5F}.AppStore|x86.Build.0 = Release|Any CPU
		{755E8F14-7F27-4D9B-9B3F-FFD91AE92B5F}.Debug|Any CPU.ActiveCfg = Debug|Any CPU
		{755E8F14-7F27-4D9B-9B3F-FFD91AE92B5F}.Debug|Any CPU.Build.0 = Debug|Any CPU
		{755E8F14-7F27-4D9B-9B3F-FFD91AE92B5F}.Debug|ARM.ActiveCfg = Debug|Any CPU
		{755E8F14-7F27-4D9B-9B3F-FFD91AE92B5F}.Debug|ARM.Build.0 = Debug|Any CPU
		{755E8F14-7F27-4D9B-9B3F-FFD91AE92B5F}.Debug|iPhone.ActiveCfg = Debug|Any CPU
		{755E8F14-7F27-4D9B-9B3F-FFD91AE92B5F}.Debug|iPhone.Build.0 = Debug|Any CPU
		{755E8F14-7F27-4D9B-9B3F-FFD91AE92B5F}.Debug|iPhoneSimulator.ActiveCfg = Debug|Any CPU
		{755E8F14-7F27-4D9B-9B3F-FFD91AE92B5F}.Debug|iPhoneSimulator.Build.0 = Debug|Any CPU
		{755E8F14-7F27-4D9B-9B3F-FFD91AE92B5F}.Debug|x64.ActiveCfg = Debug|Any CPU
		{755E8F14-7F27-4D9B-9B3F-FFD91AE92B5F}.Debug|x64.Build.0 = Debug|Any CPU
		{755E8F14-7F27-4D9B-9B3F-FFD91AE92B5F}.Debug|x86.ActiveCfg = Debug|Any CPU
		{755E8F14-7F27-4D9B-9B3F-FFD91AE92B5F}.Debug|x86.Build.0 = Debug|Any CPU
		{755E8F14-7F27-4D9B-9B3F-FFD91AE92B5F}.Release|Any CPU.ActiveCfg = Release|Any CPU
		{755E8F14-7F27-4D9B-9B3F-FFD91AE92B5F}.Release|Any CPU.Build.0 = Release|Any CPU
		{755E8F14-7F27-4D9B-9B3F-FFD91AE92B5F}.Release|ARM.ActiveCfg = Release|Any CPU
		{755E8F14-7F27-4D9B-9B3F-FFD91AE92B5F}.Release|ARM.Build.0 = Release|Any CPU
		{755E8F14-7F27-4D9B-9B3F-FFD91AE92B5F}.Release|iPhone.ActiveCfg = Release|Any CPU
		{755E8F14-7F27-4D9B-9B3F-FFD91AE92B5F}.Release|iPhone.Build.0 = Release|Any CPU
		{755E8F14-7F27-4D9B-9B3F-FFD91AE92B5F}.Release|iPhoneSimulator.ActiveCfg = Release|Any CPU
		{755E8F14-7F27-4D9B-9B3F-FFD91AE92B5F}.Release|iPhoneSimulator.Build.0 = Release|Any CPU
		{755E8F14-7F27-4D9B-9B3F-FFD91AE92B5F}.Release|x64.ActiveCfg = Release|Any CPU
		{755E8F14-7F27-4D9B-9B3F-FFD91AE92B5F}.Release|x64.Build.0 = Release|Any CPU
		{755E8F14-7F27-4D9B-9B3F-FFD91AE92B5F}.Release|x86.ActiveCfg = Release|Any CPU
		{755E8F14-7F27-4D9B-9B3F-FFD91AE92B5F}.Release|x86.Build.0 = Release|Any CPU
		{B03847EE-0EF5-4214-9DB5-32FEE8488B2C}.Ad-Hoc|Any CPU.ActiveCfg = Release|Any CPU
		{B03847EE-0EF5-4214-9DB5-32FEE8488B2C}.Ad-Hoc|Any CPU.Build.0 = Release|Any CPU
		{B03847EE-0EF5-4214-9DB5-32FEE8488B2C}.Ad-Hoc|ARM.ActiveCfg = Release|Any CPU
		{B03847EE-0EF5-4214-9DB5-32FEE8488B2C}.Ad-Hoc|ARM.Build.0 = Release|Any CPU
		{B03847EE-0EF5-4214-9DB5-32FEE8488B2C}.Ad-Hoc|iPhone.ActiveCfg = Release|Any CPU
		{B03847EE-0EF5-4214-9DB5-32FEE8488B2C}.Ad-Hoc|iPhone.Build.0 = Release|Any CPU
		{B03847EE-0EF5-4214-9DB5-32FEE8488B2C}.Ad-Hoc|iPhoneSimulator.ActiveCfg = Release|Any CPU
		{B03847EE-0EF5-4214-9DB5-32FEE8488B2C}.Ad-Hoc|iPhoneSimulator.Build.0 = Release|Any CPU
		{B03847EE-0EF5-4214-9DB5-32FEE8488B2C}.Ad-Hoc|x64.ActiveCfg = Release|Any CPU
		{B03847EE-0EF5-4214-9DB5-32FEE8488B2C}.Ad-Hoc|x64.Build.0 = Release|Any CPU
		{B03847EE-0EF5-4214-9DB5-32FEE8488B2C}.Ad-Hoc|x86.ActiveCfg = Release|Any CPU
		{B03847EE-0EF5-4214-9DB5-32FEE8488B2C}.Ad-Hoc|x86.Build.0 = Release|Any CPU
		{B03847EE-0EF5-4214-9DB5-32FEE8488B2C}.AppStore|Any CPU.ActiveCfg = Release|Any CPU
		{B03847EE-0EF5-4214-9DB5-32FEE8488B2C}.AppStore|Any CPU.Build.0 = Release|Any CPU
		{B03847EE-0EF5-4214-9DB5-32FEE8488B2C}.AppStore|ARM.ActiveCfg = Release|Any CPU
		{B03847EE-0EF5-4214-9DB5-32FEE8488B2C}.AppStore|ARM.Build.0 = Release|Any CPU
		{B03847EE-0EF5-4214-9DB5-32FEE8488B2C}.AppStore|iPhone.ActiveCfg = Release|Any CPU
		{B03847EE-0EF5-4214-9DB5-32FEE8488B2C}.AppStore|iPhone.Build.0 = Release|Any CPU
		{B03847EE-0EF5-4214-9DB5-32FEE8488B2C}.AppStore|iPhoneSimulator.ActiveCfg = Release|Any CPU
		{B03847EE-0EF5-4214-9DB5-32FEE8488B2C}.AppStore|iPhoneSimulator.Build.0 = Release|Any CPU
		{B03847EE-0EF5-4214-9DB5-32FEE8488B2C}.AppStore|x64.ActiveCfg = Release|Any CPU
		{B03847EE-0EF5-4214-9DB5-32FEE8488B2C}.AppStore|x64.Build.0 = Release|Any CPU
		{B03847EE-0EF5-4214-9DB5-32FEE8488B2C}.AppStore|x86.ActiveCfg = Release|Any CPU
		{B03847EE-0EF5-4214-9DB5-32FEE8488B2C}.AppStore|x86.Build.0 = Release|Any CPU
		{B03847EE-0EF5-4214-9DB5-32FEE8488B2C}.Debug|Any CPU.ActiveCfg = Debug|Any CPU
		{B03847EE-0EF5-4214-9DB5-32FEE8488B2C}.Debug|Any CPU.Build.0 = Debug|Any CPU
		{B03847EE-0EF5-4214-9DB5-32FEE8488B2C}.Debug|Any CPU.Deploy.0 = Debug|Any CPU
		{B03847EE-0EF5-4214-9DB5-32FEE8488B2C}.Debug|ARM.ActiveCfg = Debug|Any CPU
		{B03847EE-0EF5-4214-9DB5-32FEE8488B2C}.Debug|ARM.Build.0 = Debug|Any CPU
		{B03847EE-0EF5-4214-9DB5-32FEE8488B2C}.Debug|iPhone.ActiveCfg = Debug|Any CPU
		{B03847EE-0EF5-4214-9DB5-32FEE8488B2C}.Debug|iPhone.Build.0 = Debug|Any CPU
		{B03847EE-0EF5-4214-9DB5-32FEE8488B2C}.Debug|iPhoneSimulator.ActiveCfg = Debug|Any CPU
		{B03847EE-0EF5-4214-9DB5-32FEE8488B2C}.Debug|iPhoneSimulator.Build.0 = Debug|Any CPU
		{B03847EE-0EF5-4214-9DB5-32FEE8488B2C}.Debug|x64.ActiveCfg = Debug|Any CPU
		{B03847EE-0EF5-4214-9DB5-32FEE8488B2C}.Debug|x64.Build.0 = Debug|Any CPU
		{B03847EE-0EF5-4214-9DB5-32FEE8488B2C}.Debug|x86.ActiveCfg = Debug|Any CPU
		{B03847EE-0EF5-4214-9DB5-32FEE8488B2C}.Debug|x86.Build.0 = Debug|Any CPU
		{B03847EE-0EF5-4214-9DB5-32FEE8488B2C}.Release|Any CPU.ActiveCfg = Release|Any CPU
		{B03847EE-0EF5-4214-9DB5-32FEE8488B2C}.Release|Any CPU.Build.0 = Release|Any CPU
		{B03847EE-0EF5-4214-9DB5-32FEE8488B2C}.Release|Any CPU.Deploy.0 = Release|Any CPU
		{B03847EE-0EF5-4214-9DB5-32FEE8488B2C}.Release|ARM.ActiveCfg = Release|Any CPU
		{B03847EE-0EF5-4214-9DB5-32FEE8488B2C}.Release|ARM.Build.0 = Release|Any CPU
		{B03847EE-0EF5-4214-9DB5-32FEE8488B2C}.Release|iPhone.ActiveCfg = Release|Any CPU
		{B03847EE-0EF5-4214-9DB5-32FEE8488B2C}.Release|iPhone.Build.0 = Release|Any CPU
		{B03847EE-0EF5-4214-9DB5-32FEE8488B2C}.Release|iPhoneSimulator.ActiveCfg = Release|Any CPU
		{B03847EE-0EF5-4214-9DB5-32FEE8488B2C}.Release|iPhoneSimulator.Build.0 = Release|Any CPU
		{B03847EE-0EF5-4214-9DB5-32FEE8488B2C}.Release|x64.ActiveCfg = Release|Any CPU
		{B03847EE-0EF5-4214-9DB5-32FEE8488B2C}.Release|x64.Build.0 = Release|Any CPU
		{B03847EE-0EF5-4214-9DB5-32FEE8488B2C}.Release|x86.ActiveCfg = Release|Any CPU
		{B03847EE-0EF5-4214-9DB5-32FEE8488B2C}.Release|x86.Build.0 = Release|Any CPU
		{79D6A705-5D89-4617-82EA-CE17D59B9FF4}.Ad-Hoc|Any CPU.ActiveCfg = Release|Any CPU
		{79D6A705-5D89-4617-82EA-CE17D59B9FF4}.Ad-Hoc|Any CPU.Build.0 = Release|Any CPU
		{79D6A705-5D89-4617-82EA-CE17D59B9FF4}.Ad-Hoc|ARM.ActiveCfg = Release|Any CPU
		{79D6A705-5D89-4617-82EA-CE17D59B9FF4}.Ad-Hoc|ARM.Build.0 = Release|Any CPU
		{79D6A705-5D89-4617-82EA-CE17D59B9FF4}.Ad-Hoc|iPhone.ActiveCfg = Release|Any CPU
		{79D6A705-5D89-4617-82EA-CE17D59B9FF4}.Ad-Hoc|iPhone.Build.0 = Release|Any CPU
		{79D6A705-5D89-4617-82EA-CE17D59B9FF4}.Ad-Hoc|iPhoneSimulator.ActiveCfg = Release|Any CPU
		{79D6A705-5D89-4617-82EA-CE17D59B9FF4}.Ad-Hoc|iPhoneSimulator.Build.0 = Release|Any CPU
		{79D6A705-5D89-4617-82EA-CE17D59B9FF4}.Ad-Hoc|x64.ActiveCfg = Release|Any CPU
		{79D6A705-5D89-4617-82EA-CE17D59B9FF4}.Ad-Hoc|x64.Build.0 = Release|Any CPU
		{79D6A705-5D89-4617-82EA-CE17D59B9FF4}.Ad-Hoc|x86.ActiveCfg = Release|Any CPU
		{79D6A705-5D89-4617-82EA-CE17D59B9FF4}.Ad-Hoc|x86.Build.0 = Release|Any CPU
		{79D6A705-5D89-4617-82EA-CE17D59B9FF4}.AppStore|Any CPU.ActiveCfg = Release|Any CPU
		{79D6A705-5D89-4617-82EA-CE17D59B9FF4}.AppStore|Any CPU.Build.0 = Release|Any CPU
		{79D6A705-5D89-4617-82EA-CE17D59B9FF4}.AppStore|ARM.ActiveCfg = Release|Any CPU
		{79D6A705-5D89-4617-82EA-CE17D59B9FF4}.AppStore|ARM.Build.0 = Release|Any CPU
		{79D6A705-5D89-4617-82EA-CE17D59B9FF4}.AppStore|iPhone.ActiveCfg = Release|Any CPU
		{79D6A705-5D89-4617-82EA-CE17D59B9FF4}.AppStore|iPhone.Build.0 = Release|Any CPU
		{79D6A705-5D89-4617-82EA-CE17D59B9FF4}.AppStore|iPhoneSimulator.ActiveCfg = Release|Any CPU
		{79D6A705-5D89-4617-82EA-CE17D59B9FF4}.AppStore|iPhoneSimulator.Build.0 = Release|Any CPU
		{79D6A705-5D89-4617-82EA-CE17D59B9FF4}.AppStore|x64.ActiveCfg = Release|Any CPU
		{79D6A705-5D89-4617-82EA-CE17D59B9FF4}.AppStore|x64.Build.0 = Release|Any CPU
		{79D6A705-5D89-4617-82EA-CE17D59B9FF4}.AppStore|x86.ActiveCfg = Release|Any CPU
		{79D6A705-5D89-4617-82EA-CE17D59B9FF4}.AppStore|x86.Build.0 = Release|Any CPU
		{79D6A705-5D89-4617-82EA-CE17D59B9FF4}.Debug|Any CPU.ActiveCfg = Debug|Any CPU
		{79D6A705-5D89-4617-82EA-CE17D59B9FF4}.Debug|Any CPU.Build.0 = Debug|Any CPU
		{79D6A705-5D89-4617-82EA-CE17D59B9FF4}.Debug|ARM.ActiveCfg = Debug|Any CPU
		{79D6A705-5D89-4617-82EA-CE17D59B9FF4}.Debug|ARM.Build.0 = Debug|Any CPU
		{79D6A705-5D89-4617-82EA-CE17D59B9FF4}.Debug|iPhone.ActiveCfg = Debug|Any CPU
		{79D6A705-5D89-4617-82EA-CE17D59B9FF4}.Debug|iPhone.Build.0 = Debug|Any CPU
		{79D6A705-5D89-4617-82EA-CE17D59B9FF4}.Debug|iPhoneSimulator.ActiveCfg = Debug|Any CPU
		{79D6A705-5D89-4617-82EA-CE17D59B9FF4}.Debug|iPhoneSimulator.Build.0 = Debug|Any CPU
		{79D6A705-5D89-4617-82EA-CE17D59B9FF4}.Debug|x64.ActiveCfg = Debug|Any CPU
		{79D6A705-5D89-4617-82EA-CE17D59B9FF4}.Debug|x64.Build.0 = Debug|Any CPU
		{79D6A705-5D89-4617-82EA-CE17D59B9FF4}.Debug|x86.ActiveCfg = Debug|Any CPU
		{79D6A705-5D89-4617-82EA-CE17D59B9FF4}.Debug|x86.Build.0 = Debug|Any CPU
		{79D6A705-5D89-4617-82EA-CE17D59B9FF4}.Release|Any CPU.ActiveCfg = Release|Any CPU
		{79D6A705-5D89-4617-82EA-CE17D59B9FF4}.Release|Any CPU.Build.0 = Release|Any CPU
		{79D6A705-5D89-4617-82EA-CE17D59B9FF4}.Release|ARM.ActiveCfg = Release|Any CPU
		{79D6A705-5D89-4617-82EA-CE17D59B9FF4}.Release|ARM.Build.0 = Release|Any CPU
		{79D6A705-5D89-4617-82EA-CE17D59B9FF4}.Release|iPhone.ActiveCfg = Release|Any CPU
		{79D6A705-5D89-4617-82EA-CE17D59B9FF4}.Release|iPhone.Build.0 = Release|Any CPU
		{79D6A705-5D89-4617-82EA-CE17D59B9FF4}.Release|iPhoneSimulator.ActiveCfg = Release|Any CPU
		{79D6A705-5D89-4617-82EA-CE17D59B9FF4}.Release|iPhoneSimulator.Build.0 = Release|Any CPU
		{79D6A705-5D89-4617-82EA-CE17D59B9FF4}.Release|x64.ActiveCfg = Release|Any CPU
		{79D6A705-5D89-4617-82EA-CE17D59B9FF4}.Release|x64.Build.0 = Release|Any CPU
		{79D6A705-5D89-4617-82EA-CE17D59B9FF4}.Release|x86.ActiveCfg = Release|Any CPU
		{79D6A705-5D89-4617-82EA-CE17D59B9FF4}.Release|x86.Build.0 = Release|Any CPU
		{29F1B74E-0BB2-4FA5-B099-15233B9E5267}.Ad-Hoc|Any CPU.ActiveCfg = Release|x64
		{29F1B74E-0BB2-4FA5-B099-15233B9E5267}.Ad-Hoc|Any CPU.Build.0 = Release|x64
		{29F1B74E-0BB2-4FA5-B099-15233B9E5267}.Ad-Hoc|Any CPU.Deploy.0 = Release|x64
		{29F1B74E-0BB2-4FA5-B099-15233B9E5267}.Ad-Hoc|ARM.ActiveCfg = Release|ARM
		{29F1B74E-0BB2-4FA5-B099-15233B9E5267}.Ad-Hoc|ARM.Build.0 = Release|ARM
		{29F1B74E-0BB2-4FA5-B099-15233B9E5267}.Ad-Hoc|ARM.Deploy.0 = Release|ARM
		{29F1B74E-0BB2-4FA5-B099-15233B9E5267}.Ad-Hoc|ARM64.ActiveCfg = Release|ARM64
		{29F1B74E-0BB2-4FA5-B099-15233B9E5267}.Ad-Hoc|ARM64.Build.0 = Release|ARM64
		{29F1B74E-0BB2-4FA5-B099-15233B9E5267}.Ad-Hoc|ARM64.Deploy.0 = Release|ARM64
		{29F1B74E-0BB2-4FA5-B099-15233B9E5267}.Ad-Hoc|iPhone.ActiveCfg = Release|x64
		{29F1B74E-0BB2-4FA5-B099-15233B9E5267}.Ad-Hoc|iPhone.Build.0 = Release|x64
		{29F1B74E-0BB2-4FA5-B099-15233B9E5267}.Ad-Hoc|iPhone.Deploy.0 = Release|x64
		{29F1B74E-0BB2-4FA5-B099-15233B9E5267}.Ad-Hoc|iPhoneSimulator.ActiveCfg = Release|x64
		{29F1B74E-0BB2-4FA5-B099-15233B9E5267}.Ad-Hoc|iPhoneSimulator.Build.0 = Release|x64
		{29F1B74E-0BB2-4FA5-B099-15233B9E5267}.Ad-Hoc|iPhoneSimulator.Deploy.0 = Release|x64
		{29F1B74E-0BB2-4FA5-B099-15233B9E5267}.Ad-Hoc|x64.ActiveCfg = Release|x64
		{29F1B74E-0BB2-4FA5-B099-15233B9E5267}.Ad-Hoc|x64.Build.0 = Release|x64
		{29F1B74E-0BB2-4FA5-B099-15233B9E5267}.Ad-Hoc|x64.Deploy.0 = Release|x64
		{29F1B74E-0BB2-4FA5-B099-15233B9E5267}.Ad-Hoc|x86.ActiveCfg = Release|x86
		{29F1B74E-0BB2-4FA5-B099-15233B9E5267}.Ad-Hoc|x86.Build.0 = Release|x86
		{29F1B74E-0BB2-4FA5-B099-15233B9E5267}.Ad-Hoc|x86.Deploy.0 = Release|x86
		{29F1B74E-0BB2-4FA5-B099-15233B9E5267}.AppStore|Any CPU.ActiveCfg = Release|x64
		{29F1B74E-0BB2-4FA5-B099-15233B9E5267}.AppStore|Any CPU.Build.0 = Release|x64
		{29F1B74E-0BB2-4FA5-B099-15233B9E5267}.AppStore|Any CPU.Deploy.0 = Release|x64
		{29F1B74E-0BB2-4FA5-B099-15233B9E5267}.AppStore|ARM.ActiveCfg = Release|ARM
		{29F1B74E-0BB2-4FA5-B099-15233B9E5267}.AppStore|ARM.Build.0 = Release|ARM
		{29F1B74E-0BB2-4FA5-B099-15233B9E5267}.AppStore|ARM.Deploy.0 = Release|ARM
		{29F1B74E-0BB2-4FA5-B099-15233B9E5267}.AppStore|ARM64.ActiveCfg = Release|ARM64
		{29F1B74E-0BB2-4FA5-B099-15233B9E5267}.AppStore|ARM64.Build.0 = Release|ARM64
		{29F1B74E-0BB2-4FA5-B099-15233B9E5267}.AppStore|ARM64.Deploy.0 = Release|ARM64
		{29F1B74E-0BB2-4FA5-B099-15233B9E5267}.AppStore|iPhone.ActiveCfg = Release|x64
		{29F1B74E-0BB2-4FA5-B099-15233B9E5267}.AppStore|iPhone.Build.0 = Release|x64
		{29F1B74E-0BB2-4FA5-B099-15233B9E5267}.AppStore|iPhone.Deploy.0 = Release|x64
		{29F1B74E-0BB2-4FA5-B099-15233B9E5267}.AppStore|iPhoneSimulator.ActiveCfg = Release|x64
		{29F1B74E-0BB2-4FA5-B099-15233B9E5267}.AppStore|iPhoneSimulator.Build.0 = Release|x64
		{29F1B74E-0BB2-4FA5-B099-15233B9E5267}.AppStore|iPhoneSimulator.Deploy.0 = Release|x64
		{29F1B74E-0BB2-4FA5-B099-15233B9E5267}.AppStore|x64.ActiveCfg = Release|x64
		{29F1B74E-0BB2-4FA5-B099-15233B9E5267}.AppStore|x64.Build.0 = Release|x64
		{29F1B74E-0BB2-4FA5-B099-15233B9E5267}.AppStore|x64.Deploy.0 = Release|x64
		{29F1B74E-0BB2-4FA5-B099-15233B9E5267}.AppStore|x86.ActiveCfg = Release|x86
		{29F1B74E-0BB2-4FA5-B099-15233B9E5267}.AppStore|x86.Build.0 = Release|x86
		{29F1B74E-0BB2-4FA5-B099-15233B9E5267}.AppStore|x86.Deploy.0 = Release|x86
		{29F1B74E-0BB2-4FA5-B099-15233B9E5267}.Debug|Any CPU.ActiveCfg = Debug|x86
		{29F1B74E-0BB2-4FA5-B099-15233B9E5267}.Debug|ARM.ActiveCfg = Debug|ARM
		{29F1B74E-0BB2-4FA5-B099-15233B9E5267}.Debug|ARM.Build.0 = Debug|ARM
		{29F1B74E-0BB2-4FA5-B099-15233B9E5267}.Debug|ARM.Deploy.0 = Debug|ARM
		{29F1B74E-0BB2-4FA5-B099-15233B9E5267}.Debug|ARM64.ActiveCfg = Debug|ARM64
		{29F1B74E-0BB2-4FA5-B099-15233B9E5267}.Debug|ARM64.Build.0 = Debug|ARM64
		{29F1B74E-0BB2-4FA5-B099-15233B9E5267}.Debug|ARM64.Deploy.0 = Debug|ARM64
		{29F1B74E-0BB2-4FA5-B099-15233B9E5267}.Debug|iPhone.ActiveCfg = Debug|x86
		{29F1B74E-0BB2-4FA5-B099-15233B9E5267}.Debug|iPhoneSimulator.ActiveCfg = Debug|x86
		{29F1B74E-0BB2-4FA5-B099-15233B9E5267}.Debug|x64.ActiveCfg = Debug|x64
		{29F1B74E-0BB2-4FA5-B099-15233B9E5267}.Debug|x64.Build.0 = Debug|x64
		{29F1B74E-0BB2-4FA5-B099-15233B9E5267}.Debug|x64.Deploy.0 = Debug|x64
		{29F1B74E-0BB2-4FA5-B099-15233B9E5267}.Debug|x86.ActiveCfg = Debug|x86
		{29F1B74E-0BB2-4FA5-B099-15233B9E5267}.Debug|x86.Build.0 = Debug|x86
		{29F1B74E-0BB2-4FA5-B099-15233B9E5267}.Debug|x86.Deploy.0 = Debug|x86
		{29F1B74E-0BB2-4FA5-B099-15233B9E5267}.Release|Any CPU.ActiveCfg = Release|x86
		{29F1B74E-0BB2-4FA5-B099-15233B9E5267}.Release|ARM.ActiveCfg = Release|ARM
		{29F1B74E-0BB2-4FA5-B099-15233B9E5267}.Release|ARM.Build.0 = Release|ARM
		{29F1B74E-0BB2-4FA5-B099-15233B9E5267}.Release|ARM.Deploy.0 = Release|ARM
		{29F1B74E-0BB2-4FA5-B099-15233B9E5267}.Release|ARM64.ActiveCfg = Release|ARM64
		{29F1B74E-0BB2-4FA5-B099-15233B9E5267}.Release|ARM64.Build.0 = Release|ARM64
		{29F1B74E-0BB2-4FA5-B099-15233B9E5267}.Release|ARM64.Deploy.0 = Release|ARM64
		{29F1B74E-0BB2-4FA5-B099-15233B9E5267}.Release|iPhone.ActiveCfg = Release|x86
		{29F1B74E-0BB2-4FA5-B099-15233B9E5267}.Release|iPhoneSimulator.ActiveCfg = Release|x86
		{29F1B74E-0BB2-4FA5-B099-15233B9E5267}.Release|x64.ActiveCfg = Release|x64
		{29F1B74E-0BB2-4FA5-B099-15233B9E5267}.Release|x64.Build.0 = Release|x64
		{29F1B74E-0BB2-4FA5-B099-15233B9E5267}.Release|x64.Deploy.0 = Release|x64
		{29F1B74E-0BB2-4FA5-B099-15233B9E5267}.Release|x86.ActiveCfg = Release|x86
		{29F1B74E-0BB2-4FA5-B099-15233B9E5267}.Release|x86.Build.0 = Release|x86
		{29F1B74E-0BB2-4FA5-B099-15233B9E5267}.Release|x86.Deploy.0 = Release|x86
	EndGlobalSection
	GlobalSection(SolutionProperties) = preSolution
		HideSolutionNode = FALSE
	EndGlobalSection
	GlobalSection(ExtensibilityGlobals) = postSolution
		SolutionGuid = {F6D05029-56B8-4E45-AF2D-0E76295DDBA2}
	EndGlobalSection
EndGlobal
