
Microsoft Visual Studio Solution File, Format Version 12.00
# Visual Studio 15
VisualStudioVersion = 15.0.26730.10
MinimumVisualStudioVersion = 10.0.40219.1

Project("{6EC3EE1D-3C4E-46DD-8F32-0CC8E7565705}") = "HelloEverydayFabulous", "HelloEverydayFabulous\HelloEverydayFabulous.fsproj", "{0B85B23A-0048-46E7-86D2-00F0287CB919}"
EndProject

Project("{F2A71F9B-5D33-465A-A702-920D77279786}") = "HelloEverydayFabulous.Android", "HelloEverydayFabulous.Android\HelloEverydayFabulous.Android.fsproj", "{9A9E10F4-2847-46A1-BF9E-2F7371A35F6F}"
EndProject


Project("{F2A71F9B-5D33-465A-A702-920D77279786}") = "HelloEverydayFabulous.iOS", "HelloEverydayFabulous.iOS\HelloEverydayFabulous.iOS.fsproj", "{3B982F69-1A98-495A-A786-ACF295A82A1A}"
EndProject




Global
	GlobalSection(SolutionConfigurationPlatforms) = preSolution
		Ad-Hoc|Any CPU = Ad-Hoc|Any CPU
		Ad-Hoc|ARM = Ad-Hoc|ARM
		Ad-Hoc|iPhone = Ad-Hoc|iPhone
		Ad-Hoc|iPhoneSimulator = Ad-Hoc|iPhoneSimulator
		Ad-Hoc|x64 = Ad-Hoc|x64
		Ad-Hoc|x86 = Ad-Hoc|x86
		AppStore|Any CPU = AppStore|Any CPU
		AppStore|ARM = AppStore|ARM
		AppStore|iPhone = AppStore|iPhone
		AppStore|iPhoneSimulator = AppStore|iPhoneSimulator
		AppStore|x64 = AppStore|x64
		AppStore|x86 = AppStore|x86
		Debug|Any CPU = Debug|Any CPU
		Debug|ARM = Debug|ARM
		Debug|iPhone = Debug|iPhone
		Debug|iPhoneSimulator = Debug|iPhoneSimulator
		Debug|x64 = Debug|x64
		Debug|x86 = Debug|x86
		Release|Any CPU = Release|Any CPU
		Release|ARM = Release|ARM
		Release|iPhone = Release|iPhone
		Release|iPhoneSimulator = Release|iPhoneSimulator
		Release|x64 = Release|x64
		Release|x86 = Release|x86
	EndGlobalSection
	GlobalSection(ProjectConfigurationPlatforms) = postSolution
		{0B85B23A-0048-46E7-86D2-00F0287CB919}.Ad-Hoc|Any CPU.ActiveCfg = Debug|Any CPU
		{0B85B23A-0048-46E7-86D2-00F0287CB919}.Ad-Hoc|Any CPU.Build.0 = Debug|Any CPU
		{0B85B23A-0048-46E7-86D2-00F0287CB919}.Ad-Hoc|ARM.ActiveCfg = Debug|Any CPU
		{0B85B23A-0048-46E7-86D2-00F0287CB919}.Ad-Hoc|ARM.Build.0 = Debug|Any CPU
		{0B85B23A-0048-46E7-86D2-00F0287CB919}.Ad-Hoc|iPhone.ActiveCfg = Debug|Any CPU
		{0B85B23A-0048-46E7-86D2-00F0287CB919}.Ad-Hoc|iPhone.Build.0 = Debug|Any CPU
		{0B85B23A-0048-46E7-86D2-00F0287CB919}.Ad-Hoc|iPhoneSimulator.ActiveCfg = Debug|Any CPU
		{0B85B23A-0048-46E7-86D2-00F0287CB919}.Ad-Hoc|iPhoneSimulator.Build.0 = Debug|Any CPU
		{0B85B23A-0048-46E7-86D2-00F0287CB919}.Ad-Hoc|x64.ActiveCfg = Debug|Any CPU
		{0B85B23A-0048-46E7-86D2-00F0287CB919}.Ad-Hoc|x64.Build.0 = Debug|Any CPU
		{0B85B23A-0048-46E7-86D2-00F0287CB919}.Ad-Hoc|x86.ActiveCfg = Debug|Any CPU
		{0B85B23A-0048-46E7-86D2-00F0287CB919}.Ad-Hoc|x86.Build.0 = Debug|Any CPU
		{0B85B23A-0048-46E7-86D2-00F0287CB919}.AppStore|Any CPU.ActiveCfg = Debug|Any CPU
		{0B85B23A-0048-46E7-86D2-00F0287CB919}.AppStore|Any CPU.Build.0 = Debug|Any CPU
		{0B85B23A-0048-46E7-86D2-00F0287CB919}.AppStore|ARM.ActiveCfg = Debug|Any CPU
		{0B85B23A-0048-46E7-86D2-00F0287CB919}.AppStore|ARM.Build.0 = Debug|Any CPU
		{0B85B23A-0048-46E7-86D2-00F0287CB919}.AppStore|iPhone.ActiveCfg = Debug|Any CPU
		{0B85B23A-0048-46E7-86D2-00F0287CB919}.AppStore|iPhone.Build.0 = Debug|Any CPU
		{0B85B23A-0048-46E7-86D2-00F0287CB919}.AppStore|iPhoneSimulator.ActiveCfg = Debug|Any CPU
		{0B85B23A-0048-46E7-86D2-00F0287CB919}.AppStore|iPhoneSimulator.Build.0 = Debug|Any CPU
		{0B85B23A-0048-46E7-86D2-00F0287CB919}.AppStore|x64.ActiveCfg = Debug|Any CPU
		{0B85B23A-0048-46E7-86D2-00F0287CB919}.AppStore|x64.Build.0 = Debug|Any CPU
		{0B85B23A-0048-46E7-86D2-00F0287CB919}.AppStore|x86.ActiveCfg = Debug|Any CPU
		{0B85B23A-0048-46E7-86D2-00F0287CB919}.AppStore|x86.Build.0 = Debug|Any CPU
		{0B85B23A-0048-46E7-86D2-00F0287CB919}.Debug|Any CPU.ActiveCfg = Debug|Any CPU
		{0B85B23A-0048-46E7-86D2-00F0287CB919}.Debug|Any CPU.Build.0 = Debug|Any CPU
		{0B85B23A-0048-46E7-86D2-00F0287CB919}.Debug|ARM.ActiveCfg = Debug|Any CPU
		{0B85B23A-0048-46E7-86D2-00F0287CB919}.Debug|ARM.Build.0 = Debug|Any CPU
		{0B85B23A-0048-46E7-86D2-00F0287CB919}.Debug|iPhone.ActiveCfg = Debug|Any CPU
		{0B85B23A-0048-46E7-86D2-00F0287CB919}.Debug|iPhone.Build.0 = Debug|Any CPU
		{0B85B23A-0048-46E7-86D2-00F0287CB919}.Debug|iPhoneSimulator.ActiveCfg = Debug|Any CPU
		{0B85B23A-0048-46E7-86D2-00F0287CB919}.Debug|iPhoneSimulator.Build.0 = Debug|Any CPU
		{0B85B23A-0048-46E7-86D2-00F0287CB919}.Debug|x64.ActiveCfg = Debug|Any CPU
		{0B85B23A-0048-46E7-86D2-00F0287CB919}.Debug|x64.Build.0 = Debug|Any CPU
		{0B85B23A-0048-46E7-86D2-00F0287CB919}.Debug|x86.ActiveCfg = Debug|Any CPU
		{0B85B23A-0048-46E7-86D2-00F0287CB919}.Debug|x86.Build.0 = Debug|Any CPU
		{0B85B23A-0048-46E7-86D2-00F0287CB919}.Release|Any CPU.ActiveCfg = Release|Any CPU
		{0B85B23A-0048-46E7-86D2-00F0287CB919}.Release|Any CPU.Build.0 = Release|Any CPU
		{0B85B23A-0048-46E7-86D2-00F0287CB919}.Release|ARM.ActiveCfg = Release|Any CPU
		{0B85B23A-0048-46E7-86D2-00F0287CB919}.Release|ARM.Build.0 = Release|Any CPU
		{0B85B23A-0048-46E7-86D2-00F0287CB919}.Release|iPhone.ActiveCfg = Release|Any CPU
		{0B85B23A-0048-46E7-86D2-00F0287CB919}.Release|iPhone.Build.0 = Release|Any CPU
		{0B85B23A-0048-46E7-86D2-00F0287CB919}.Release|iPhoneSimulator.ActiveCfg = Release|Any CPU
		{0B85B23A-0048-46E7-86D2-00F0287CB919}.Release|iPhoneSimulator.Build.0 = Release|Any CPU
		{0B85B23A-0048-46E7-86D2-00F0287CB919}.Release|x64.ActiveCfg = Release|Any CPU
		{0B85B23A-0048-46E7-86D2-00F0287CB919}.Release|x64.Build.0 = Release|Any CPU
		{0B85B23A-0048-46E7-86D2-00F0287CB919}.Release|x86.ActiveCfg = Release|Any CPU
		{0B85B23A-0048-46E7-86D2-00F0287CB919}.Release|x86.Build.0 = Release|Any CPU
		{3B982F69-1A98-495A-A786-ACF295A82A1A}.Ad-Hoc|Any CPU.ActiveCfg = Ad-Hoc|iPhone
		{3B982F69-1A98-495A-A786-ACF295A82A1A}.Ad-Hoc|ARM.ActiveCfg = Ad-Hoc|iPhone
		{3B982F69-1A98-495A-A786-ACF295A82A1A}.Ad-Hoc|iPhone.ActiveCfg = Ad-Hoc|iPhone
		{3B982F69-1A98-495A-A786-ACF295A82A1A}.Ad-Hoc|iPhone.Build.0 = Ad-Hoc|iPhone
		{3B982F69-1A98-495A-A786-ACF295A82A1A}.Ad-Hoc|iPhoneSimulator.ActiveCfg = Ad-Hoc|iPhoneSimulator
		{3B982F69-1A98-495A-A786-ACF295A82A1A}.Ad-Hoc|iPhoneSimulator.Build.0 = Ad-Hoc|iPhoneSimulator
		{3B982F69-1A98-495A-A786-ACF295A82A1A}.Ad-Hoc|x64.ActiveCfg = Ad-Hoc|iPhone
		{3B982F69-1A98-495A-A786-ACF295A82A1A}.Ad-Hoc|x86.ActiveCfg = Ad-Hoc|iPhone
		{3B982F69-1A98-495A-A786-ACF295A82A1A}.AppStore|Any CPU.ActiveCfg = AppStore|iPhone
		{3B982F69-1A98-495A-A786-ACF295A82A1A}.AppStore|ARM.ActiveCfg = AppStore|iPhone
		{3B982F69-1A98-495A-A786-ACF295A82A1A}.AppStore|iPhone.ActiveCfg = AppStore|iPhone
		{3B982F69-1A98-495A-A786-ACF295A82A1A}.AppStore|iPhone.Build.0 = AppStore|iPhone
		{3B982F69-1A98-495A-A786-ACF295A82A1A}.AppStore|iPhoneSimulator.ActiveCfg = AppStore|iPhoneSimulator
		{3B982F69-1A98-495A-A786-ACF295A82A1A}.AppStore|iPhoneSimulator.Build.0 = AppStore|iPhoneSimulator
		{3B982F69-1A98-495A-A786-ACF295A82A1A}.AppStore|x64.ActiveCfg = AppStore|iPhone
		{3B982F69-1A98-495A-A786-ACF295A82A1A}.AppStore|x86.ActiveCfg = AppStore|iPhone
		{3B982F69-1A98-495A-A786-ACF295A82A1A}.Debug|Any CPU.ActiveCfg = Debug|iPhone
		{3B982F69-1A98-495A-A786-ACF295A82A1A}.Debug|ARM.ActiveCfg = Debug|iPhone
		{3B982F69-1A98-495A-A786-ACF295A82A1A}.Debug|iPhone.ActiveCfg = Debug|iPhone
		{3B982F69-1A98-495A-A786-ACF295A82A1A}.Debug|iPhone.Build.0 = Debug|iPhone
		{3B982F69-1A98-495A-A786-ACF295A82A1A}.Debug|iPhoneSimulator.ActiveCfg = Debug|iPhoneSimulator
		{3B982F69-1A98-495A-A786-ACF295A82A1A}.Debug|iPhoneSimulator.Build.0 = Debug|iPhoneSimulator
		{3B982F69-1A98-495A-A786-ACF295A82A1A}.Debug|x64.ActiveCfg = Debug|iPhone
		{3B982F69-1A98-495A-A786-ACF295A82A1A}.Debug|x86.ActiveCfg = Debug|iPhone
		{3B982F69-1A98-495A-A786-ACF295A82A1A}.Release|Any CPU.ActiveCfg = Release|iPhone
		{3B982F69-1A98-495A-A786-ACF295A82A1A}.Release|ARM.ActiveCfg = Release|iPhone
		{3B982F69-1A98-495A-A786-ACF295A82A1A}.Release|iPhone.ActiveCfg = Release|iPhone
		{3B982F69-1A98-495A-A786-ACF295A82A1A}.Release|iPhone.Build.0 = Release|iPhone
		{3B982F69-1A98-495A-A786-ACF295A82A1A}.Release|iPhoneSimulator.ActiveCfg = Release|iPhoneSimulator
		{3B982F69-1A98-495A-A786-ACF295A82A1A}.Release|iPhoneSimulator.Build.0 = Release|iPhoneSimulator
		{3B982F69-1A98-495A-A786-ACF295A82A1A}.Release|x64.ActiveCfg = Release|iPhone
		{3B982F69-1A98-495A-A786-ACF295A82A1A}.Release|x86.ActiveCfg = Release|iPhone
		{B7E78250-DE26-4198-A25A-F57BC1D46A8F}.Ad-Hoc|Any CPU.ActiveCfg = Release|x86
		{B7E78250-DE26-4198-A25A-F57BC1D46A8F}.Ad-Hoc|Any CPU.Build.0 = Release|x86
		{B7E78250-DE26-4198-A25A-F57BC1D46A8F}.Ad-Hoc|Any CPU.Deploy.0 = Release|x86
		{B7E78250-DE26-4198-A25A-F57BC1D46A8F}.Ad-Hoc|ARM.ActiveCfg = Release|ARM
		{B7E78250-DE26-4198-A25A-F57BC1D46A8F}.Ad-Hoc|ARM.Build.0 = Release|ARM
		{B7E78250-DE26-4198-A25A-F57BC1D46A8F}.Ad-Hoc|ARM.Deploy.0 = Release|ARM
		{B7E78250-DE26-4198-A25A-F57BC1D46A8F}.Ad-Hoc|iPhone.ActiveCfg = Release|x86
		{B7E78250-DE26-4198-A25A-F57BC1D46A8F}.Ad-Hoc|iPhone.Build.0 = Release|x86
		{B7E78250-DE26-4198-A25A-F57BC1D46A8F}.Ad-Hoc|iPhone.Deploy.0 = Release|x86
		{B7E78250-DE26-4198-A25A-F57BC1D46A8F}.Ad-Hoc|iPhoneSimulator.ActiveCfg = Release|x86
		{B7E78250-DE26-4198-A25A-F57BC1D46A8F}.Ad-Hoc|iPhoneSimulator.Build.0 = Release|x86
		{B7E78250-DE26-4198-A25A-F57BC1D46A8F}.Ad-Hoc|iPhoneSimulator.Deploy.0 = Release|x86
		{B7E78250-DE26-4198-A25A-F57BC1D46A8F}.Ad-Hoc|x64.ActiveCfg = Release|x64
		{B7E78250-DE26-4198-A25A-F57BC1D46A8F}.Ad-Hoc|x64.Build.0 = Release|x64
		{B7E78250-DE26-4198-A25A-F57BC1D46A8F}.Ad-Hoc|x64.Deploy.0 = Release|x64
		{B7E78250-DE26-4198-A25A-F57BC1D46A8F}.Ad-Hoc|x86.ActiveCfg = Release|x86
		{B7E78250-DE26-4198-A25A-F57BC1D46A8F}.Ad-Hoc|x86.Build.0 = Release|x86
		{B7E78250-DE26-4198-A25A-F57BC1D46A8F}.Ad-Hoc|x86.Deploy.0 = Release|x86
		{B7E78250-DE26-4198-A25A-F57BC1D46A8F}.AppStore|Any CPU.ActiveCfg = Release|x86
		{B7E78250-DE26-4198-A25A-F57BC1D46A8F}.AppStore|Any CPU.Build.0 = Release|x86
		{B7E78250-DE26-4198-A25A-F57BC1D46A8F}.AppStore|Any CPU.Deploy.0 = Release|x86
		{B7E78250-DE26-4198-A25A-F57BC1D46A8F}.AppStore|ARM.ActiveCfg = Release|ARM
		{B7E78250-DE26-4198-A25A-F57BC1D46A8F}.AppStore|ARM.Build.0 = Release|ARM
		{B7E78250-DE26-4198-A25A-F57BC1D46A8F}.AppStore|ARM.Deploy.0 = Release|ARM
		{B7E78250-DE26-4198-A25A-F57BC1D46A8F}.AppStore|iPhone.ActiveCfg = Release|x86
		{B7E78250-DE26-4198-A25A-F57BC1D46A8F}.AppStore|iPhone.Build.0 = Release|x86
		{B7E78250-DE26-4198-A25A-F57BC1D46A8F}.AppStore|iPhone.Deploy.0 = Release|x86
		{B7E78250-DE26-4198-A25A-F57BC1D46A8F}.AppStore|iPhoneSimulator.ActiveCfg = Release|x86
		{B7E78250-DE26-4198-A25A-F57BC1D46A8F}.AppStore|iPhoneSimulator.Build.0 = Release|x86
		{B7E78250-DE26-4198-A25A-F57BC1D46A8F}.AppStore|iPhoneSimulator.Deploy.0 = Release|x86
		{B7E78250-DE26-4198-A25A-F57BC1D46A8F}.AppStore|x64.ActiveCfg = Release|x64
		{B7E78250-DE26-4198-A25A-F57BC1D46A8F}.AppStore|x64.Build.0 = Release|x64
		{B7E78250-DE26-4198-A25A-F57BC1D46A8F}.AppStore|x64.Deploy.0 = Release|x64
		{B7E78250-DE26-4198-A25A-F57BC1D46A8F}.AppStore|x86.ActiveCfg = Release|x86
		{B7E78250-DE26-4198-A25A-F57BC1D46A8F}.AppStore|x86.Build.0 = Release|x86
		{B7E78250-DE26-4198-A25A-F57BC1D46A8F}.AppStore|x86.Deploy.0 = Release|x86
		{B7E78250-DE26-4198-A25A-F57BC1D46A8F}.Debug|Any CPU.ActiveCfg = Debug|x86
		{B7E78250-DE26-4198-A25A-F57BC1D46A8F}.Debug|ARM.ActiveCfg = Debug|ARM
		{B7E78250-DE26-4198-A25A-F57BC1D46A8F}.Debug|ARM.Build.0 = Debug|ARM
		{B7E78250-DE26-4198-A25A-F57BC1D46A8F}.Debug|ARM.Deploy.0 = Debug|ARM
		{B7E78250-DE26-4198-A25A-F57BC1D46A8F}.Debug|iPhone.ActiveCfg = Debug|x86
		{B7E78250-DE26-4198-A25A-F57BC1D46A8F}.Debug|iPhoneSimulator.ActiveCfg = Debug|x86
		{B7E78250-DE26-4198-A25A-F57BC1D46A8F}.Debug|x64.ActiveCfg = Debug|x64
		{B7E78250-DE26-4198-A25A-F57BC1D46A8F}.Debug|x64.Build.0 = Debug|x64
		{B7E78250-DE26-4198-A25A-F57BC1D46A8F}.Debug|x64.Deploy.0 = Debug|x64
		{B7E78250-DE26-4198-A25A-F57BC1D46A8F}.Debug|x86.ActiveCfg = Debug|x86
		{B7E78250-DE26-4198-A25A-F57BC1D46A8F}.Debug|x86.Build.0 = Debug|x86
		{B7E78250-DE26-4198-A25A-F57BC1D46A8F}.Debug|x86.Deploy.0 = Debug|x86
		{B7E78250-DE26-4198-A25A-F57BC1D46A8F}.Release|Any CPU.ActiveCfg = Release|x86
		{B7E78250-DE26-4198-A25A-F57BC1D46A8F}.Release|ARM.ActiveCfg = Release|ARM
		{B7E78250-DE26-4198-A25A-F57BC1D46A8F}.Release|ARM.Build.0 = Release|ARM
		{B7E78250-DE26-4198-A25A-F57BC1D46A8F}.Release|ARM.Deploy.0 = Release|ARM
		{B7E78250-DE26-4198-A25A-F57BC1D46A8F}.Release|iPhone.ActiveCfg = Release|x86
		{B7E78250-DE26-4198-A25A-F57BC1D46A8F}.Release|iPhoneSimulator.ActiveCfg = Release|x86
		{B7E78250-DE26-4198-A25A-F57BC1D46A8F}.Release|x64.ActiveCfg = Release|x64
		{B7E78250-DE26-4198-A25A-F57BC1D46A8F}.Release|x64.Build.0 = Release|x64
		{B7E78250-DE26-4198-A25A-F57BC1D46A8F}.Release|x64.Deploy.0 = Release|x64
		{B7E78250-DE26-4198-A25A-F57BC1D46A8F}.Release|x86.ActiveCfg = Release|x86
		{B7E78250-DE26-4198-A25A-F57BC1D46A8F}.Release|x86.Build.0 = Release|x86
		{B7E78250-DE26-4198-A25A-F57BC1D46A8F}.Release|x86.Deploy.0 = Release|x86
		{DB3EC9FA-63A5-474B-BFC3-6E4FCFE3AA5D}.Ad-Hoc|Any CPU.ActiveCfg = Release|Any CPU
		{DB3EC9FA-63A5-474B-BFC3-6E4FCFE3AA5D}.Ad-Hoc|Any CPU.Build.0 = Release|Any CPU
		{DB3EC9FA-63A5-474B-BFC3-6E4FCFE3AA5D}.Ad-Hoc|ARM.ActiveCfg = Release|Any CPU
		{DB3EC9FA-63A5-474B-BFC3-6E4FCFE3AA5D}.Ad-Hoc|ARM.Build.0 = Release|Any CPU
		{DB3EC9FA-63A5-474B-BFC3-6E4FCFE3AA5D}.Ad-Hoc|iPhone.ActiveCfg = Release|Any CPU
		{DB3EC9FA-63A5-474B-BFC3-6E4FCFE3AA5D}.Ad-Hoc|iPhone.Build.0 = Release|Any CPU
		{DB3EC9FA-63A5-474B-BFC3-6E4FCFE3AA5D}.Ad-Hoc|iPhoneSimulator.ActiveCfg = Release|Any CPU
		{DB3EC9FA-63A5-474B-BFC3-6E4FCFE3AA5D}.Ad-Hoc|iPhoneSimulator.Build.0 = Release|Any CPU
		{DB3EC9FA-63A5-474B-BFC3-6E4FCFE3AA5D}.Ad-Hoc|x64.ActiveCfg = Release|Any CPU
		{DB3EC9FA-63A5-474B-BFC3-6E4FCFE3AA5D}.Ad-Hoc|x64.Build.0 = Release|Any CPU
		{DB3EC9FA-63A5-474B-BFC3-6E4FCFE3AA5D}.Ad-Hoc|x86.ActiveCfg = Release|Any CPU
		{DB3EC9FA-63A5-474B-BFC3-6E4FCFE3AA5D}.Ad-Hoc|x86.Build.0 = Release|Any CPU
		{DB3EC9FA-63A5-474B-BFC3-6E4FCFE3AA5D}.AppStore|Any CPU.ActiveCfg = Release|Any CPU
		{DB3EC9FA-63A5-474B-BFC3-6E4FCFE3AA5D}.AppStore|Any CPU.Build.0 = Release|Any CPU
		{DB3EC9FA-63A5-474B-BFC3-6E4FCFE3AA5D}.AppStore|ARM.ActiveCfg = Release|Any CPU
		{DB3EC9FA-63A5-474B-BFC3-6E4FCFE3AA5D}.AppStore|ARM.Build.0 = Release|Any CPU
		{DB3EC9FA-63A5-474B-BFC3-6E4FCFE3AA5D}.AppStore|iPhone.ActiveCfg = Release|Any CPU
		{DB3EC9FA-63A5-474B-BFC3-6E4FCFE3AA5D}.AppStore|iPhone.Build.0 = Release|Any CPU
		{DB3EC9FA-63A5-474B-BFC3-6E4FCFE3AA5D}.AppStore|iPhoneSimulator.ActiveCfg = Release|Any CPU
		{DB3EC9FA-63A5-474B-BFC3-6E4FCFE3AA5D}.AppStore|iPhoneSimulator.Build.0 = Release|Any CPU
		{DB3EC9FA-63A5-474B-BFC3-6E4FCFE3AA5D}.AppStore|x64.ActiveCfg = Release|Any CPU
		{DB3EC9FA-63A5-474B-BFC3-6E4FCFE3AA5D}.AppStore|x64.Build.0 = Release|Any CPU
		{DB3EC9FA-63A5-474B-BFC3-6E4FCFE3AA5D}.AppStore|x86.ActiveCfg = Release|Any CPU
		{DB3EC9FA-63A5-474B-BFC3-6E4FCFE3AA5D}.AppStore|x86.Build.0 = Release|Any CPU
		{DB3EC9FA-63A5-474B-BFC3-6E4FCFE3AA5D}.Debug|Any CPU.ActiveCfg = Debug|Any CPU
		{DB3EC9FA-63A5-474B-BFC3-6E4FCFE3AA5D}.Debug|Any CPU.Build.0 = Debug|Any CPU
		{DB3EC9FA-63A5-474B-BFC3-6E4FCFE3AA5D}.Debug|ARM.ActiveCfg = Debug|Any CPU
		{DB3EC9FA-63A5-474B-BFC3-6E4FCFE3AA5D}.Debug|ARM.Build.0 = Debug|Any CPU
		{DB3EC9FA-63A5-474B-BFC3-6E4FCFE3AA5D}.Debug|iPhone.ActiveCfg = Debug|Any CPU
		{DB3EC9FA-63A5-474B-BFC3-6E4FCFE3AA5D}.Debug|iPhone.Build.0 = Debug|Any CPU
		{DB3EC9FA-63A5-474B-BFC3-6E4FCFE3AA5D}.Debug|iPhoneSimulator.ActiveCfg = Debug|Any CPU
		{DB3EC9FA-63A5-474B-BFC3-6E4FCFE3AA5D}.Debug|iPhoneSimulator.Build.0 = Debug|Any CPU
		{DB3EC9FA-63A5-474B-BFC3-6E4FCFE3AA5D}.Debug|x64.ActiveCfg = Debug|Any CPU
		{DB3EC9FA-63A5-474B-BFC3-6E4FCFE3AA5D}.Debug|x64.Build.0 = Debug|Any CPU
		{DB3EC9FA-63A5-474B-BFC3-6E4FCFE3AA5D}.Debug|x86.ActiveCfg = Debug|Any CPU
		{DB3EC9FA-63A5-474B-BFC3-6E4FCFE3AA5D}.Debug|x86.Build.0 = Debug|Any CPU
		{DB3EC9FA-63A5-474B-BFC3-6E4FCFE3AA5D}.Release|Any CPU.ActiveCfg = Release|Any CPU
		{DB3EC9FA-63A5-474B-BFC3-6E4FCFE3AA5D}.Release|Any CPU.Build.0 = Release|Any CPU
		{DB3EC9FA-63A5-474B-BFC3-6E4FCFE3AA5D}.Release|ARM.ActiveCfg = Release|Any CPU
		{DB3EC9FA-63A5-474B-BFC3-6E4FCFE3AA5D}.Release|ARM.Build.0 = Release|Any CPU
		{DB3EC9FA-63A5-474B-BFC3-6E4FCFE3AA5D}.Release|iPhone.ActiveCfg = Release|Any CPU
		{DB3EC9FA-63A5-474B-BFC3-6E4FCFE3AA5D}.Release|iPhone.Build.0 = Release|Any CPU
		{DB3EC9FA-63A5-474B-BFC3-6E4FCFE3AA5D}.Release|iPhoneSimulator.ActiveCfg = Release|Any CPU
		{DB3EC9FA-63A5-474B-BFC3-6E4FCFE3AA5D}.Release|iPhoneSimulator.Build.0 = Release|Any CPU
		{DB3EC9FA-63A5-474B-BFC3-6E4FCFE3AA5D}.Release|x64.ActiveCfg = Release|Any CPU
		{DB3EC9FA-63A5-474B-BFC3-6E4FCFE3AA5D}.Release|x64.Build.0 = Release|Any CPU
		{DB3EC9FA-63A5-474B-BFC3-6E4FCFE3AA5D}.Release|x86.ActiveCfg = Release|Any CPU
		{DB3EC9FA-63A5-474B-BFC3-6E4FCFE3AA5D}.Release|x86.Build.0 = Release|Any CPU
		{422D83A6-DDCE-46E8-8A91-E5AF2BBAB4B2}.Ad-Hoc|Any CPU.ActiveCfg = Release|Any CPU
		{422D83A6-DDCE-46E8-8A91-E5AF2BBAB4B2}.Ad-Hoc|Any CPU.Build.0 = Release|Any CPU
		{422D83A6-DDCE-46E8-8A91-E5AF2BBAB4B2}.Ad-Hoc|ARM.ActiveCfg = Release|Any CPU
		{422D83A6-DDCE-46E8-8A91-E5AF2BBAB4B2}.Ad-Hoc|ARM.Build.0 = Release|Any CPU
		{422D83A6-DDCE-46E8-8A91-E5AF2BBAB4B2}.Ad-Hoc|iPhone.ActiveCfg = Release|Any CPU
		{422D83A6-DDCE-46E8-8A91-E5AF2BBAB4B2}.Ad-Hoc|iPhone.Build.0 = Release|Any CPU
		{422D83A6-DDCE-46E8-8A91-E5AF2BBAB4B2}.Ad-Hoc|iPhoneSimulator.ActiveCfg = Release|Any CPU
		{422D83A6-DDCE-46E8-8A91-E5AF2BBAB4B2}.Ad-Hoc|iPhoneSimulator.Build.0 = Release|Any CPU
		{422D83A6-DDCE-46E8-8A91-E5AF2BBAB4B2}.Ad-Hoc|x64.ActiveCfg = Release|Any CPU
		{422D83A6-DDCE-46E8-8A91-E5AF2BBAB4B2}.Ad-Hoc|x64.Build.0 = Release|Any CPU
		{422D83A6-DDCE-46E8-8A91-E5AF2BBAB4B2}.Ad-Hoc|x86.ActiveCfg = Release|Any CPU
		{422D83A6-DDCE-46E8-8A91-E5AF2BBAB4B2}.Ad-Hoc|x86.Build.0 = Release|Any CPU
		{422D83A6-DDCE-46E8-8A91-E5AF2BBAB4B2}.AppStore|Any CPU.ActiveCfg = Release|Any CPU
		{422D83A6-DDCE-46E8-8A91-E5AF2BBAB4B2}.AppStore|Any CPU.Build.0 = Release|Any CPU
		{422D83A6-DDCE-46E8-8A91-E5AF2BBAB4B2}.AppStore|ARM.ActiveCfg = Release|Any CPU
		{422D83A6-DDCE-46E8-8A91-E5AF2BBAB4B2}.AppStore|ARM.Build.0 = Release|Any CPU
		{422D83A6-DDCE-46E8-8A91-E5AF2BBAB4B2}.AppStore|iPhone.ActiveCfg = Release|Any CPU
		{422D83A6-DDCE-46E8-8A91-E5AF2BBAB4B2}.AppStore|iPhone.Build.0 = Release|Any CPU
		{422D83A6-DDCE-46E8-8A91-E5AF2BBAB4B2}.AppStore|iPhoneSimulator.ActiveCfg = Release|Any CPU
		{422D83A6-DDCE-46E8-8A91-E5AF2BBAB4B2}.AppStore|iPhoneSimulator.Build.0 = Release|Any CPU
		{422D83A6-DDCE-46E8-8A91-E5AF2BBAB4B2}.AppStore|x64.ActiveCfg = Release|Any CPU
		{422D83A6-DDCE-46E8-8A91-E5AF2BBAB4B2}.AppStore|x64.Build.0 = Release|Any CPU
		{422D83A6-DDCE-46E8-8A91-E5AF2BBAB4B2}.AppStore|x86.ActiveCfg = Release|Any CPU
		{422D83A6-DDCE-46E8-8A91-E5AF2BBAB4B2}.AppStore|x86.Build.0 = Release|Any CPU
		{422D83A6-DDCE-46E8-8A91-E5AF2BBAB4B2}.Debug|Any CPU.ActiveCfg = Debug|Any CPU
		{422D83A6-DDCE-46E8-8A91-E5AF2BBAB4B2}.Debug|Any CPU.Build.0 = Debug|Any CPU
		{422D83A6-DDCE-46E8-8A91-E5AF2BBAB4B2}.Debug|ARM.ActiveCfg = Debug|Any CPU
		{422D83A6-DDCE-46E8-8A91-E5AF2BBAB4B2}.Debug|ARM.Build.0 = Debug|Any CPU
		{422D83A6-DDCE-46E8-8A91-E5AF2BBAB4B2}.Debug|iPhone.ActiveCfg = Debug|Any CPU
		{422D83A6-DDCE-46E8-8A91-E5AF2BBAB4B2}.Debug|iPhone.Build.0 = Debug|Any CPU
		{422D83A6-DDCE-46E8-8A91-E5AF2BBAB4B2}.Debug|iPhoneSimulator.ActiveCfg = Debug|Any CPU
		{422D83A6-DDCE-46E8-8A91-E5AF2BBAB4B2}.Debug|iPhoneSimulator.Build.0 = Debug|Any CPU
		{422D83A6-DDCE-46E8-8A91-E5AF2BBAB4B2}.Debug|x64.ActiveCfg = Debug|Any CPU
		{422D83A6-DDCE-46E8-8A91-E5AF2BBAB4B2}.Debug|x64.Build.0 = Debug|Any CPU
		{422D83A6-DDCE-46E8-8A91-E5AF2BBAB4B2}.Debug|x86.ActiveCfg = Debug|Any CPU
		{422D83A6-DDCE-46E8-8A91-E5AF2BBAB4B2}.Debug|x86.Build.0 = Debug|Any CPU
		{422D83A6-DDCE-46E8-8A91-E5AF2BBAB4B2}.Release|Any CPU.ActiveCfg = Release|Any CPU
		{422D83A6-DDCE-46E8-8A91-E5AF2BBAB4B2}.Release|Any CPU.Build.0 = Release|Any CPU
		{422D83A6-DDCE-46E8-8A91-E5AF2BBAB4B2}.Release|ARM.ActiveCfg = Release|Any CPU
		{422D83A6-DDCE-46E8-8A91-E5AF2BBAB4B2}.Release|ARM.Build.0 = Release|Any CPU
		{422D83A6-DDCE-46E8-8A91-E5AF2BBAB4B2}.Release|iPhone.ActiveCfg = Release|Any CPU
		{422D83A6-DDCE-46E8-8A91-E5AF2BBAB4B2}.Release|iPhone.Build.0 = Release|Any CPU
		{422D83A6-DDCE-46E8-8A91-E5AF2BBAB4B2}.Release|iPhoneSimulator.ActiveCfg = Release|Any CPU
		{422D83A6-DDCE-46E8-8A91-E5AF2BBAB4B2}.Release|iPhoneSimulator.Build.0 = Release|Any CPU
		{422D83A6-DDCE-46E8-8A91-E5AF2BBAB4B2}.Release|x64.ActiveCfg = Release|Any CPU
		{422D83A6-DDCE-46E8-8A91-E5AF2BBAB4B2}.Release|x64.Build.0 = Release|Any CPU
		{422D83A6-DDCE-46E8-8A91-E5AF2BBAB4B2}.Release|x86.ActiveCfg = Release|Any CPU
		{422D83A6-DDCE-46E8-8A91-E5AF2BBAB4B2}.Release|x86.Build.0 = Release|Any CPU
		{9A9E10F4-2847-46A1-BF9E-2F7371A35F6F}.Ad-Hoc|Any CPU.ActiveCfg = Release|Any CPU
		{9A9E10F4-2847-46A1-BF9E-2F7371A35F6F}.Ad-Hoc|Any CPU.Build.0 = Release|Any CPU
		{9A9E10F4-2847-46A1-BF9E-2F7371A35F6F}.Ad-Hoc|ARM.ActiveCfg = Release|Any CPU
		{9A9E10F4-2847-46A1-BF9E-2F7371A35F6F}.Ad-Hoc|ARM.Build.0 = Release|Any CPU
		{9A9E10F4-2847-46A1-BF9E-2F7371A35F6F}.Ad-Hoc|iPhone.ActiveCfg = Release|Any CPU
		{9A9E10F4-2847-46A1-BF9E-2F7371A35F6F}.Ad-Hoc|iPhone.Build.0 = Release|Any CPU
		{9A9E10F4-2847-46A1-BF9E-2F7371A35F6F}.Ad-Hoc|iPhoneSimulator.ActiveCfg = Release|Any CPU
		{9A9E10F4-2847-46A1-BF9E-2F7371A35F6F}.Ad-Hoc|iPhoneSimulator.Build.0 = Release|Any CPU
		{9A9E10F4-2847-46A1-BF9E-2F7371A35F6F}.Ad-Hoc|x64.ActiveCfg = Release|Any CPU
		{9A9E10F4-2847-46A1-BF9E-2F7371A35F6F}.Ad-Hoc|x64.Build.0 = Release|Any CPU
		{9A9E10F4-2847-46A1-BF9E-2F7371A35F6F}.Ad-Hoc|x86.ActiveCfg = Release|Any CPU
		{9A9E10F4-2847-46A1-BF9E-2F7371A35F6F}.Ad-Hoc|x86.Build.0 = Release|Any CPU
		{9A9E10F4-2847-46A1-BF9E-2F7371A35F6F}.AppStore|Any CPU.ActiveCfg = Release|Any CPU
		{9A9E10F4-2847-46A1-BF9E-2F7371A35F6F}.AppStore|Any CPU.Build.0 = Release|Any CPU
		{9A9E10F4-2847-46A1-BF9E-2F7371A35F6F}.AppStore|ARM.ActiveCfg = Release|Any CPU
		{9A9E10F4-2847-46A1-BF9E-2F7371A35F6F}.AppStore|ARM.Build.0 = Release|Any CPU
		{9A9E10F4-2847-46A1-BF9E-2F7371A35F6F}.AppStore|iPhone.ActiveCfg = Release|Any CPU
		{9A9E10F4-2847-46A1-BF9E-2F7371A35F6F}.AppStore|iPhone.Build.0 = Release|Any CPU
		{9A9E10F4-2847-46A1-BF9E-2F7371A35F6F}.AppStore|iPhoneSimulator.ActiveCfg = Release|Any CPU
		{9A9E10F4-2847-46A1-BF9E-2F7371A35F6F}.AppStore|iPhoneSimulator.Build.0 = Release|Any CPU
		{9A9E10F4-2847-46A1-BF9E-2F7371A35F6F}.AppStore|x64.ActiveCfg = Release|Any CPU
		{9A9E10F4-2847-46A1-BF9E-2F7371A35F6F}.AppStore|x64.Build.0 = Release|Any CPU
		{9A9E10F4-2847-46A1-BF9E-2F7371A35F6F}.AppStore|x86.ActiveCfg = Release|Any CPU
		{9A9E10F4-2847-46A1-BF9E-2F7371A35F6F}.AppStore|x86.Build.0 = Release|Any CPU
		{9A9E10F4-2847-46A1-BF9E-2F7371A35F6F}.Debug|Any CPU.ActiveCfg = Debug|Any CPU
		{9A9E10F4-2847-46A1-BF9E-2F7371A35F6F}.Debug|Any CPU.Build.0 = Debug|Any CPU
		{9A9E10F4-2847-46A1-BF9E-2F7371A35F6F}.Debug|Any CPU.Deploy.0 = Debug|Any CPU
		{9A9E10F4-2847-46A1-BF9E-2F7371A35F6F}.Debug|ARM.ActiveCfg = Debug|Any CPU
		{9A9E10F4-2847-46A1-BF9E-2F7371A35F6F}.Debug|ARM.Build.0 = Debug|Any CPU
		{9A9E10F4-2847-46A1-BF9E-2F7371A35F6F}.Debug|iPhone.ActiveCfg = Debug|Any CPU
		{9A9E10F4-2847-46A1-BF9E-2F7371A35F6F}.Debug|iPhone.Build.0 = Debug|Any CPU
		{9A9E10F4-2847-46A1-BF9E-2F7371A35F6F}.Debug|iPhoneSimulator.ActiveCfg = Debug|Any CPU
		{9A9E10F4-2847-46A1-BF9E-2F7371A35F6F}.Debug|iPhoneSimulator.Build.0 = Debug|Any CPU
		{9A9E10F4-2847-46A1-BF9E-2F7371A35F6F}.Debug|x64.ActiveCfg = Debug|Any CPU
		{9A9E10F4-2847-46A1-BF9E-2F7371A35F6F}.Debug|x64.Build.0 = Debug|Any CPU
		{9A9E10F4-2847-46A1-BF9E-2F7371A35F6F}.Debug|x86.ActiveCfg = Debug|Any CPU
		{9A9E10F4-2847-46A1-BF9E-2F7371A35F6F}.Debug|x86.Build.0 = Debug|Any CPU
		{9A9E10F4-2847-46A1-BF9E-2F7371A35F6F}.Release|Any CPU.ActiveCfg = Release|Any CPU
		{9A9E10F4-2847-46A1-BF9E-2F7371A35F6F}.Release|Any CPU.Build.0 = Release|Any CPU
		{9A9E10F4-2847-46A1-BF9E-2F7371A35F6F}.Release|Any CPU.Deploy.0 = Release|Any CPU
		{9A9E10F4-2847-46A1-BF9E-2F7371A35F6F}.Release|ARM.ActiveCfg = Release|Any CPU
		{9A9E10F4-2847-46A1-BF9E-2F7371A35F6F}.Release|ARM.Build.0 = Release|Any CPU
		{9A9E10F4-2847-46A1-BF9E-2F7371A35F6F}.Release|iPhone.ActiveCfg = Release|Any CPU
		{9A9E10F4-2847-46A1-BF9E-2F7371A35F6F}.Release|iPhone.Build.0 = Release|Any CPU
		{9A9E10F4-2847-46A1-BF9E-2F7371A35F6F}.Release|iPhoneSimulator.ActiveCfg = Release|Any CPU
		{9A9E10F4-2847-46A1-BF9E-2F7371A35F6F}.Release|iPhoneSimulator.Build.0 = Release|Any CPU
		{9A9E10F4-2847-46A1-BF9E-2F7371A35F6F}.Release|x64.ActiveCfg = Release|Any CPU
		{9A9E10F4-2847-46A1-BF9E-2F7371A35F6F}.Release|x64.Build.0 = Release|Any CPU
		{9A9E10F4-2847-46A1-BF9E-2F7371A35F6F}.Release|x86.ActiveCfg = Release|Any CPU
		{9A9E10F4-2847-46A1-BF9E-2F7371A35F6F}.Release|x86.Build.0 = Release|Any CPU
		{0A451FEB-1F89-49E0-B94A-8D2DD982C0D2}.Ad-Hoc|Any CPU.ActiveCfg = Release|Any CPU
		{0A451FEB-1F89-49E0-B94A-8D2DD982C0D2}.Ad-Hoc|Any CPU.Build.0 = Release|Any CPU
		{0A451FEB-1F89-49E0-B94A-8D2DD982C0D2}.Ad-Hoc|ARM.ActiveCfg = Release|Any CPU
		{0A451FEB-1F89-49E0-B94A-8D2DD982C0D2}.Ad-Hoc|ARM.Build.0 = Release|Any CPU
		{0A451FEB-1F89-49E0-B94A-8D2DD982C0D2}.Ad-Hoc|iPhone.ActiveCfg = Release|Any CPU
		{0A451FEB-1F89-49E0-B94A-8D2DD982C0D2}.Ad-Hoc|iPhone.Build.0 = Release|Any CPU
		{0A451FEB-1F89-49E0-B94A-8D2DD982C0D2}.Ad-Hoc|iPhoneSimulator.ActiveCfg = Release|Any CPU
		{0A451FEB-1F89-49E0-B94A-8D2DD982C0D2}.Ad-Hoc|iPhoneSimulator.Build.0 = Release|Any CPU
		{0A451FEB-1F89-49E0-B94A-8D2DD982C0D2}.Ad-Hoc|x64.ActiveCfg = Release|Any CPU
		{0A451FEB-1F89-49E0-B94A-8D2DD982C0D2}.Ad-Hoc|x64.Build.0 = Release|Any CPU
		{0A451FEB-1F89-49E0-B94A-8D2DD982C0D2}.Ad-Hoc|x86.ActiveCfg = Release|Any CPU
		{0A451FEB-1F89-49E0-B94A-8D2DD982C0D2}.Ad-Hoc|x86.Build.0 = Release|Any CPU
		{0A451FEB-1F89-49E0-B94A-8D2DD982C0D2}.AppStore|Any CPU.ActiveCfg = Release|Any CPU
		{0A451FEB-1F89-49E0-B94A-8D2DD982C0D2}.AppStore|Any CPU.Build.0 = Release|Any CPU
		{0A451FEB-1F89-49E0-B94A-8D2DD982C0D2}.AppStore|ARM.ActiveCfg = Release|Any CPU
		{0A451FEB-1F89-49E0-B94A-8D2DD982C0D2}.AppStore|ARM.Build.0 = Release|Any CPU
		{0A451FEB-1F89-49E0-B94A-8D2DD982C0D2}.AppStore|iPhone.ActiveCfg = Release|Any CPU
		{0A451FEB-1F89-49E0-B94A-8D2DD982C0D2}.AppStore|iPhone.Build.0 = Release|Any CPU
		{0A451FEB-1F89-49E0-B94A-8D2DD982C0D2}.AppStore|iPhoneSimulator.ActiveCfg = Release|Any CPU
		{0A451FEB-1F89-49E0-B94A-8D2DD982C0D2}.AppStore|iPhoneSimulator.Build.0 = Release|Any CPU
		{0A451FEB-1F89-49E0-B94A-8D2DD982C0D2}.AppStore|x64.ActiveCfg = Release|Any CPU
		{0A451FEB-1F89-49E0-B94A-8D2DD982C0D2}.AppStore|x64.Build.0 = Release|Any CPU
		{0A451FEB-1F89-49E0-B94A-8D2DD982C0D2}.AppStore|x86.ActiveCfg = Release|Any CPU
		{0A451FEB-1F89-49E0-B94A-8D2DD982C0D2}.AppStore|x86.Build.0 = Release|Any CPU
		{0A451FEB-1F89-49E0-B94A-8D2DD982C0D2}.Debug|Any CPU.ActiveCfg = Debug|Any CPU
		{0A451FEB-1F89-49E0-B94A-8D2DD982C0D2}.Debug|Any CPU.Build.0 = Debug|Any CPU
		{0A451FEB-1F89-49E0-B94A-8D2DD982C0D2}.Debug|ARM.ActiveCfg = Debug|Any CPU
		{0A451FEB-1F89-49E0-B94A-8D2DD982C0D2}.Debug|ARM.Build.0 = Debug|Any CPU
		{0A451FEB-1F89-49E0-B94A-8D2DD982C0D2}.Debug|iPhone.ActiveCfg = Debug|Any CPU
		{0A451FEB-1F89-49E0-B94A-8D2DD982C0D2}.Debug|iPhone.Build.0 = Debug|Any CPU
		{0A451FEB-1F89-49E0-B94A-8D2DD982C0D2}.Debug|iPhoneSimulator.ActiveCfg = Debug|Any CPU
		{0A451FEB-1F89-49E0-B94A-8D2DD982C0D2}.Debug|iPhoneSimulator.Build.0 = Debug|Any CPU
		{0A451FEB-1F89-49E0-B94A-8D2DD982C0D2}.Debug|x64.ActiveCfg = Debug|Any CPU
		{0A451FEB-1F89-49E0-B94A-8D2DD982C0D2}.Debug|x64.Build.0 = Debug|Any CPU
		{0A451FEB-1F89-49E0-B94A-8D2DD982C0D2}.Debug|x86.ActiveCfg = Debug|Any CPU
		{0A451FEB-1F89-49E0-B94A-8D2DD982C0D2}.Debug|x86.Build.0 = Debug|Any CPU
		{0A451FEB-1F89-49E0-B94A-8D2DD982C0D2}.Release|Any CPU.ActiveCfg = Release|Any CPU
		{0A451FEB-1F89-49E0-B94A-8D2DD982C0D2}.Release|Any CPU.Build.0 = Release|Any CPU
		{0A451FEB-1F89-49E0-B94A-8D2DD982C0D2}.Release|ARM.ActiveCfg = Release|Any CPU
		{0A451FEB-1F89-49E0-B94A-8D2DD982C0D2}.Release|ARM.Build.0 = Release|Any CPU
		{0A451FEB-1F89-49E0-B94A-8D2DD982C0D2}.Release|iPhone.ActiveCfg = Release|Any CPU
		{0A451FEB-1F89-49E0-B94A-8D2DD982C0D2}.Release|iPhone.Build.0 = Release|Any CPU
		{0A451FEB-1F89-49E0-B94A-8D2DD982C0D2}.Release|iPhoneSimulator.ActiveCfg = Release|Any CPU
		{0A451FEB-1F89-49E0-B94A-8D2DD982C0D2}.Release|iPhoneSimulator.Build.0 = Release|Any CPU
		{0A451FEB-1F89-49E0-B94A-8D2DD982C0D2}.Release|x64.ActiveCfg = Release|Any CPU
		{0A451FEB-1F89-49E0-B94A-8D2DD982C0D2}.Release|x64.Build.0 = Release|Any CPU
		{0A451FEB-1F89-49E0-B94A-8D2DD982C0D2}.Release|x86.ActiveCfg = Release|Any CPU
		{0A451FEB-1F89-49E0-B94A-8D2DD982C0D2}.Release|x86.Build.0 = Release|Any CPU
		{8295CFE6-D126-416B-825A-9B1A4B0EBDB6}.Ad-Hoc|Any CPU.ActiveCfg = Release|x64
		{8295CFE6-D126-416B-825A-9B1A4B0EBDB6}.Ad-Hoc|Any CPU.Build.0 = Release|x64
		{8295CFE6-D126-416B-825A-9B1A4B0EBDB6}.Ad-Hoc|Any CPU.Deploy.0 = Release|x64
		{8295CFE6-D126-416B-825A-9B1A4B0EBDB6}.Ad-Hoc|ARM.ActiveCfg = Release|ARM
		{8295CFE6-D126-416B-825A-9B1A4B0EBDB6}.Ad-Hoc|ARM.Build.0 = Release|ARM
		{8295CFE6-D126-416B-825A-9B1A4B0EBDB6}.Ad-Hoc|ARM.Deploy.0 = Release|ARM
		{8295CFE6-D126-416B-825A-9B1A4B0EBDB6}.Ad-Hoc|ARM64.ActiveCfg = Release|ARM64
		{8295CFE6-D126-416B-825A-9B1A4B0EBDB6}.Ad-Hoc|ARM64.Build.0 = Release|ARM64
		{8295CFE6-D126-416B-825A-9B1A4B0EBDB6}.Ad-Hoc|ARM64.Deploy.0 = Release|ARM64
		{8295CFE6-D126-416B-825A-9B1A4B0EBDB6}.Ad-Hoc|iPhone.ActiveCfg = Release|x64
		{8295CFE6-D126-416B-825A-9B1A4B0EBDB6}.Ad-Hoc|iPhone.Build.0 = Release|x64
		{8295CFE6-D126-416B-825A-9B1A4B0EBDB6}.Ad-Hoc|iPhone.Deploy.0 = Release|x64
		{8295CFE6-D126-416B-825A-9B1A4B0EBDB6}.Ad-Hoc|iPhoneSimulator.ActiveCfg = Release|x64
		{8295CFE6-D126-416B-825A-9B1A4B0EBDB6}.Ad-Hoc|iPhoneSimulator.Build.0 = Release|x64
		{8295CFE6-D126-416B-825A-9B1A4B0EBDB6}.Ad-Hoc|iPhoneSimulator.Deploy.0 = Release|x64
		{8295CFE6-D126-416B-825A-9B1A4B0EBDB6}.Ad-Hoc|x64.ActiveCfg = Release|x64
		{8295CFE6-D126-416B-825A-9B1A4B0EBDB6}.Ad-Hoc|x64.Build.0 = Release|x64
		{8295CFE6-D126-416B-825A-9B1A4B0EBDB6}.Ad-Hoc|x64.Deploy.0 = Release|x64
		{8295CFE6-D126-416B-825A-9B1A4B0EBDB6}.Ad-Hoc|x86.ActiveCfg = Release|x86
		{8295CFE6-D126-416B-825A-9B1A4B0EBDB6}.Ad-Hoc|x86.Build.0 = Release|x86
		{8295CFE6-D126-416B-825A-9B1A4B0EBDB6}.Ad-Hoc|x86.Deploy.0 = Release|x86
		{8295CFE6-D126-416B-825A-9B1A4B0EBDB6}.AppStore|Any CPU.ActiveCfg = Release|x64
		{8295CFE6-D126-416B-825A-9B1A4B0EBDB6}.AppStore|Any CPU.Build.0 = Release|x64
		{8295CFE6-D126-416B-825A-9B1A4B0EBDB6}.AppStore|Any CPU.Deploy.0 = Release|x64
		{8295CFE6-D126-416B-825A-9B1A4B0EBDB6}.AppStore|ARM.ActiveCfg = Release|ARM
		{8295CFE6-D126-416B-825A-9B1A4B0EBDB6}.AppStore|ARM.Build.0 = Release|ARM
		{8295CFE6-D126-416B-825A-9B1A4B0EBDB6}.AppStore|ARM.Deploy.0 = Release|ARM
		{8295CFE6-D126-416B-825A-9B1A4B0EBDB6}.AppStore|ARM64.ActiveCfg = Release|ARM64
		{8295CFE6-D126-416B-825A-9B1A4B0EBDB6}.AppStore|ARM64.Build.0 = Release|ARM64
		{8295CFE6-D126-416B-825A-9B1A4B0EBDB6}.AppStore|ARM64.Deploy.0 = Release|ARM64
		{8295CFE6-D126-416B-825A-9B1A4B0EBDB6}.AppStore|iPhone.ActiveCfg = Release|x64
		{8295CFE6-D126-416B-825A-9B1A4B0EBDB6}.AppStore|iPhone.Build.0 = Release|x64
		{8295CFE6-D126-416B-825A-9B1A4B0EBDB6}.AppStore|iPhone.Deploy.0 = Release|x64
		{8295CFE6-D126-416B-825A-9B1A4B0EBDB6}.AppStore|iPhoneSimulator.ActiveCfg = Release|x64
		{8295CFE6-D126-416B-825A-9B1A4B0EBDB6}.AppStore|iPhoneSimulator.Build.0 = Release|x64
		{8295CFE6-D126-416B-825A-9B1A4B0EBDB6}.AppStore|iPhoneSimulator.Deploy.0 = Release|x64
		{8295CFE6-D126-416B-825A-9B1A4B0EBDB6}.AppStore|x64.ActiveCfg = Release|x64
		{8295CFE6-D126-416B-825A-9B1A4B0EBDB6}.AppStore|x64.Build.0 = Release|x64
		{8295CFE6-D126-416B-825A-9B1A4B0EBDB6}.AppStore|x64.Deploy.0 = Release|x64
		{8295CFE6-D126-416B-825A-9B1A4B0EBDB6}.AppStore|x86.ActiveCfg = Release|x86
		{8295CFE6-D126-416B-825A-9B1A4B0EBDB6}.AppStore|x86.Build.0 = Release|x86
		{8295CFE6-D126-416B-825A-9B1A4B0EBDB6}.AppStore|x86.Deploy.0 = Release|x86
		{8295CFE6-D126-416B-825A-9B1A4B0EBDB6}.Debug|Any CPU.ActiveCfg = Debug|x86
		{8295CFE6-D126-416B-825A-9B1A4B0EBDB6}.Debug|ARM.ActiveCfg = Debug|ARM
		{8295CFE6-D126-416B-825A-9B1A4B0EBDB6}.Debug|ARM.Build.0 = Debug|ARM
		{8295CFE6-D126-416B-825A-9B1A4B0EBDB6}.Debug|ARM.Deploy.0 = Debug|ARM
		{8295CFE6-D126-416B-825A-9B1A4B0EBDB6}.Debug|ARM64.ActiveCfg = Debug|ARM64
		{8295CFE6-D126-416B-825A-9B1A4B0EBDB6}.Debug|ARM64.Build.0 = Debug|ARM64
		{8295CFE6-D126-416B-825A-9B1A4B0EBDB6}.Debug|ARM64.Deploy.0 = Debug|ARM64
		{8295CFE6-D126-416B-825A-9B1A4B0EBDB6}.Debug|iPhone.ActiveCfg = Debug|x86
		{8295CFE6-D126-416B-825A-9B1A4B0EBDB6}.Debug|iPhoneSimulator.ActiveCfg = Debug|x86
		{8295CFE6-D126-416B-825A-9B1A4B0EBDB6}.Debug|x64.ActiveCfg = Debug|x64
		{8295CFE6-D126-416B-825A-9B1A4B0EBDB6}.Debug|x64.Build.0 = Debug|x64
		{8295CFE6-D126-416B-825A-9B1A4B0EBDB6}.Debug|x64.Deploy.0 = Debug|x64
		{8295CFE6-D126-416B-825A-9B1A4B0EBDB6}.Debug|x86.ActiveCfg = Debug|x86
		{8295CFE6-D126-416B-825A-9B1A4B0EBDB6}.Debug|x86.Build.0 = Debug|x86
		{8295CFE6-D126-416B-825A-9B1A4B0EBDB6}.Debug|x86.Deploy.0 = Debug|x86
		{8295CFE6-D126-416B-825A-9B1A4B0EBDB6}.Release|Any CPU.ActiveCfg = Release|x86
		{8295CFE6-D126-416B-825A-9B1A4B0EBDB6}.Release|ARM.ActiveCfg = Release|ARM
		{8295CFE6-D126-416B-825A-9B1A4B0EBDB6}.Release|ARM.Build.0 = Release|ARM
		{8295CFE6-D126-416B-825A-9B1A4B0EBDB6}.Release|ARM.Deploy.0 = Release|ARM
		{8295CFE6-D126-416B-825A-9B1A4B0EBDB6}.Release|ARM64.ActiveCfg = Release|ARM64
		{8295CFE6-D126-416B-825A-9B1A4B0EBDB6}.Release|ARM64.Build.0 = Release|ARM64
		{8295CFE6-D126-416B-825A-9B1A4B0EBDB6}.Release|ARM64.Deploy.0 = Release|ARM64
		{8295CFE6-D126-416B-825A-9B1A4B0EBDB6}.Release|iPhone.ActiveCfg = Release|x86
		{8295CFE6-D126-416B-825A-9B1A4B0EBDB6}.Release|iPhoneSimulator.ActiveCfg = Release|x86
		{8295CFE6-D126-416B-825A-9B1A4B0EBDB6}.Release|x64.ActiveCfg = Release|x64
		{8295CFE6-D126-416B-825A-9B1A4B0EBDB6}.Release|x64.Build.0 = Release|x64
		{8295CFE6-D126-416B-825A-9B1A4B0EBDB6}.Release|x64.Deploy.0 = Release|x64
		{8295CFE6-D126-416B-825A-9B1A4B0EBDB6}.Release|x86.ActiveCfg = Release|x86
		{8295CFE6-D126-416B-825A-9B1A4B0EBDB6}.Release|x86.Build.0 = Release|x86
		{8295CFE6-D126-416B-825A-9B1A4B0EBDB6}.Release|x86.Deploy.0 = Release|x86
	EndGlobalSection
	GlobalSection(SolutionProperties) = preSolution
		HideSolutionNode = FALSE
	EndGlobalSection
	GlobalSection(ExtensibilityGlobals) = postSolution
		SolutionGuid = {F6D05029-56B8-4E45-AF2D-0E76295DDBA2}
	EndGlobalSection
EndGlobal
