
Microsoft Visual Studio Solution File, Format Version 12.00
# Visual Studio 15
VisualStudioVersion = 15.0.26730.10
MinimumVisualStudioVersion = 10.0.40219.1

Project("{6EC3EE1D-3C4E-46DD-8F32-0CC8E7565705}") = "HelloFabulousUI", "HelloFabulousUI\HelloFabulousUI.fsproj", "{9C7E1FC3-665C-4BE0-9384-C1706F390B9C}"
EndProject

Project("{F2A71F9B-5D33-465A-A702-920D77279786}") = "HelloFabulousUI.Android", "HelloFabulousUI.Android\HelloFabulousUI.Android.fsproj", "{24F4085B-D960-4EF5-8FEB-C25FFE23D88F}"
EndProject


Project("{F2A71F9B-5D33-465A-A702-920D77279786}") = "HelloFabulousUI.iOS", "HelloFabulousUI.iOS\HelloFabulousUI.iOS.fsproj", "{0C105005-D8C1-44FF-B3EB-F627CED2A080}"
EndProject




Global
	GlobalSection(SolutionConfigurationPlatforms) = preSolution
		Ad-Hoc|Any CPU = Ad-Hoc|Any CPU
		Ad-Hoc|ARM = Ad-Hoc|ARM
		Ad-Hoc|iPhone = Ad-Hoc|iPhone
		Ad-Hoc|iPhoneSimulator = Ad-Hoc|iPhoneSimulator
		Ad-Hoc|x64 = Ad-Hoc|x64
		Ad-Hoc|x86 = Ad-Hoc|x86
		AppStore|Any CPU = AppStore|Any CPU
		AppStore|ARM = AppStore|ARM
		AppStore|iPhone = AppStore|iPhone
		AppStore|iPhoneSimulator = AppStore|iPhoneSimulator
		AppStore|x64 = AppStore|x64
		AppStore|x86 = AppStore|x86
		Debug|Any CPU = Debug|Any CPU
		Debug|ARM = Debug|ARM
		Debug|iPhone = Debug|iPhone
		Debug|iPhoneSimulator = Debug|iPhoneSimulator
		Debug|x64 = Debug|x64
		Debug|x86 = Debug|x86
		Release|Any CPU = Release|Any CPU
		Release|ARM = Release|ARM
		Release|iPhone = Release|iPhone
		Release|iPhoneSimulator = Release|iPhoneSimulator
		Release|x64 = Release|x64
		Release|x86 = Release|x86
	EndGlobalSection
	GlobalSection(ProjectConfigurationPlatforms) = postSolution
		{9C7E1FC3-665C-4BE0-9384-C1706F390B9C}.Ad-Hoc|Any CPU.ActiveCfg = Debug|Any CPU
		{9C7E1FC3-665C-4BE0-9384-C1706F390B9C}.Ad-Hoc|Any CPU.Build.0 = Debug|Any CPU
		{9C7E1FC3-665C-4BE0-9384-C1706F390B9C}.Ad-Hoc|ARM.ActiveCfg = Debug|Any CPU
		{9C7E1FC3-665C-4BE0-9384-C1706F390B9C}.Ad-Hoc|ARM.Build.0 = Debug|Any CPU
		{9C7E1FC3-665C-4BE0-9384-C1706F390B9C}.Ad-Hoc|iPhone.ActiveCfg = Debug|Any CPU
		{9C7E1FC3-665C-4BE0-9384-C1706F390B9C}.Ad-Hoc|iPhone.Build.0 = Debug|Any CPU
		{9C7E1FC3-665C-4BE0-9384-C1706F390B9C}.Ad-Hoc|iPhoneSimulator.ActiveCfg = Debug|Any CPU
		{9C7E1FC3-665C-4BE0-9384-C1706F390B9C}.Ad-Hoc|iPhoneSimulator.Build.0 = Debug|Any CPU
		{9C7E1FC3-665C-4BE0-9384-C1706F390B9C}.Ad-Hoc|x64.ActiveCfg = Debug|Any CPU
		{9C7E1FC3-665C-4BE0-9384-C1706F390B9C}.Ad-Hoc|x64.Build.0 = Debug|Any CPU
		{9C7E1FC3-665C-4BE0-9384-C1706F390B9C}.Ad-Hoc|x86.ActiveCfg = Debug|Any CPU
		{9C7E1FC3-665C-4BE0-9384-C1706F390B9C}.Ad-Hoc|x86.Build.0 = Debug|Any CPU
		{9C7E1FC3-665C-4BE0-9384-C1706F390B9C}.AppStore|Any CPU.ActiveCfg = Debug|Any CPU
		{9C7E1FC3-665C-4BE0-9384-C1706F390B9C}.AppStore|Any CPU.Build.0 = Debug|Any CPU
		{9C7E1FC3-665C-4BE0-9384-C1706F390B9C}.AppStore|ARM.ActiveCfg = Debug|Any CPU
		{9C7E1FC3-665C-4BE0-9384-C1706F390B9C}.AppStore|ARM.Build.0 = Debug|Any CPU
		{9C7E1FC3-665C-4BE0-9384-C1706F390B9C}.AppStore|iPhone.ActiveCfg = Debug|Any CPU
		{9C7E1FC3-665C-4BE0-9384-C1706F390B9C}.AppStore|iPhone.Build.0 = Debug|Any CPU
		{9C7E1FC3-665C-4BE0-9384-C1706F390B9C}.AppStore|iPhoneSimulator.ActiveCfg = Debug|Any CPU
		{9C7E1FC3-665C-4BE0-9384-C1706F390B9C}.AppStore|iPhoneSimulator.Build.0 = Debug|Any CPU
		{9C7E1FC3-665C-4BE0-9384-C1706F390B9C}.AppStore|x64.ActiveCfg = Debug|Any CPU
		{9C7E1FC3-665C-4BE0-9384-C1706F390B9C}.AppStore|x64.Build.0 = Debug|Any CPU
		{9C7E1FC3-665C-4BE0-9384-C1706F390B9C}.AppStore|x86.ActiveCfg = Debug|Any CPU
		{9C7E1FC3-665C-4BE0-9384-C1706F390B9C}.AppStore|x86.Build.0 = Debug|Any CPU
		{9C7E1FC3-665C-4BE0-9384-C1706F390B9C}.Debug|Any CPU.ActiveCfg = Debug|Any CPU
		{9C7E1FC3-665C-4BE0-9384-C1706F390B9C}.Debug|Any CPU.Build.0 = Debug|Any CPU
		{9C7E1FC3-665C-4BE0-9384-C1706F390B9C}.Debug|ARM.ActiveCfg = Debug|Any CPU
		{9C7E1FC3-665C-4BE0-9384-C1706F390B9C}.Debug|ARM.Build.0 = Debug|Any CPU
		{9C7E1FC3-665C-4BE0-9384-C1706F390B9C}.Debug|iPhone.ActiveCfg = Debug|Any CPU
		{9C7E1FC3-665C-4BE0-9384-C1706F390B9C}.Debug|iPhone.Build.0 = Debug|Any CPU
		{9C7E1FC3-665C-4BE0-9384-C1706F390B9C}.Debug|iPhoneSimulator.ActiveCfg = Debug|Any CPU
		{9C7E1FC3-665C-4BE0-9384-C1706F390B9C}.Debug|iPhoneSimulator.Build.0 = Debug|Any CPU
		{9C7E1FC3-665C-4BE0-9384-C1706F390B9C}.Debug|x64.ActiveCfg = Debug|Any CPU
		{9C7E1FC3-665C-4BE0-9384-C1706F390B9C}.Debug|x64.Build.0 = Debug|Any CPU
		{9C7E1FC3-665C-4BE0-9384-C1706F390B9C}.Debug|x86.ActiveCfg = Debug|Any CPU
		{9C7E1FC3-665C-4BE0-9384-C1706F390B9C}.Debug|x86.Build.0 = Debug|Any CPU
		{9C7E1FC3-665C-4BE0-9384-C1706F390B9C}.Release|Any CPU.ActiveCfg = Release|Any CPU
		{9C7E1FC3-665C-4BE0-9384-C1706F390B9C}.Release|Any CPU.Build.0 = Release|Any CPU
		{9C7E1FC3-665C-4BE0-9384-C1706F390B9C}.Release|ARM.ActiveCfg = Release|Any CPU
		{9C7E1FC3-665C-4BE0-9384-C1706F390B9C}.Release|ARM.Build.0 = Release|Any CPU
		{9C7E1FC3-665C-4BE0-9384-C1706F390B9C}.Release|iPhone.ActiveCfg = Release|Any CPU
		{9C7E1FC3-665C-4BE0-9384-C1706F390B9C}.Release|iPhone.Build.0 = Release|Any CPU
		{9C7E1FC3-665C-4BE0-9384-C1706F390B9C}.Release|iPhoneSimulator.ActiveCfg = Release|Any CPU
		{9C7E1FC3-665C-4BE0-9384-C1706F390B9C}.Release|iPhoneSimulator.Build.0 = Release|Any CPU
		{9C7E1FC3-665C-4BE0-9384-C1706F390B9C}.Release|x64.ActiveCfg = Release|Any CPU
		{9C7E1FC3-665C-4BE0-9384-C1706F390B9C}.Release|x64.Build.0 = Release|Any CPU
		{9C7E1FC3-665C-4BE0-9384-C1706F390B9C}.Release|x86.ActiveCfg = Release|Any CPU
		{9C7E1FC3-665C-4BE0-9384-C1706F390B9C}.Release|x86.Build.0 = Release|Any CPU
		{0C105005-D8C1-44FF-B3EB-F627CED2A080}.Ad-Hoc|Any CPU.ActiveCfg = Ad-Hoc|iPhone
		{0C105005-D8C1-44FF-B3EB-F627CED2A080}.Ad-Hoc|ARM.ActiveCfg = Ad-Hoc|iPhone
		{0C105005-D8C1-44FF-B3EB-F627CED2A080}.Ad-Hoc|iPhone.ActiveCfg = Ad-Hoc|iPhone
		{0C105005-D8C1-44FF-B3EB-F627CED2A080}.Ad-Hoc|iPhone.Build.0 = Ad-Hoc|iPhone
		{0C105005-D8C1-44FF-B3EB-F627CED2A080}.Ad-Hoc|iPhoneSimulator.ActiveCfg = Ad-Hoc|iPhoneSimulator
		{0C105005-D8C1-44FF-B3EB-F627CED2A080}.Ad-Hoc|iPhoneSimulator.Build.0 = Ad-Hoc|iPhoneSimulator
		{0C105005-D8C1-44FF-B3EB-F627CED2A080}.Ad-Hoc|x64.ActiveCfg = Ad-Hoc|iPhone
		{0C105005-D8C1-44FF-B3EB-F627CED2A080}.Ad-Hoc|x86.ActiveCfg = Ad-Hoc|iPhone
		{0C105005-D8C1-44FF-B3EB-F627CED2A080}.AppStore|Any CPU.ActiveCfg = AppStore|iPhone
		{0C105005-D8C1-44FF-B3EB-F627CED2A080}.AppStore|ARM.ActiveCfg = AppStore|iPhone
		{0C105005-D8C1-44FF-B3EB-F627CED2A080}.AppStore|iPhone.ActiveCfg = AppStore|iPhone
		{0C105005-D8C1-44FF-B3EB-F627CED2A080}.AppStore|iPhone.Build.0 = AppStore|iPhone
		{0C105005-D8C1-44FF-B3EB-F627CED2A080}.AppStore|iPhoneSimulator.ActiveCfg = AppStore|iPhoneSimulator
		{0C105005-D8C1-44FF-B3EB-F627CED2A080}.AppStore|iPhoneSimulator.Build.0 = AppStore|iPhoneSimulator
		{0C105005-D8C1-44FF-B3EB-F627CED2A080}.AppStore|x64.ActiveCfg = AppStore|iPhone
		{0C105005-D8C1-44FF-B3EB-F627CED2A080}.AppStore|x86.ActiveCfg = AppStore|iPhone
		{0C105005-D8C1-44FF-B3EB-F627CED2A080}.Debug|Any CPU.ActiveCfg = Debug|iPhone
		{0C105005-D8C1-44FF-B3EB-F627CED2A080}.Debug|ARM.ActiveCfg = Debug|iPhone
		{0C105005-D8C1-44FF-B3EB-F627CED2A080}.Debug|iPhone.ActiveCfg = Debug|iPhone
		{0C105005-D8C1-44FF-B3EB-F627CED2A080}.Debug|iPhone.Build.0 = Debug|iPhone
		{0C105005-D8C1-44FF-B3EB-F627CED2A080}.Debug|iPhoneSimulator.ActiveCfg = Debug|iPhoneSimulator
		{0C105005-D8C1-44FF-B3EB-F627CED2A080}.Debug|iPhoneSimulator.Build.0 = Debug|iPhoneSimulator
		{0C105005-D8C1-44FF-B3EB-F627CED2A080}.Debug|x64.ActiveCfg = Debug|iPhone
		{0C105005-D8C1-44FF-B3EB-F627CED2A080}.Debug|x86.ActiveCfg = Debug|iPhone
		{0C105005-D8C1-44FF-B3EB-F627CED2A080}.Release|Any CPU.ActiveCfg = Release|iPhone
		{0C105005-D8C1-44FF-B3EB-F627CED2A080}.Release|ARM.ActiveCfg = Release|iPhone
		{0C105005-D8C1-44FF-B3EB-F627CED2A080}.Release|iPhone.ActiveCfg = Release|iPhone
		{0C105005-D8C1-44FF-B3EB-F627CED2A080}.Release|iPhone.Build.0 = Release|iPhone
		{0C105005-D8C1-44FF-B3EB-F627CED2A080}.Release|iPhoneSimulator.ActiveCfg = Release|iPhoneSimulator
		{0C105005-D8C1-44FF-B3EB-F627CED2A080}.Release|iPhoneSimulator.Build.0 = Release|iPhoneSimulator
		{0C105005-D8C1-44FF-B3EB-F627CED2A080}.Release|x64.ActiveCfg = Release|iPhone
		{0C105005-D8C1-44FF-B3EB-F627CED2A080}.Release|x86.ActiveCfg = Release|iPhone
		{5863ED50-0058-441E-BAF3-E1411887372C}.Ad-Hoc|Any CPU.ActiveCfg = Release|x86
		{5863ED50-0058-441E-BAF3-E1411887372C}.Ad-Hoc|Any CPU.Build.0 = Release|x86
		{5863ED50-0058-441E-BAF3-E1411887372C}.Ad-Hoc|Any CPU.Deploy.0 = Release|x86
		{5863ED50-0058-441E-BAF3-E1411887372C}.Ad-Hoc|ARM.ActiveCfg = Release|ARM
		{5863ED50-0058-441E-BAF3-E1411887372C}.Ad-Hoc|ARM.Build.0 = Release|ARM
		{5863ED50-0058-441E-BAF3-E1411887372C}.Ad-Hoc|ARM.Deploy.0 = Release|ARM
		{5863ED50-0058-441E-BAF3-E1411887372C}.Ad-Hoc|iPhone.ActiveCfg = Release|x86
		{5863ED50-0058-441E-BAF3-E1411887372C}.Ad-Hoc|iPhone.Build.0 = Release|x86
		{5863ED50-0058-441E-BAF3-E1411887372C}.Ad-Hoc|iPhone.Deploy.0 = Release|x86
		{5863ED50-0058-441E-BAF3-E1411887372C}.Ad-Hoc|iPhoneSimulator.ActiveCfg = Release|x86
		{5863ED50-0058-441E-BAF3-E1411887372C}.Ad-Hoc|iPhoneSimulator.Build.0 = Release|x86
		{5863ED50-0058-441E-BAF3-E1411887372C}.Ad-Hoc|iPhoneSimulator.Deploy.0 = Release|x86
		{5863ED50-0058-441E-BAF3-E1411887372C}.Ad-Hoc|x64.ActiveCfg = Release|x64
		{5863ED50-0058-441E-BAF3-E1411887372C}.Ad-Hoc|x64.Build.0 = Release|x64
		{5863ED50-0058-441E-BAF3-E1411887372C}.Ad-Hoc|x64.Deploy.0 = Release|x64
		{5863ED50-0058-441E-BAF3-E1411887372C}.Ad-Hoc|x86.ActiveCfg = Release|x86
		{5863ED50-0058-441E-BAF3-E1411887372C}.Ad-Hoc|x86.Build.0 = Release|x86
		{5863ED50-0058-441E-BAF3-E1411887372C}.Ad-Hoc|x86.Deploy.0 = Release|x86
		{5863ED50-0058-441E-BAF3-E1411887372C}.AppStore|Any CPU.ActiveCfg = Release|x86
		{5863ED50-0058-441E-BAF3-E1411887372C}.AppStore|Any CPU.Build.0 = Release|x86
		{5863ED50-0058-441E-BAF3-E1411887372C}.AppStore|Any CPU.Deploy.0 = Release|x86
		{5863ED50-0058-441E-BAF3-E1411887372C}.AppStore|ARM.ActiveCfg = Release|ARM
		{5863ED50-0058-441E-BAF3-E1411887372C}.AppStore|ARM.Build.0 = Release|ARM
		{5863ED50-0058-441E-BAF3-E1411887372C}.AppStore|ARM.Deploy.0 = Release|ARM
		{5863ED50-0058-441E-BAF3-E1411887372C}.AppStore|iPhone.ActiveCfg = Release|x86
		{5863ED50-0058-441E-BAF3-E1411887372C}.AppStore|iPhone.Build.0 = Release|x86
		{5863ED50-0058-441E-BAF3-E1411887372C}.AppStore|iPhone.Deploy.0 = Release|x86
		{5863ED50-0058-441E-BAF3-E1411887372C}.AppStore|iPhoneSimulator.ActiveCfg = Release|x86
		{5863ED50-0058-441E-BAF3-E1411887372C}.AppStore|iPhoneSimulator.Build.0 = Release|x86
		{5863ED50-0058-441E-BAF3-E1411887372C}.AppStore|iPhoneSimulator.Deploy.0 = Release|x86
		{5863ED50-0058-441E-BAF3-E1411887372C}.AppStore|x64.ActiveCfg = Release|x64
		{5863ED50-0058-441E-BAF3-E1411887372C}.AppStore|x64.Build.0 = Release|x64
		{5863ED50-0058-441E-BAF3-E1411887372C}.AppStore|x64.Deploy.0 = Release|x64
		{5863ED50-0058-441E-BAF3-E1411887372C}.AppStore|x86.ActiveCfg = Release|x86
		{5863ED50-0058-441E-BAF3-E1411887372C}.AppStore|x86.Build.0 = Release|x86
		{5863ED50-0058-441E-BAF3-E1411887372C}.AppStore|x86.Deploy.0 = Release|x86
		{5863ED50-0058-441E-BAF3-E1411887372C}.Debug|Any CPU.ActiveCfg = Debug|x86
		{5863ED50-0058-441E-BAF3-E1411887372C}.Debug|ARM.ActiveCfg = Debug|ARM
		{5863ED50-0058-441E-BAF3-E1411887372C}.Debug|ARM.Build.0 = Debug|ARM
		{5863ED50-0058-441E-BAF3-E1411887372C}.Debug|ARM.Deploy.0 = Debug|ARM
		{5863ED50-0058-441E-BAF3-E1411887372C}.Debug|iPhone.ActiveCfg = Debug|x86
		{5863ED50-0058-441E-BAF3-E1411887372C}.Debug|iPhoneSimulator.ActiveCfg = Debug|x86
		{5863ED50-0058-441E-BAF3-E1411887372C}.Debug|x64.ActiveCfg = Debug|x64
		{5863ED50-0058-441E-BAF3-E1411887372C}.Debug|x64.Build.0 = Debug|x64
		{5863ED50-0058-441E-BAF3-E1411887372C}.Debug|x64.Deploy.0 = Debug|x64
		{5863ED50-0058-441E-BAF3-E1411887372C}.Debug|x86.ActiveCfg = Debug|x86
		{5863ED50-0058-441E-BAF3-E1411887372C}.Debug|x86.Build.0 = Debug|x86
		{5863ED50-0058-441E-BAF3-E1411887372C}.Debug|x86.Deploy.0 = Debug|x86
		{5863ED50-0058-441E-BAF3-E1411887372C}.Release|Any CPU.ActiveCfg = Release|x86
		{5863ED50-0058-441E-BAF3-E1411887372C}.Release|ARM.ActiveCfg = Release|ARM
		{5863ED50-0058-441E-BAF3-E1411887372C}.Release|ARM.Build.0 = Release|ARM
		{5863ED50-0058-441E-BAF3-E1411887372C}.Release|ARM.Deploy.0 = Release|ARM
		{5863ED50-0058-441E-BAF3-E1411887372C}.Release|iPhone.ActiveCfg = Release|x86
		{5863ED50-0058-441E-BAF3-E1411887372C}.Release|iPhoneSimulator.ActiveCfg = Release|x86
		{5863ED50-0058-441E-BAF3-E1411887372C}.Release|x64.ActiveCfg = Release|x64
		{5863ED50-0058-441E-BAF3-E1411887372C}.Release|x64.Build.0 = Release|x64
		{5863ED50-0058-441E-BAF3-E1411887372C}.Release|x64.Deploy.0 = Release|x64
		{5863ED50-0058-441E-BAF3-E1411887372C}.Release|x86.ActiveCfg = Release|x86
		{5863ED50-0058-441E-BAF3-E1411887372C}.Release|x86.Build.0 = Release|x86
		{5863ED50-0058-441E-BAF3-E1411887372C}.Release|x86.Deploy.0 = Release|x86
		{80CBAF9B-773A-4506-9910-655584B03F59}.Ad-Hoc|Any CPU.ActiveCfg = Release|Any CPU
		{80CBAF9B-773A-4506-9910-655584B03F59}.Ad-Hoc|Any CPU.Build.0 = Release|Any CPU
		{80CBAF9B-773A-4506-9910-655584B03F59}.Ad-Hoc|ARM.ActiveCfg = Release|Any CPU
		{80CBAF9B-773A-4506-9910-655584B03F59}.Ad-Hoc|ARM.Build.0 = Release|Any CPU
		{80CBAF9B-773A-4506-9910-655584B03F59}.Ad-Hoc|iPhone.ActiveCfg = Release|Any CPU
		{80CBAF9B-773A-4506-9910-655584B03F59}.Ad-Hoc|iPhone.Build.0 = Release|Any CPU
		{80CBAF9B-773A-4506-9910-655584B03F59}.Ad-Hoc|iPhoneSimulator.ActiveCfg = Release|Any CPU
		{80CBAF9B-773A-4506-9910-655584B03F59}.Ad-Hoc|iPhoneSimulator.Build.0 = Release|Any CPU
		{80CBAF9B-773A-4506-9910-655584B03F59}.Ad-Hoc|x64.ActiveCfg = Release|Any CPU
		{80CBAF9B-773A-4506-9910-655584B03F59}.Ad-Hoc|x64.Build.0 = Release|Any CPU
		{80CBAF9B-773A-4506-9910-655584B03F59}.Ad-Hoc|x86.ActiveCfg = Release|Any CPU
		{80CBAF9B-773A-4506-9910-655584B03F59}.Ad-Hoc|x86.Build.0 = Release|Any CPU
		{80CBAF9B-773A-4506-9910-655584B03F59}.AppStore|Any CPU.ActiveCfg = Release|Any CPU
		{80CBAF9B-773A-4506-9910-655584B03F59}.AppStore|Any CPU.Build.0 = Release|Any CPU
		{80CBAF9B-773A-4506-9910-655584B03F59}.AppStore|ARM.ActiveCfg = Release|Any CPU
		{80CBAF9B-773A-4506-9910-655584B03F59}.AppStore|ARM.Build.0 = Release|Any CPU
		{80CBAF9B-773A-4506-9910-655584B03F59}.AppStore|iPhone.ActiveCfg = Release|Any CPU
		{80CBAF9B-773A-4506-9910-655584B03F59}.AppStore|iPhone.Build.0 = Release|Any CPU
		{80CBAF9B-773A-4506-9910-655584B03F59}.AppStore|iPhoneSimulator.ActiveCfg = Release|Any CPU
		{80CBAF9B-773A-4506-9910-655584B03F59}.AppStore|iPhoneSimulator.Build.0 = Release|Any CPU
		{80CBAF9B-773A-4506-9910-655584B03F59}.AppStore|x64.ActiveCfg = Release|Any CPU
		{80CBAF9B-773A-4506-9910-655584B03F59}.AppStore|x64.Build.0 = Release|Any CPU
		{80CBAF9B-773A-4506-9910-655584B03F59}.AppStore|x86.ActiveCfg = Release|Any CPU
		{80CBAF9B-773A-4506-9910-655584B03F59}.AppStore|x86.Build.0 = Release|Any CPU
		{80CBAF9B-773A-4506-9910-655584B03F59}.Debug|Any CPU.ActiveCfg = Debug|Any CPU
		{80CBAF9B-773A-4506-9910-655584B03F59}.Debug|Any CPU.Build.0 = Debug|Any CPU
		{80CBAF9B-773A-4506-9910-655584B03F59}.Debug|ARM.ActiveCfg = Debug|Any CPU
		{80CBAF9B-773A-4506-9910-655584B03F59}.Debug|ARM.Build.0 = Debug|Any CPU
		{80CBAF9B-773A-4506-9910-655584B03F59}.Debug|iPhone.ActiveCfg = Debug|Any CPU
		{80CBAF9B-773A-4506-9910-655584B03F59}.Debug|iPhone.Build.0 = Debug|Any CPU
		{80CBAF9B-773A-4506-9910-655584B03F59}.Debug|iPhoneSimulator.ActiveCfg = Debug|Any CPU
		{80CBAF9B-773A-4506-9910-655584B03F59}.Debug|iPhoneSimulator.Build.0 = Debug|Any CPU
		{80CBAF9B-773A-4506-9910-655584B03F59}.Debug|x64.ActiveCfg = Debug|Any CPU
		{80CBAF9B-773A-4506-9910-655584B03F59}.Debug|x64.Build.0 = Debug|Any CPU
		{80CBAF9B-773A-4506-9910-655584B03F59}.Debug|x86.ActiveCfg = Debug|Any CPU
		{80CBAF9B-773A-4506-9910-655584B03F59}.Debug|x86.Build.0 = Debug|Any CPU
		{80CBAF9B-773A-4506-9910-655584B03F59}.Release|Any CPU.ActiveCfg = Release|Any CPU
		{80CBAF9B-773A-4506-9910-655584B03F59}.Release|Any CPU.Build.0 = Release|Any CPU
		{80CBAF9B-773A-4506-9910-655584B03F59}.Release|ARM.ActiveCfg = Release|Any CPU
		{80CBAF9B-773A-4506-9910-655584B03F59}.Release|ARM.Build.0 = Release|Any CPU
		{80CBAF9B-773A-4506-9910-655584B03F59}.Release|iPhone.ActiveCfg = Release|Any CPU
		{80CBAF9B-773A-4506-9910-655584B03F59}.Release|iPhone.Build.0 = Release|Any CPU
		{80CBAF9B-773A-4506-9910-655584B03F59}.Release|iPhoneSimulator.ActiveCfg = Release|Any CPU
		{80CBAF9B-773A-4506-9910-655584B03F59}.Release|iPhoneSimulator.Build.0 = Release|Any CPU
		{80CBAF9B-773A-4506-9910-655584B03F59}.Release|x64.ActiveCfg = Release|Any CPU
		{80CBAF9B-773A-4506-9910-655584B03F59}.Release|x64.Build.0 = Release|Any CPU
		{80CBAF9B-773A-4506-9910-655584B03F59}.Release|x86.ActiveCfg = Release|Any CPU
		{80CBAF9B-773A-4506-9910-655584B03F59}.Release|x86.Build.0 = Release|Any CPU
		{AD50CC3F-E0FE-4E21-986A-F550065F7D24}.Ad-Hoc|Any CPU.ActiveCfg = Release|Any CPU
		{AD50CC3F-E0FE-4E21-986A-F550065F7D24}.Ad-Hoc|Any CPU.Build.0 = Release|Any CPU
		{AD50CC3F-E0FE-4E21-986A-F550065F7D24}.Ad-Hoc|ARM.ActiveCfg = Release|Any CPU
		{AD50CC3F-E0FE-4E21-986A-F550065F7D24}.Ad-Hoc|ARM.Build.0 = Release|Any CPU
		{AD50CC3F-E0FE-4E21-986A-F550065F7D24}.Ad-Hoc|iPhone.ActiveCfg = Release|Any CPU
		{AD50CC3F-E0FE-4E21-986A-F550065F7D24}.Ad-Hoc|iPhone.Build.0 = Release|Any CPU
		{AD50CC3F-E0FE-4E21-986A-F550065F7D24}.Ad-Hoc|iPhoneSimulator.ActiveCfg = Release|Any CPU
		{AD50CC3F-E0FE-4E21-986A-F550065F7D24}.Ad-Hoc|iPhoneSimulator.Build.0 = Release|Any CPU
		{AD50CC3F-E0FE-4E21-986A-F550065F7D24}.Ad-Hoc|x64.ActiveCfg = Release|Any CPU
		{AD50CC3F-E0FE-4E21-986A-F550065F7D24}.Ad-Hoc|x64.Build.0 = Release|Any CPU
		{AD50CC3F-E0FE-4E21-986A-F550065F7D24}.Ad-Hoc|x86.ActiveCfg = Release|Any CPU
		{AD50CC3F-E0FE-4E21-986A-F550065F7D24}.Ad-Hoc|x86.Build.0 = Release|Any CPU
		{AD50CC3F-E0FE-4E21-986A-F550065F7D24}.AppStore|Any CPU.ActiveCfg = Release|Any CPU
		{AD50CC3F-E0FE-4E21-986A-F550065F7D24}.AppStore|Any CPU.Build.0 = Release|Any CPU
		{AD50CC3F-E0FE-4E21-986A-F550065F7D24}.AppStore|ARM.ActiveCfg = Release|Any CPU
		{AD50CC3F-E0FE-4E21-986A-F550065F7D24}.AppStore|ARM.Build.0 = Release|Any CPU
		{AD50CC3F-E0FE-4E21-986A-F550065F7D24}.AppStore|iPhone.ActiveCfg = Release|Any CPU
		{AD50CC3F-E0FE-4E21-986A-F550065F7D24}.AppStore|iPhone.Build.0 = Release|Any CPU
		{AD50CC3F-E0FE-4E21-986A-F550065F7D24}.AppStore|iPhoneSimulator.ActiveCfg = Release|Any CPU
		{AD50CC3F-E0FE-4E21-986A-F550065F7D24}.AppStore|iPhoneSimulator.Build.0 = Release|Any CPU
		{AD50CC3F-E0FE-4E21-986A-F550065F7D24}.AppStore|x64.ActiveCfg = Release|Any CPU
		{AD50CC3F-E0FE-4E21-986A-F550065F7D24}.AppStore|x64.Build.0 = Release|Any CPU
		{AD50CC3F-E0FE-4E21-986A-F550065F7D24}.AppStore|x86.ActiveCfg = Release|Any CPU
		{AD50CC3F-E0FE-4E21-986A-F550065F7D24}.AppStore|x86.Build.0 = Release|Any CPU
		{AD50CC3F-E0FE-4E21-986A-F550065F7D24}.Debug|Any CPU.ActiveCfg = Debug|Any CPU
		{AD50CC3F-E0FE-4E21-986A-F550065F7D24}.Debug|Any CPU.Build.0 = Debug|Any CPU
		{AD50CC3F-E0FE-4E21-986A-F550065F7D24}.Debug|ARM.ActiveCfg = Debug|Any CPU
		{AD50CC3F-E0FE-4E21-986A-F550065F7D24}.Debug|ARM.Build.0 = Debug|Any CPU
		{AD50CC3F-E0FE-4E21-986A-F550065F7D24}.Debug|iPhone.ActiveCfg = Debug|Any CPU
		{AD50CC3F-E0FE-4E21-986A-F550065F7D24}.Debug|iPhone.Build.0 = Debug|Any CPU
		{AD50CC3F-E0FE-4E21-986A-F550065F7D24}.Debug|iPhoneSimulator.ActiveCfg = Debug|Any CPU
		{AD50CC3F-E0FE-4E21-986A-F550065F7D24}.Debug|iPhoneSimulator.Build.0 = Debug|Any CPU
		{AD50CC3F-E0FE-4E21-986A-F550065F7D24}.Debug|x64.ActiveCfg = Debug|Any CPU
		{AD50CC3F-E0FE-4E21-986A-F550065F7D24}.Debug|x64.Build.0 = Debug|Any CPU
		{AD50CC3F-E0FE-4E21-986A-F550065F7D24}.Debug|x86.ActiveCfg = Debug|Any CPU
		{AD50CC3F-E0FE-4E21-986A-F550065F7D24}.Debug|x86.Build.0 = Debug|Any CPU
		{AD50CC3F-E0FE-4E21-986A-F550065F7D24}.Release|Any CPU.ActiveCfg = Release|Any CPU
		{AD50CC3F-E0FE-4E21-986A-F550065F7D24}.Release|Any CPU.Build.0 = Release|Any CPU
		{AD50CC3F-E0FE-4E21-986A-F550065F7D24}.Release|ARM.ActiveCfg = Release|Any CPU
		{AD50CC3F-E0FE-4E21-986A-F550065F7D24}.Release|ARM.Build.0 = Release|Any CPU
		{AD50CC3F-E0FE-4E21-986A-F550065F7D24}.Release|iPhone.ActiveCfg = Release|Any CPU
		{AD50CC3F-E0FE-4E21-986A-F550065F7D24}.Release|iPhone.Build.0 = Release|Any CPU
		{AD50CC3F-E0FE-4E21-986A-F550065F7D24}.Release|iPhoneSimulator.ActiveCfg = Release|Any CPU
		{AD50CC3F-E0FE-4E21-986A-F550065F7D24}.Release|iPhoneSimulator.Build.0 = Release|Any CPU
		{AD50CC3F-E0FE-4E21-986A-F550065F7D24}.Release|x64.ActiveCfg = Release|Any CPU
		{AD50CC3F-E0FE-4E21-986A-F550065F7D24}.Release|x64.Build.0 = Release|Any CPU
		{AD50CC3F-E0FE-4E21-986A-F550065F7D24}.Release|x86.ActiveCfg = Release|Any CPU
		{AD50CC3F-E0FE-4E21-986A-F550065F7D24}.Release|x86.Build.0 = Release|Any CPU
		{24F4085B-D960-4EF5-8FEB-C25FFE23D88F}.Ad-Hoc|Any CPU.ActiveCfg = Release|Any CPU
		{24F4085B-D960-4EF5-8FEB-C25FFE23D88F}.Ad-Hoc|Any CPU.Build.0 = Release|Any CPU
		{24F4085B-D960-4EF5-8FEB-C25FFE23D88F}.Ad-Hoc|ARM.ActiveCfg = Release|Any CPU
		{24F4085B-D960-4EF5-8FEB-C25FFE23D88F}.Ad-Hoc|ARM.Build.0 = Release|Any CPU
		{24F4085B-D960-4EF5-8FEB-C25FFE23D88F}.Ad-Hoc|iPhone.ActiveCfg = Release|Any CPU
		{24F4085B-D960-4EF5-8FEB-C25FFE23D88F}.Ad-Hoc|iPhone.Build.0 = Release|Any CPU
		{24F4085B-D960-4EF5-8FEB-C25FFE23D88F}.Ad-Hoc|iPhoneSimulator.ActiveCfg = Release|Any CPU
		{24F4085B-D960-4EF5-8FEB-C25FFE23D88F}.Ad-Hoc|iPhoneSimulator.Build.0 = Release|Any CPU
		{24F4085B-D960-4EF5-8FEB-C25FFE23D88F}.Ad-Hoc|x64.ActiveCfg = Release|Any CPU
		{24F4085B-D960-4EF5-8FEB-C25FFE23D88F}.Ad-Hoc|x64.Build.0 = Release|Any CPU
		{24F4085B-D960-4EF5-8FEB-C25FFE23D88F}.Ad-Hoc|x86.ActiveCfg = Release|Any CPU
		{24F4085B-D960-4EF5-8FEB-C25FFE23D88F}.Ad-Hoc|x86.Build.0 = Release|Any CPU
		{24F4085B-D960-4EF5-8FEB-C25FFE23D88F}.AppStore|Any CPU.ActiveCfg = Release|Any CPU
		{24F4085B-D960-4EF5-8FEB-C25FFE23D88F}.AppStore|Any CPU.Build.0 = Release|Any CPU
		{24F4085B-D960-4EF5-8FEB-C25FFE23D88F}.AppStore|ARM.ActiveCfg = Release|Any CPU
		{24F4085B-D960-4EF5-8FEB-C25FFE23D88F}.AppStore|ARM.Build.0 = Release|Any CPU
		{24F4085B-D960-4EF5-8FEB-C25FFE23D88F}.AppStore|iPhone.ActiveCfg = Release|Any CPU
		{24F4085B-D960-4EF5-8FEB-C25FFE23D88F}.AppStore|iPhone.Build.0 = Release|Any CPU
		{24F4085B-D960-4EF5-8FEB-C25FFE23D88F}.AppStore|iPhoneSimulator.ActiveCfg = Release|Any CPU
		{24F4085B-D960-4EF5-8FEB-C25FFE23D88F}.AppStore|iPhoneSimulator.Build.0 = Release|Any CPU
		{24F4085B-D960-4EF5-8FEB-C25FFE23D88F}.AppStore|x64.ActiveCfg = Release|Any CPU
		{24F4085B-D960-4EF5-8FEB-C25FFE23D88F}.AppStore|x64.Build.0 = Release|Any CPU
		{24F4085B-D960-4EF5-8FEB-C25FFE23D88F}.AppStore|x86.ActiveCfg = Release|Any CPU
		{24F4085B-D960-4EF5-8FEB-C25FFE23D88F}.AppStore|x86.Build.0 = Release|Any CPU
		{24F4085B-D960-4EF5-8FEB-C25FFE23D88F}.Debug|Any CPU.ActiveCfg = Debug|Any CPU
		{24F4085B-D960-4EF5-8FEB-C25FFE23D88F}.Debug|Any CPU.Build.0 = Debug|Any CPU
		{24F4085B-D960-4EF5-8FEB-C25FFE23D88F}.Debug|Any CPU.Deploy.0 = Debug|Any CPU
		{24F4085B-D960-4EF5-8FEB-C25FFE23D88F}.Debug|ARM.ActiveCfg = Debug|Any CPU
		{24F4085B-D960-4EF5-8FEB-C25FFE23D88F}.Debug|ARM.Build.0 = Debug|Any CPU
		{24F4085B-D960-4EF5-8FEB-C25FFE23D88F}.Debug|iPhone.ActiveCfg = Debug|Any CPU
		{24F4085B-D960-4EF5-8FEB-C25FFE23D88F}.Debug|iPhone.Build.0 = Debug|Any CPU
		{24F4085B-D960-4EF5-8FEB-C25FFE23D88F}.Debug|iPhoneSimulator.ActiveCfg = Debug|Any CPU
		{24F4085B-D960-4EF5-8FEB-C25FFE23D88F}.Debug|iPhoneSimulator.Build.0 = Debug|Any CPU
		{24F4085B-D960-4EF5-8FEB-C25FFE23D88F}.Debug|x64.ActiveCfg = Debug|Any CPU
		{24F4085B-D960-4EF5-8FEB-C25FFE23D88F}.Debug|x64.Build.0 = Debug|Any CPU
		{24F4085B-D960-4EF5-8FEB-C25FFE23D88F}.Debug|x86.ActiveCfg = Debug|Any CPU
		{24F4085B-D960-4EF5-8FEB-C25FFE23D88F}.Debug|x86.Build.0 = Debug|Any CPU
		{24F4085B-D960-4EF5-8FEB-C25FFE23D88F}.Release|Any CPU.ActiveCfg = Release|Any CPU
		{24F4085B-D960-4EF5-8FEB-C25FFE23D88F}.Release|Any CPU.Build.0 = Release|Any CPU
		{24F4085B-D960-4EF5-8FEB-C25FFE23D88F}.Release|Any CPU.Deploy.0 = Release|Any CPU
		{24F4085B-D960-4EF5-8FEB-C25FFE23D88F}.Release|ARM.ActiveCfg = Release|Any CPU
		{24F4085B-D960-4EF5-8FEB-C25FFE23D88F}.Release|ARM.Build.0 = Release|Any CPU
		{24F4085B-D960-4EF5-8FEB-C25FFE23D88F}.Release|iPhone.ActiveCfg = Release|Any CPU
		{24F4085B-D960-4EF5-8FEB-C25FFE23D88F}.Release|iPhone.Build.0 = Release|Any CPU
		{24F4085B-D960-4EF5-8FEB-C25FFE23D88F}.Release|iPhoneSimulator.ActiveCfg = Release|Any CPU
		{24F4085B-D960-4EF5-8FEB-C25FFE23D88F}.Release|iPhoneSimulator.Build.0 = Release|Any CPU
		{24F4085B-D960-4EF5-8FEB-C25FFE23D88F}.Release|x64.ActiveCfg = Release|Any CPU
		{24F4085B-D960-4EF5-8FEB-C25FFE23D88F}.Release|x64.Build.0 = Release|Any CPU
		{24F4085B-D960-4EF5-8FEB-C25FFE23D88F}.Release|x86.ActiveCfg = Release|Any CPU
		{24F4085B-D960-4EF5-8FEB-C25FFE23D88F}.Release|x86.Build.0 = Release|Any CPU
		{EEBAC077-C8CA-4D3A-B5BC-8B42B751A57C}.Ad-Hoc|Any CPU.ActiveCfg = Release|Any CPU
		{EEBAC077-C8CA-4D3A-B5BC-8B42B751A57C}.Ad-Hoc|Any CPU.Build.0 = Release|Any CPU
		{EEBAC077-C8CA-4D3A-B5BC-8B42B751A57C}.Ad-Hoc|ARM.ActiveCfg = Release|Any CPU
		{EEBAC077-C8CA-4D3A-B5BC-8B42B751A57C}.Ad-Hoc|ARM.Build.0 = Release|Any CPU
		{EEBAC077-C8CA-4D3A-B5BC-8B42B751A57C}.Ad-Hoc|iPhone.ActiveCfg = Release|Any CPU
		{EEBAC077-C8CA-4D3A-B5BC-8B42B751A57C}.Ad-Hoc|iPhone.Build.0 = Release|Any CPU
		{EEBAC077-C8CA-4D3A-B5BC-8B42B751A57C}.Ad-Hoc|iPhoneSimulator.ActiveCfg = Release|Any CPU
		{EEBAC077-C8CA-4D3A-B5BC-8B42B751A57C}.Ad-Hoc|iPhoneSimulator.Build.0 = Release|Any CPU
		{EEBAC077-C8CA-4D3A-B5BC-8B42B751A57C}.Ad-Hoc|x64.ActiveCfg = Release|Any CPU
		{EEBAC077-C8CA-4D3A-B5BC-8B42B751A57C}.Ad-Hoc|x64.Build.0 = Release|Any CPU
		{EEBAC077-C8CA-4D3A-B5BC-8B42B751A57C}.Ad-Hoc|x86.ActiveCfg = Release|Any CPU
		{EEBAC077-C8CA-4D3A-B5BC-8B42B751A57C}.Ad-Hoc|x86.Build.0 = Release|Any CPU
		{EEBAC077-C8CA-4D3A-B5BC-8B42B751A57C}.AppStore|Any CPU.ActiveCfg = Release|Any CPU
		{EEBAC077-C8CA-4D3A-B5BC-8B42B751A57C}.AppStore|Any CPU.Build.0 = Release|Any CPU
		{EEBAC077-C8CA-4D3A-B5BC-8B42B751A57C}.AppStore|ARM.ActiveCfg = Release|Any CPU
		{EEBAC077-C8CA-4D3A-B5BC-8B42B751A57C}.AppStore|ARM.Build.0 = Release|Any CPU
		{EEBAC077-C8CA-4D3A-B5BC-8B42B751A57C}.AppStore|iPhone.ActiveCfg = Release|Any CPU
		{EEBAC077-C8CA-4D3A-B5BC-8B42B751A57C}.AppStore|iPhone.Build.0 = Release|Any CPU
		{EEBAC077-C8CA-4D3A-B5BC-8B42B751A57C}.AppStore|iPhoneSimulator.ActiveCfg = Release|Any CPU
		{EEBAC077-C8CA-4D3A-B5BC-8B42B751A57C}.AppStore|iPhoneSimulator.Build.0 = Release|Any CPU
		{EEBAC077-C8CA-4D3A-B5BC-8B42B751A57C}.AppStore|x64.ActiveCfg = Release|Any CPU
		{EEBAC077-C8CA-4D3A-B5BC-8B42B751A57C}.AppStore|x64.Build.0 = Release|Any CPU
		{EEBAC077-C8CA-4D3A-B5BC-8B42B751A57C}.AppStore|x86.ActiveCfg = Release|Any CPU
		{EEBAC077-C8CA-4D3A-B5BC-8B42B751A57C}.AppStore|x86.Build.0 = Release|Any CPU
		{EEBAC077-C8CA-4D3A-B5BC-8B42B751A57C}.Debug|Any CPU.ActiveCfg = Debug|Any CPU
		{EEBAC077-C8CA-4D3A-B5BC-8B42B751A57C}.Debug|Any CPU.Build.0 = Debug|Any CPU
		{EEBAC077-C8CA-4D3A-B5BC-8B42B751A57C}.Debug|ARM.ActiveCfg = Debug|Any CPU
		{EEBAC077-C8CA-4D3A-B5BC-8B42B751A57C}.Debug|ARM.Build.0 = Debug|Any CPU
		{EEBAC077-C8CA-4D3A-B5BC-8B42B751A57C}.Debug|iPhone.ActiveCfg = Debug|Any CPU
		{EEBAC077-C8CA-4D3A-B5BC-8B42B751A57C}.Debug|iPhone.Build.0 = Debug|Any CPU
		{EEBAC077-C8CA-4D3A-B5BC-8B42B751A57C}.Debug|iPhoneSimulator.ActiveCfg = Debug|Any CPU
		{EEBAC077-C8CA-4D3A-B5BC-8B42B751A57C}.Debug|iPhoneSimulator.Build.0 = Debug|Any CPU
		{EEBAC077-C8CA-4D3A-B5BC-8B42B751A57C}.Debug|x64.ActiveCfg = Debug|Any CPU
		{EEBAC077-C8CA-4D3A-B5BC-8B42B751A57C}.Debug|x64.Build.0 = Debug|Any CPU
		{EEBAC077-C8CA-4D3A-B5BC-8B42B751A57C}.Debug|x86.ActiveCfg = Debug|Any CPU
		{EEBAC077-C8CA-4D3A-B5BC-8B42B751A57C}.Debug|x86.Build.0 = Debug|Any CPU
		{EEBAC077-C8CA-4D3A-B5BC-8B42B751A57C}.Release|Any CPU.ActiveCfg = Release|Any CPU
		{EEBAC077-C8CA-4D3A-B5BC-8B42B751A57C}.Release|Any CPU.Build.0 = Release|Any CPU
		{EEBAC077-C8CA-4D3A-B5BC-8B42B751A57C}.Release|ARM.ActiveCfg = Release|Any CPU
		{EEBAC077-C8CA-4D3A-B5BC-8B42B751A57C}.Release|ARM.Build.0 = Release|Any CPU
		{EEBAC077-C8CA-4D3A-B5BC-8B42B751A57C}.Release|iPhone.ActiveCfg = Release|Any CPU
		{EEBAC077-C8CA-4D3A-B5BC-8B42B751A57C}.Release|iPhone.Build.0 = Release|Any CPU
		{EEBAC077-C8CA-4D3A-B5BC-8B42B751A57C}.Release|iPhoneSimulator.ActiveCfg = Release|Any CPU
		{EEBAC077-C8CA-4D3A-B5BC-8B42B751A57C}.Release|iPhoneSimulator.Build.0 = Release|Any CPU
		{EEBAC077-C8CA-4D3A-B5BC-8B42B751A57C}.Release|x64.ActiveCfg = Release|Any CPU
		{EEBAC077-C8CA-4D3A-B5BC-8B42B751A57C}.Release|x64.Build.0 = Release|Any CPU
		{EEBAC077-C8CA-4D3A-B5BC-8B42B751A57C}.Release|x86.ActiveCfg = Release|Any CPU
		{EEBAC077-C8CA-4D3A-B5BC-8B42B751A57C}.Release|x86.Build.0 = Release|Any CPU
		{1C71E5C2-444B-4EBE-A96F-E6C6695DABFD}.Ad-Hoc|Any CPU.ActiveCfg = Release|x64
		{1C71E5C2-444B-4EBE-A96F-E6C6695DABFD}.Ad-Hoc|Any CPU.Build.0 = Release|x64
		{1C71E5C2-444B-4EBE-A96F-E6C6695DABFD}.Ad-Hoc|Any CPU.Deploy.0 = Release|x64
		{1C71E5C2-444B-4EBE-A96F-E6C6695DABFD}.Ad-Hoc|ARM.ActiveCfg = Release|ARM
		{1C71E5C2-444B-4EBE-A96F-E6C6695DABFD}.Ad-Hoc|ARM.Build.0 = Release|ARM
		{1C71E5C2-444B-4EBE-A96F-E6C6695DABFD}.Ad-Hoc|ARM.Deploy.0 = Release|ARM
		{1C71E5C2-444B-4EBE-A96F-E6C6695DABFD}.Ad-Hoc|ARM64.ActiveCfg = Release|ARM64
		{1C71E5C2-444B-4EBE-A96F-E6C6695DABFD}.Ad-Hoc|ARM64.Build.0 = Release|ARM64
		{1C71E5C2-444B-4EBE-A96F-E6C6695DABFD}.Ad-Hoc|ARM64.Deploy.0 = Release|ARM64
		{1C71E5C2-444B-4EBE-A96F-E6C6695DABFD}.Ad-Hoc|iPhone.ActiveCfg = Release|x64
		{1C71E5C2-444B-4EBE-A96F-E6C6695DABFD}.Ad-Hoc|iPhone.Build.0 = Release|x64
		{1C71E5C2-444B-4EBE-A96F-E6C6695DABFD}.Ad-Hoc|iPhone.Deploy.0 = Release|x64
		{1C71E5C2-444B-4EBE-A96F-E6C6695DABFD}.Ad-Hoc|iPhoneSimulator.ActiveCfg = Release|x64
		{1C71E5C2-444B-4EBE-A96F-E6C6695DABFD}.Ad-Hoc|iPhoneSimulator.Build.0 = Release|x64
		{1C71E5C2-444B-4EBE-A96F-E6C6695DABFD}.Ad-Hoc|iPhoneSimulator.Deploy.0 = Release|x64
		{1C71E5C2-444B-4EBE-A96F-E6C6695DABFD}.Ad-Hoc|x64.ActiveCfg = Release|x64
		{1C71E5C2-444B-4EBE-A96F-E6C6695DABFD}.Ad-Hoc|x64.Build.0 = Release|x64
		{1C71E5C2-444B-4EBE-A96F-E6C6695DABFD}.Ad-Hoc|x64.Deploy.0 = Release|x64
		{1C71E5C2-444B-4EBE-A96F-E6C6695DABFD}.Ad-Hoc|x86.ActiveCfg = Release|x86
		{1C71E5C2-444B-4EBE-A96F-E6C6695DABFD}.Ad-Hoc|x86.Build.0 = Release|x86
		{1C71E5C2-444B-4EBE-A96F-E6C6695DABFD}.Ad-Hoc|x86.Deploy.0 = Release|x86
		{1C71E5C2-444B-4EBE-A96F-E6C6695DABFD}.AppStore|Any CPU.ActiveCfg = Release|x64
		{1C71E5C2-444B-4EBE-A96F-E6C6695DABFD}.AppStore|Any CPU.Build.0 = Release|x64
		{1C71E5C2-444B-4EBE-A96F-E6C6695DABFD}.AppStore|Any CPU.Deploy.0 = Release|x64
		{1C71E5C2-444B-4EBE-A96F-E6C6695DABFD}.AppStore|ARM.ActiveCfg = Release|ARM
		{1C71E5C2-444B-4EBE-A96F-E6C6695DABFD}.AppStore|ARM.Build.0 = Release|ARM
		{1C71E5C2-444B-4EBE-A96F-E6C6695DABFD}.AppStore|ARM.Deploy.0 = Release|ARM
		{1C71E5C2-444B-4EBE-A96F-E6C6695DABFD}.AppStore|ARM64.ActiveCfg = Release|ARM64
		{1C71E5C2-444B-4EBE-A96F-E6C6695DABFD}.AppStore|ARM64.Build.0 = Release|ARM64
		{1C71E5C2-444B-4EBE-A96F-E6C6695DABFD}.AppStore|ARM64.Deploy.0 = Release|ARM64
		{1C71E5C2-444B-4EBE-A96F-E6C6695DABFD}.AppStore|iPhone.ActiveCfg = Release|x64
		{1C71E5C2-444B-4EBE-A96F-E6C6695DABFD}.AppStore|iPhone.Build.0 = Release|x64
		{1C71E5C2-444B-4EBE-A96F-E6C6695DABFD}.AppStore|iPhone.Deploy.0 = Release|x64
		{1C71E5C2-444B-4EBE-A96F-E6C6695DABFD}.AppStore|iPhoneSimulator.ActiveCfg = Release|x64
		{1C71E5C2-444B-4EBE-A96F-E6C6695DABFD}.AppStore|iPhoneSimulator.Build.0 = Release|x64
		{1C71E5C2-444B-4EBE-A96F-E6C6695DABFD}.AppStore|iPhoneSimulator.Deploy.0 = Release|x64
		{1C71E5C2-444B-4EBE-A96F-E6C6695DABFD}.AppStore|x64.ActiveCfg = Release|x64
		{1C71E5C2-444B-4EBE-A96F-E6C6695DABFD}.AppStore|x64.Build.0 = Release|x64
		{1C71E5C2-444B-4EBE-A96F-E6C6695DABFD}.AppStore|x64.Deploy.0 = Release|x64
		{1C71E5C2-444B-4EBE-A96F-E6C6695DABFD}.AppStore|x86.ActiveCfg = Release|x86
		{1C71E5C2-444B-4EBE-A96F-E6C6695DABFD}.AppStore|x86.Build.0 = Release|x86
		{1C71E5C2-444B-4EBE-A96F-E6C6695DABFD}.AppStore|x86.Deploy.0 = Release|x86
		{1C71E5C2-444B-4EBE-A96F-E6C6695DABFD}.Debug|Any CPU.ActiveCfg = Debug|x86
		{1C71E5C2-444B-4EBE-A96F-E6C6695DABFD}.Debug|ARM.ActiveCfg = Debug|ARM
		{1C71E5C2-444B-4EBE-A96F-E6C6695DABFD}.Debug|ARM.Build.0 = Debug|ARM
		{1C71E5C2-444B-4EBE-A96F-E6C6695DABFD}.Debug|ARM.Deploy.0 = Debug|ARM
		{1C71E5C2-444B-4EBE-A96F-E6C6695DABFD}.Debug|ARM64.ActiveCfg = Debug|ARM64
		{1C71E5C2-444B-4EBE-A96F-E6C6695DABFD}.Debug|ARM64.Build.0 = Debug|ARM64
		{1C71E5C2-444B-4EBE-A96F-E6C6695DABFD}.Debug|ARM64.Deploy.0 = Debug|ARM64
		{1C71E5C2-444B-4EBE-A96F-E6C6695DABFD}.Debug|iPhone.ActiveCfg = Debug|x86
		{1C71E5C2-444B-4EBE-A96F-E6C6695DABFD}.Debug|iPhoneSimulator.ActiveCfg = Debug|x86
		{1C71E5C2-444B-4EBE-A96F-E6C6695DABFD}.Debug|x64.ActiveCfg = Debug|x64
		{1C71E5C2-444B-4EBE-A96F-E6C6695DABFD}.Debug|x64.Build.0 = Debug|x64
		{1C71E5C2-444B-4EBE-A96F-E6C6695DABFD}.Debug|x64.Deploy.0 = Debug|x64
		{1C71E5C2-444B-4EBE-A96F-E6C6695DABFD}.Debug|x86.ActiveCfg = Debug|x86
		{1C71E5C2-444B-4EBE-A96F-E6C6695DABFD}.Debug|x86.Build.0 = Debug|x86
		{1C71E5C2-444B-4EBE-A96F-E6C6695DABFD}.Debug|x86.Deploy.0 = Debug|x86
		{1C71E5C2-444B-4EBE-A96F-E6C6695DABFD}.Release|Any CPU.ActiveCfg = Release|x86
		{1C71E5C2-444B-4EBE-A96F-E6C6695DABFD}.Release|ARM.ActiveCfg = Release|ARM
		{1C71E5C2-444B-4EBE-A96F-E6C6695DABFD}.Release|ARM.Build.0 = Release|ARM
		{1C71E5C2-444B-4EBE-A96F-E6C6695DABFD}.Release|ARM.Deploy.0 = Release|ARM
		{1C71E5C2-444B-4EBE-A96F-E6C6695DABFD}.Release|ARM64.ActiveCfg = Release|ARM64
		{1C71E5C2-444B-4EBE-A96F-E6C6695DABFD}.Release|ARM64.Build.0 = Release|ARM64
		{1C71E5C2-444B-4EBE-A96F-E6C6695DABFD}.Release|ARM64.Deploy.0 = Release|ARM64
		{1C71E5C2-444B-4EBE-A96F-E6C6695DABFD}.Release|iPhone.ActiveCfg = Release|x86
		{1C71E5C2-444B-4EBE-A96F-E6C6695DABFD}.Release|iPhoneSimulator.ActiveCfg = Release|x86
		{1C71E5C2-444B-4EBE-A96F-E6C6695DABFD}.Release|x64.ActiveCfg = Release|x64
		{1C71E5C2-444B-4EBE-A96F-E6C6695DABFD}.Release|x64.Build.0 = Release|x64
		{1C71E5C2-444B-4EBE-A96F-E6C6695DABFD}.Release|x64.Deploy.0 = Release|x64
		{1C71E5C2-444B-4EBE-A96F-E6C6695DABFD}.Release|x86.ActiveCfg = Release|x86
		{1C71E5C2-444B-4EBE-A96F-E6C6695DABFD}.Release|x86.Build.0 = Release|x86
		{1C71E5C2-444B-4EBE-A96F-E6C6695DABFD}.Release|x86.Deploy.0 = Release|x86
	EndGlobalSection
	GlobalSection(SolutionProperties) = preSolution
		HideSolutionNode = FALSE
	EndGlobalSection
	GlobalSection(ExtensibilityGlobals) = postSolution
		SolutionGuid = {F6D05029-56B8-4E45-AF2D-0E76295DDBA2}
	EndGlobalSection
EndGlobal
