
Microsoft Visual Studio Solution File, Format Version 12.00
# Visual Studio 15
VisualStudioVersion = 15.0.26730.10
MinimumVisualStudioVersion = 10.0.40219.1

Project("{6EC3EE1D-3C4E-46DD-8F32-0CC8E7565705}") = "HelloFabulousWorld", "HelloFabulousWorld\HelloFabulousWorld.fsproj", "{F61DCCD5-6059-4DE4-AD37-9183A5C46454}"
EndProject

Project("{F2A71F9B-5D33-465A-A702-920D77279786}") = "HelloFabulousWorld.Android", "HelloFabulousWorld.Android\HelloFabulousWorld.Android.fsproj", "{C6B3463B-DF9F-4A20-9F35-B5D91CE31BED}"
EndProject


Project("{F2A71F9B-5D33-465A-A702-920D77279786}") = "HelloFabulousWorld.iOS", "HelloFabulousWorld.iOS\HelloFabulousWorld.iOS.fsproj", "{8C118041-9AB7-4F5E-A4E7-91D049863ACF}"
EndProject




Global
	GlobalSection(SolutionConfigurationPlatforms) = preSolution
		Ad-Hoc|Any CPU = Ad-Hoc|Any CPU
		Ad-Hoc|ARM = Ad-Hoc|ARM
		Ad-Hoc|iPhone = Ad-Hoc|iPhone
		Ad-Hoc|iPhoneSimulator = Ad-Hoc|iPhoneSimulator
		Ad-Hoc|x64 = Ad-Hoc|x64
		Ad-Hoc|x86 = Ad-Hoc|x86
		AppStore|Any CPU = AppStore|Any CPU
		AppStore|ARM = AppStore|ARM
		AppStore|iPhone = AppStore|iPhone
		AppStore|iPhoneSimulator = AppStore|iPhoneSimulator
		AppStore|x64 = AppStore|x64
		AppStore|x86 = AppStore|x86
		Debug|Any CPU = Debug|Any CPU
		Debug|ARM = Debug|ARM
		Debug|iPhone = Debug|iPhone
		Debug|iPhoneSimulator = Debug|iPhoneSimulator
		Debug|x64 = Debug|x64
		Debug|x86 = Debug|x86
		Release|Any CPU = Release|Any CPU
		Release|ARM = Release|ARM
		Release|iPhone = Release|iPhone
		Release|iPhoneSimulator = Release|iPhoneSimulator
		Release|x64 = Release|x64
		Release|x86 = Release|x86
	EndGlobalSection
	GlobalSection(ProjectConfigurationPlatforms) = postSolution
		{F61DCCD5-6059-4DE4-AD37-9183A5C46454}.Ad-Hoc|Any CPU.ActiveCfg = Debug|Any CPU
		{F61DCCD5-6059-4DE4-AD37-9183A5C46454}.Ad-Hoc|Any CPU.Build.0 = Debug|Any CPU
		{F61DCCD5-6059-4DE4-AD37-9183A5C46454}.Ad-Hoc|ARM.ActiveCfg = Debug|Any CPU
		{F61DCCD5-6059-4DE4-AD37-9183A5C46454}.Ad-Hoc|ARM.Build.0 = Debug|Any CPU
		{F61DCCD5-6059-4DE4-AD37-9183A5C46454}.Ad-Hoc|iPhone.ActiveCfg = Debug|Any CPU
		{F61DCCD5-6059-4DE4-AD37-9183A5C46454}.Ad-Hoc|iPhone.Build.0 = Debug|Any CPU
		{F61DCCD5-6059-4DE4-AD37-9183A5C46454}.Ad-Hoc|iPhoneSimulator.ActiveCfg = Debug|Any CPU
		{F61DCCD5-6059-4DE4-AD37-9183A5C46454}.Ad-Hoc|iPhoneSimulator.Build.0 = Debug|Any CPU
		{F61DCCD5-6059-4DE4-AD37-9183A5C46454}.Ad-Hoc|x64.ActiveCfg = Debug|Any CPU
		{F61DCCD5-6059-4DE4-AD37-9183A5C46454}.Ad-Hoc|x64.Build.0 = Debug|Any CPU
		{F61DCCD5-6059-4DE4-AD37-9183A5C46454}.Ad-Hoc|x86.ActiveCfg = Debug|Any CPU
		{F61DCCD5-6059-4DE4-AD37-9183A5C46454}.Ad-Hoc|x86.Build.0 = Debug|Any CPU
		{F61DCCD5-6059-4DE4-AD37-9183A5C46454}.AppStore|Any CPU.ActiveCfg = Debug|Any CPU
		{F61DCCD5-6059-4DE4-AD37-9183A5C46454}.AppStore|Any CPU.Build.0 = Debug|Any CPU
		{F61DCCD5-6059-4DE4-AD37-9183A5C46454}.AppStore|ARM.ActiveCfg = Debug|Any CPU
		{F61DCCD5-6059-4DE4-AD37-9183A5C46454}.AppStore|ARM.Build.0 = Debug|Any CPU
		{F61DCCD5-6059-4DE4-AD37-9183A5C46454}.AppStore|iPhone.ActiveCfg = Debug|Any CPU
		{F61DCCD5-6059-4DE4-AD37-9183A5C46454}.AppStore|iPhone.Build.0 = Debug|Any CPU
		{F61DCCD5-6059-4DE4-AD37-9183A5C46454}.AppStore|iPhoneSimulator.ActiveCfg = Debug|Any CPU
		{F61DCCD5-6059-4DE4-AD37-9183A5C46454}.AppStore|iPhoneSimulator.Build.0 = Debug|Any CPU
		{F61DCCD5-6059-4DE4-AD37-9183A5C46454}.AppStore|x64.ActiveCfg = Debug|Any CPU
		{F61DCCD5-6059-4DE4-AD37-9183A5C46454}.AppStore|x64.Build.0 = Debug|Any CPU
		{F61DCCD5-6059-4DE4-AD37-9183A5C46454}.AppStore|x86.ActiveCfg = Debug|Any CPU
		{F61DCCD5-6059-4DE4-AD37-9183A5C46454}.AppStore|x86.Build.0 = Debug|Any CPU
		{F61DCCD5-6059-4DE4-AD37-9183A5C46454}.Debug|Any CPU.ActiveCfg = Debug|Any CPU
		{F61DCCD5-6059-4DE4-AD37-9183A5C46454}.Debug|Any CPU.Build.0 = Debug|Any CPU
		{F61DCCD5-6059-4DE4-AD37-9183A5C46454}.Debug|ARM.ActiveCfg = Debug|Any CPU
		{F61DCCD5-6059-4DE4-AD37-9183A5C46454}.Debug|ARM.Build.0 = Debug|Any CPU
		{F61DCCD5-6059-4DE4-AD37-9183A5C46454}.Debug|iPhone.ActiveCfg = Debug|Any CPU
		{F61DCCD5-6059-4DE4-AD37-9183A5C46454}.Debug|iPhone.Build.0 = Debug|Any CPU
		{F61DCCD5-6059-4DE4-AD37-9183A5C46454}.Debug|iPhoneSimulator.ActiveCfg = Debug|Any CPU
		{F61DCCD5-6059-4DE4-AD37-9183A5C46454}.Debug|iPhoneSimulator.Build.0 = Debug|Any CPU
		{F61DCCD5-6059-4DE4-AD37-9183A5C46454}.Debug|x64.ActiveCfg = Debug|Any CPU
		{F61DCCD5-6059-4DE4-AD37-9183A5C46454}.Debug|x64.Build.0 = Debug|Any CPU
		{F61DCCD5-6059-4DE4-AD37-9183A5C46454}.Debug|x86.ActiveCfg = Debug|Any CPU
		{F61DCCD5-6059-4DE4-AD37-9183A5C46454}.Debug|x86.Build.0 = Debug|Any CPU
		{F61DCCD5-6059-4DE4-AD37-9183A5C46454}.Release|Any CPU.ActiveCfg = Release|Any CPU
		{F61DCCD5-6059-4DE4-AD37-9183A5C46454}.Release|Any CPU.Build.0 = Release|Any CPU
		{F61DCCD5-6059-4DE4-AD37-9183A5C46454}.Release|ARM.ActiveCfg = Release|Any CPU
		{F61DCCD5-6059-4DE4-AD37-9183A5C46454}.Release|ARM.Build.0 = Release|Any CPU
		{F61DCCD5-6059-4DE4-AD37-9183A5C46454}.Release|iPhone.ActiveCfg = Release|Any CPU
		{F61DCCD5-6059-4DE4-AD37-9183A5C46454}.Release|iPhone.Build.0 = Release|Any CPU
		{F61DCCD5-6059-4DE4-AD37-9183A5C46454}.Release|iPhoneSimulator.ActiveCfg = Release|Any CPU
		{F61DCCD5-6059-4DE4-AD37-9183A5C46454}.Release|iPhoneSimulator.Build.0 = Release|Any CPU
		{F61DCCD5-6059-4DE4-AD37-9183A5C46454}.Release|x64.ActiveCfg = Release|Any CPU
		{F61DCCD5-6059-4DE4-AD37-9183A5C46454}.Release|x64.Build.0 = Release|Any CPU
		{F61DCCD5-6059-4DE4-AD37-9183A5C46454}.Release|x86.ActiveCfg = Release|Any CPU
		{F61DCCD5-6059-4DE4-AD37-9183A5C46454}.Release|x86.Build.0 = Release|Any CPU
		{8C118041-9AB7-4F5E-A4E7-91D049863ACF}.Ad-Hoc|Any CPU.ActiveCfg = Ad-Hoc|iPhone
		{8C118041-9AB7-4F5E-A4E7-91D049863ACF}.Ad-Hoc|ARM.ActiveCfg = Ad-Hoc|iPhone
		{8C118041-9AB7-4F5E-A4E7-91D049863ACF}.Ad-Hoc|iPhone.ActiveCfg = Ad-Hoc|iPhone
		{8C118041-9AB7-4F5E-A4E7-91D049863ACF}.Ad-Hoc|iPhone.Build.0 = Ad-Hoc|iPhone
		{8C118041-9AB7-4F5E-A4E7-91D049863ACF}.Ad-Hoc|iPhoneSimulator.ActiveCfg = Ad-Hoc|iPhoneSimulator
		{8C118041-9AB7-4F5E-A4E7-91D049863ACF}.Ad-Hoc|iPhoneSimulator.Build.0 = Ad-Hoc|iPhoneSimulator
		{8C118041-9AB7-4F5E-A4E7-91D049863ACF}.Ad-Hoc|x64.ActiveCfg = Ad-Hoc|iPhone
		{8C118041-9AB7-4F5E-A4E7-91D049863ACF}.Ad-Hoc|x86.ActiveCfg = Ad-Hoc|iPhone
		{8C118041-9AB7-4F5E-A4E7-91D049863ACF}.AppStore|Any CPU.ActiveCfg = AppStore|iPhone
		{8C118041-9AB7-4F5E-A4E7-91D049863ACF}.AppStore|ARM.ActiveCfg = AppStore|iPhone
		{8C118041-9AB7-4F5E-A4E7-91D049863ACF}.AppStore|iPhone.ActiveCfg = AppStore|iPhone
		{8C118041-9AB7-4F5E-A4E7-91D049863ACF}.AppStore|iPhone.Build.0 = AppStore|iPhone
		{8C118041-9AB7-4F5E-A4E7-91D049863ACF}.AppStore|iPhoneSimulator.ActiveCfg = AppStore|iPhoneSimulator
		{8C118041-9AB7-4F5E-A4E7-91D049863ACF}.AppStore|iPhoneSimulator.Build.0 = AppStore|iPhoneSimulator
		{8C118041-9AB7-4F5E-A4E7-91D049863ACF}.AppStore|x64.ActiveCfg = AppStore|iPhone
		{8C118041-9AB7-4F5E-A4E7-91D049863ACF}.AppStore|x86.ActiveCfg = AppStore|iPhone
		{8C118041-9AB7-4F5E-A4E7-91D049863ACF}.Debug|Any CPU.ActiveCfg = Debug|iPhone
		{8C118041-9AB7-4F5E-A4E7-91D049863ACF}.Debug|ARM.ActiveCfg = Debug|iPhone
		{8C118041-9AB7-4F5E-A4E7-91D049863ACF}.Debug|iPhone.ActiveCfg = Debug|iPhone
		{8C118041-9AB7-4F5E-A4E7-91D049863ACF}.Debug|iPhone.Build.0 = Debug|iPhone
		{8C118041-9AB7-4F5E-A4E7-91D049863ACF}.Debug|iPhoneSimulator.ActiveCfg = Debug|iPhoneSimulator
		{8C118041-9AB7-4F5E-A4E7-91D049863ACF}.Debug|iPhoneSimulator.Build.0 = Debug|iPhoneSimulator
		{8C118041-9AB7-4F5E-A4E7-91D049863ACF}.Debug|x64.ActiveCfg = Debug|iPhone
		{8C118041-9AB7-4F5E-A4E7-91D049863ACF}.Debug|x86.ActiveCfg = Debug|iPhone
		{8C118041-9AB7-4F5E-A4E7-91D049863ACF}.Release|Any CPU.ActiveCfg = Release|iPhone
		{8C118041-9AB7-4F5E-A4E7-91D049863ACF}.Release|ARM.ActiveCfg = Release|iPhone
		{8C118041-9AB7-4F5E-A4E7-91D049863ACF}.Release|iPhone.ActiveCfg = Release|iPhone
		{8C118041-9AB7-4F5E-A4E7-91D049863ACF}.Release|iPhone.Build.0 = Release|iPhone
		{8C118041-9AB7-4F5E-A4E7-91D049863ACF}.Release|iPhoneSimulator.ActiveCfg = Release|iPhoneSimulator
		{8C118041-9AB7-4F5E-A4E7-91D049863ACF}.Release|iPhoneSimulator.Build.0 = Release|iPhoneSimulator
		{8C118041-9AB7-4F5E-A4E7-91D049863ACF}.Release|x64.ActiveCfg = Release|iPhone
		{8C118041-9AB7-4F5E-A4E7-91D049863ACF}.Release|x86.ActiveCfg = Release|iPhone
		{40495394-A5B2-4EC2-9487-339BB2B2CFB5}.Ad-Hoc|Any CPU.ActiveCfg = Release|x86
		{40495394-A5B2-4EC2-9487-339BB2B2CFB5}.Ad-Hoc|Any CPU.Build.0 = Release|x86
		{40495394-A5B2-4EC2-9487-339BB2B2CFB5}.Ad-Hoc|Any CPU.Deploy.0 = Release|x86
		{40495394-A5B2-4EC2-9487-339BB2B2CFB5}.Ad-Hoc|ARM.ActiveCfg = Release|ARM
		{40495394-A5B2-4EC2-9487-339BB2B2CFB5}.Ad-Hoc|ARM.Build.0 = Release|ARM
		{40495394-A5B2-4EC2-9487-339BB2B2CFB5}.Ad-Hoc|ARM.Deploy.0 = Release|ARM
		{40495394-A5B2-4EC2-9487-339BB2B2CFB5}.Ad-Hoc|iPhone.ActiveCfg = Release|x86
		{40495394-A5B2-4EC2-9487-339BB2B2CFB5}.Ad-Hoc|iPhone.Build.0 = Release|x86
		{40495394-A5B2-4EC2-9487-339BB2B2CFB5}.Ad-Hoc|iPhone.Deploy.0 = Release|x86
		{40495394-A5B2-4EC2-9487-339BB2B2CFB5}.Ad-Hoc|iPhoneSimulator.ActiveCfg = Release|x86
		{40495394-A5B2-4EC2-9487-339BB2B2CFB5}.Ad-Hoc|iPhoneSimulator.Build.0 = Release|x86
		{40495394-A5B2-4EC2-9487-339BB2B2CFB5}.Ad-Hoc|iPhoneSimulator.Deploy.0 = Release|x86
		{40495394-A5B2-4EC2-9487-339BB2B2CFB5}.Ad-Hoc|x64.ActiveCfg = Release|x64
		{40495394-A5B2-4EC2-9487-339BB2B2CFB5}.Ad-Hoc|x64.Build.0 = Release|x64
		{40495394-A5B2-4EC2-9487-339BB2B2CFB5}.Ad-Hoc|x64.Deploy.0 = Release|x64
		{40495394-A5B2-4EC2-9487-339BB2B2CFB5}.Ad-Hoc|x86.ActiveCfg = Release|x86
		{40495394-A5B2-4EC2-9487-339BB2B2CFB5}.Ad-Hoc|x86.Build.0 = Release|x86
		{40495394-A5B2-4EC2-9487-339BB2B2CFB5}.Ad-Hoc|x86.Deploy.0 = Release|x86
		{40495394-A5B2-4EC2-9487-339BB2B2CFB5}.AppStore|Any CPU.ActiveCfg = Release|x86
		{40495394-A5B2-4EC2-9487-339BB2B2CFB5}.AppStore|Any CPU.Build.0 = Release|x86
		{40495394-A5B2-4EC2-9487-339BB2B2CFB5}.AppStore|Any CPU.Deploy.0 = Release|x86
		{40495394-A5B2-4EC2-9487-339BB2B2CFB5}.AppStore|ARM.ActiveCfg = Release|ARM
		{40495394-A5B2-4EC2-9487-339BB2B2CFB5}.AppStore|ARM.Build.0 = Release|ARM
		{40495394-A5B2-4EC2-9487-339BB2B2CFB5}.AppStore|ARM.Deploy.0 = Release|ARM
		{40495394-A5B2-4EC2-9487-339BB2B2CFB5}.AppStore|iPhone.ActiveCfg = Release|x86
		{40495394-A5B2-4EC2-9487-339BB2B2CFB5}.AppStore|iPhone.Build.0 = Release|x86
		{40495394-A5B2-4EC2-9487-339BB2B2CFB5}.AppStore|iPhone.Deploy.0 = Release|x86
		{40495394-A5B2-4EC2-9487-339BB2B2CFB5}.AppStore|iPhoneSimulator.ActiveCfg = Release|x86
		{40495394-A5B2-4EC2-9487-339BB2B2CFB5}.AppStore|iPhoneSimulator.Build.0 = Release|x86
		{40495394-A5B2-4EC2-9487-339BB2B2CFB5}.AppStore|iPhoneSimulator.Deploy.0 = Release|x86
		{40495394-A5B2-4EC2-9487-339BB2B2CFB5}.AppStore|x64.ActiveCfg = Release|x64
		{40495394-A5B2-4EC2-9487-339BB2B2CFB5}.AppStore|x64.Build.0 = Release|x64
		{40495394-A5B2-4EC2-9487-339BB2B2CFB5}.AppStore|x64.Deploy.0 = Release|x64
		{40495394-A5B2-4EC2-9487-339BB2B2CFB5}.AppStore|x86.ActiveCfg = Release|x86
		{40495394-A5B2-4EC2-9487-339BB2B2CFB5}.AppStore|x86.Build.0 = Release|x86
		{40495394-A5B2-4EC2-9487-339BB2B2CFB5}.AppStore|x86.Deploy.0 = Release|x86
		{40495394-A5B2-4EC2-9487-339BB2B2CFB5}.Debug|Any CPU.ActiveCfg = Debug|x86
		{40495394-A5B2-4EC2-9487-339BB2B2CFB5}.Debug|ARM.ActiveCfg = Debug|ARM
		{40495394-A5B2-4EC2-9487-339BB2B2CFB5}.Debug|ARM.Build.0 = Debug|ARM
		{40495394-A5B2-4EC2-9487-339BB2B2CFB5}.Debug|ARM.Deploy.0 = Debug|ARM
		{40495394-A5B2-4EC2-9487-339BB2B2CFB5}.Debug|iPhone.ActiveCfg = Debug|x86
		{40495394-A5B2-4EC2-9487-339BB2B2CFB5}.Debug|iPhoneSimulator.ActiveCfg = Debug|x86
		{40495394-A5B2-4EC2-9487-339BB2B2CFB5}.Debug|x64.ActiveCfg = Debug|x64
		{40495394-A5B2-4EC2-9487-339BB2B2CFB5}.Debug|x64.Build.0 = Debug|x64
		{40495394-A5B2-4EC2-9487-339BB2B2CFB5}.Debug|x64.Deploy.0 = Debug|x64
		{40495394-A5B2-4EC2-9487-339BB2B2CFB5}.Debug|x86.ActiveCfg = Debug|x86
		{40495394-A5B2-4EC2-9487-339BB2B2CFB5}.Debug|x86.Build.0 = Debug|x86
		{40495394-A5B2-4EC2-9487-339BB2B2CFB5}.Debug|x86.Deploy.0 = Debug|x86
		{40495394-A5B2-4EC2-9487-339BB2B2CFB5}.Release|Any CPU.ActiveCfg = Release|x86
		{40495394-A5B2-4EC2-9487-339BB2B2CFB5}.Release|ARM.ActiveCfg = Release|ARM
		{40495394-A5B2-4EC2-9487-339BB2B2CFB5}.Release|ARM.Build.0 = Release|ARM
		{40495394-A5B2-4EC2-9487-339BB2B2CFB5}.Release|ARM.Deploy.0 = Release|ARM
		{40495394-A5B2-4EC2-9487-339BB2B2CFB5}.Release|iPhone.ActiveCfg = Release|x86
		{40495394-A5B2-4EC2-9487-339BB2B2CFB5}.Release|iPhoneSimulator.ActiveCfg = Release|x86
		{40495394-A5B2-4EC2-9487-339BB2B2CFB5}.Release|x64.ActiveCfg = Release|x64
		{40495394-A5B2-4EC2-9487-339BB2B2CFB5}.Release|x64.Build.0 = Release|x64
		{40495394-A5B2-4EC2-9487-339BB2B2CFB5}.Release|x64.Deploy.0 = Release|x64
		{40495394-A5B2-4EC2-9487-339BB2B2CFB5}.Release|x86.ActiveCfg = Release|x86
		{40495394-A5B2-4EC2-9487-339BB2B2CFB5}.Release|x86.Build.0 = Release|x86
		{40495394-A5B2-4EC2-9487-339BB2B2CFB5}.Release|x86.Deploy.0 = Release|x86
		{F685550B-600D-447F-9F32-E2A8F4E6CD73}.Ad-Hoc|Any CPU.ActiveCfg = Release|Any CPU
		{F685550B-600D-447F-9F32-E2A8F4E6CD73}.Ad-Hoc|Any CPU.Build.0 = Release|Any CPU
		{F685550B-600D-447F-9F32-E2A8F4E6CD73}.Ad-Hoc|ARM.ActiveCfg = Release|Any CPU
		{F685550B-600D-447F-9F32-E2A8F4E6CD73}.Ad-Hoc|ARM.Build.0 = Release|Any CPU
		{F685550B-600D-447F-9F32-E2A8F4E6CD73}.Ad-Hoc|iPhone.ActiveCfg = Release|Any CPU
		{F685550B-600D-447F-9F32-E2A8F4E6CD73}.Ad-Hoc|iPhone.Build.0 = Release|Any CPU
		{F685550B-600D-447F-9F32-E2A8F4E6CD73}.Ad-Hoc|iPhoneSimulator.ActiveCfg = Release|Any CPU
		{F685550B-600D-447F-9F32-E2A8F4E6CD73}.Ad-Hoc|iPhoneSimulator.Build.0 = Release|Any CPU
		{F685550B-600D-447F-9F32-E2A8F4E6CD73}.Ad-Hoc|x64.ActiveCfg = Release|Any CPU
		{F685550B-600D-447F-9F32-E2A8F4E6CD73}.Ad-Hoc|x64.Build.0 = Release|Any CPU
		{F685550B-600D-447F-9F32-E2A8F4E6CD73}.Ad-Hoc|x86.ActiveCfg = Release|Any CPU
		{F685550B-600D-447F-9F32-E2A8F4E6CD73}.Ad-Hoc|x86.Build.0 = Release|Any CPU
		{F685550B-600D-447F-9F32-E2A8F4E6CD73}.AppStore|Any CPU.ActiveCfg = Release|Any CPU
		{F685550B-600D-447F-9F32-E2A8F4E6CD73}.AppStore|Any CPU.Build.0 = Release|Any CPU
		{F685550B-600D-447F-9F32-E2A8F4E6CD73}.AppStore|ARM.ActiveCfg = Release|Any CPU
		{F685550B-600D-447F-9F32-E2A8F4E6CD73}.AppStore|ARM.Build.0 = Release|Any CPU
		{F685550B-600D-447F-9F32-E2A8F4E6CD73}.AppStore|iPhone.ActiveCfg = Release|Any CPU
		{F685550B-600D-447F-9F32-E2A8F4E6CD73}.AppStore|iPhone.Build.0 = Release|Any CPU
		{F685550B-600D-447F-9F32-E2A8F4E6CD73}.AppStore|iPhoneSimulator.ActiveCfg = Release|Any CPU
		{F685550B-600D-447F-9F32-E2A8F4E6CD73}.AppStore|iPhoneSimulator.Build.0 = Release|Any CPU
		{F685550B-600D-447F-9F32-E2A8F4E6CD73}.AppStore|x64.ActiveCfg = Release|Any CPU
		{F685550B-600D-447F-9F32-E2A8F4E6CD73}.AppStore|x64.Build.0 = Release|Any CPU
		{F685550B-600D-447F-9F32-E2A8F4E6CD73}.AppStore|x86.ActiveCfg = Release|Any CPU
		{F685550B-600D-447F-9F32-E2A8F4E6CD73}.AppStore|x86.Build.0 = Release|Any CPU
		{F685550B-600D-447F-9F32-E2A8F4E6CD73}.Debug|Any CPU.ActiveCfg = Debug|Any CPU
		{F685550B-600D-447F-9F32-E2A8F4E6CD73}.Debug|Any CPU.Build.0 = Debug|Any CPU
		{F685550B-600D-447F-9F32-E2A8F4E6CD73}.Debug|ARM.ActiveCfg = Debug|Any CPU
		{F685550B-600D-447F-9F32-E2A8F4E6CD73}.Debug|ARM.Build.0 = Debug|Any CPU
		{F685550B-600D-447F-9F32-E2A8F4E6CD73}.Debug|iPhone.ActiveCfg = Debug|Any CPU
		{F685550B-600D-447F-9F32-E2A8F4E6CD73}.Debug|iPhone.Build.0 = Debug|Any CPU
		{F685550B-600D-447F-9F32-E2A8F4E6CD73}.Debug|iPhoneSimulator.ActiveCfg = Debug|Any CPU
		{F685550B-600D-447F-9F32-E2A8F4E6CD73}.Debug|iPhoneSimulator.Build.0 = Debug|Any CPU
		{F685550B-600D-447F-9F32-E2A8F4E6CD73}.Debug|x64.ActiveCfg = Debug|Any CPU
		{F685550B-600D-447F-9F32-E2A8F4E6CD73}.Debug|x64.Build.0 = Debug|Any CPU
		{F685550B-600D-447F-9F32-E2A8F4E6CD73}.Debug|x86.ActiveCfg = Debug|Any CPU
		{F685550B-600D-447F-9F32-E2A8F4E6CD73}.Debug|x86.Build.0 = Debug|Any CPU
		{F685550B-600D-447F-9F32-E2A8F4E6CD73}.Release|Any CPU.ActiveCfg = Release|Any CPU
		{F685550B-600D-447F-9F32-E2A8F4E6CD73}.Release|Any CPU.Build.0 = Release|Any CPU
		{F685550B-600D-447F-9F32-E2A8F4E6CD73}.Release|ARM.ActiveCfg = Release|Any CPU
		{F685550B-600D-447F-9F32-E2A8F4E6CD73}.Release|ARM.Build.0 = Release|Any CPU
		{F685550B-600D-447F-9F32-E2A8F4E6CD73}.Release|iPhone.ActiveCfg = Release|Any CPU
		{F685550B-600D-447F-9F32-E2A8F4E6CD73}.Release|iPhone.Build.0 = Release|Any CPU
		{F685550B-600D-447F-9F32-E2A8F4E6CD73}.Release|iPhoneSimulator.ActiveCfg = Release|Any CPU
		{F685550B-600D-447F-9F32-E2A8F4E6CD73}.Release|iPhoneSimulator.Build.0 = Release|Any CPU
		{F685550B-600D-447F-9F32-E2A8F4E6CD73}.Release|x64.ActiveCfg = Release|Any CPU
		{F685550B-600D-447F-9F32-E2A8F4E6CD73}.Release|x64.Build.0 = Release|Any CPU
		{F685550B-600D-447F-9F32-E2A8F4E6CD73}.Release|x86.ActiveCfg = Release|Any CPU
		{F685550B-600D-447F-9F32-E2A8F4E6CD73}.Release|x86.Build.0 = Release|Any CPU
		{71B57BDA-DA8A-45A9-8146-49BADD091F76}.Ad-Hoc|Any CPU.ActiveCfg = Release|Any CPU
		{71B57BDA-DA8A-45A9-8146-49BADD091F76}.Ad-Hoc|Any CPU.Build.0 = Release|Any CPU
		{71B57BDA-DA8A-45A9-8146-49BADD091F76}.Ad-Hoc|ARM.ActiveCfg = Release|Any CPU
		{71B57BDA-DA8A-45A9-8146-49BADD091F76}.Ad-Hoc|ARM.Build.0 = Release|Any CPU
		{71B57BDA-DA8A-45A9-8146-49BADD091F76}.Ad-Hoc|iPhone.ActiveCfg = Release|Any CPU
		{71B57BDA-DA8A-45A9-8146-49BADD091F76}.Ad-Hoc|iPhone.Build.0 = Release|Any CPU
		{71B57BDA-DA8A-45A9-8146-49BADD091F76}.Ad-Hoc|iPhoneSimulator.ActiveCfg = Release|Any CPU
		{71B57BDA-DA8A-45A9-8146-49BADD091F76}.Ad-Hoc|iPhoneSimulator.Build.0 = Release|Any CPU
		{71B57BDA-DA8A-45A9-8146-49BADD091F76}.Ad-Hoc|x64.ActiveCfg = Release|Any CPU
		{71B57BDA-DA8A-45A9-8146-49BADD091F76}.Ad-Hoc|x64.Build.0 = Release|Any CPU
		{71B57BDA-DA8A-45A9-8146-49BADD091F76}.Ad-Hoc|x86.ActiveCfg = Release|Any CPU
		{71B57BDA-DA8A-45A9-8146-49BADD091F76}.Ad-Hoc|x86.Build.0 = Release|Any CPU
		{71B57BDA-DA8A-45A9-8146-49BADD091F76}.AppStore|Any CPU.ActiveCfg = Release|Any CPU
		{71B57BDA-DA8A-45A9-8146-49BADD091F76}.AppStore|Any CPU.Build.0 = Release|Any CPU
		{71B57BDA-DA8A-45A9-8146-49BADD091F76}.AppStore|ARM.ActiveCfg = Release|Any CPU
		{71B57BDA-DA8A-45A9-8146-49BADD091F76}.AppStore|ARM.Build.0 = Release|Any CPU
		{71B57BDA-DA8A-45A9-8146-49BADD091F76}.AppStore|iPhone.ActiveCfg = Release|Any CPU
		{71B57BDA-DA8A-45A9-8146-49BADD091F76}.AppStore|iPhone.Build.0 = Release|Any CPU
		{71B57BDA-DA8A-45A9-8146-49BADD091F76}.AppStore|iPhoneSimulator.ActiveCfg = Release|Any CPU
		{71B57BDA-DA8A-45A9-8146-49BADD091F76}.AppStore|iPhoneSimulator.Build.0 = Release|Any CPU
		{71B57BDA-DA8A-45A9-8146-49BADD091F76}.AppStore|x64.ActiveCfg = Release|Any CPU
		{71B57BDA-DA8A-45A9-8146-49BADD091F76}.AppStore|x64.Build.0 = Release|Any CPU
		{71B57BDA-DA8A-45A9-8146-49BADD091F76}.AppStore|x86.ActiveCfg = Release|Any CPU
		{71B57BDA-DA8A-45A9-8146-49BADD091F76}.AppStore|x86.Build.0 = Release|Any CPU
		{71B57BDA-DA8A-45A9-8146-49BADD091F76}.Debug|Any CPU.ActiveCfg = Debug|Any CPU
		{71B57BDA-DA8A-45A9-8146-49BADD091F76}.Debug|Any CPU.Build.0 = Debug|Any CPU
		{71B57BDA-DA8A-45A9-8146-49BADD091F76}.Debug|ARM.ActiveCfg = Debug|Any CPU
		{71B57BDA-DA8A-45A9-8146-49BADD091F76}.Debug|ARM.Build.0 = Debug|Any CPU
		{71B57BDA-DA8A-45A9-8146-49BADD091F76}.Debug|iPhone.ActiveCfg = Debug|Any CPU
		{71B57BDA-DA8A-45A9-8146-49BADD091F76}.Debug|iPhone.Build.0 = Debug|Any CPU
		{71B57BDA-DA8A-45A9-8146-49BADD091F76}.Debug|iPhoneSimulator.ActiveCfg = Debug|Any CPU
		{71B57BDA-DA8A-45A9-8146-49BADD091F76}.Debug|iPhoneSimulator.Build.0 = Debug|Any CPU
		{71B57BDA-DA8A-45A9-8146-49BADD091F76}.Debug|x64.ActiveCfg = Debug|Any CPU
		{71B57BDA-DA8A-45A9-8146-49BADD091F76}.Debug|x64.Build.0 = Debug|Any CPU
		{71B57BDA-DA8A-45A9-8146-49BADD091F76}.Debug|x86.ActiveCfg = Debug|Any CPU
		{71B57BDA-DA8A-45A9-8146-49BADD091F76}.Debug|x86.Build.0 = Debug|Any CPU
		{71B57BDA-DA8A-45A9-8146-49BADD091F76}.Release|Any CPU.ActiveCfg = Release|Any CPU
		{71B57BDA-DA8A-45A9-8146-49BADD091F76}.Release|Any CPU.Build.0 = Release|Any CPU
		{71B57BDA-DA8A-45A9-8146-49BADD091F76}.Release|ARM.ActiveCfg = Release|Any CPU
		{71B57BDA-DA8A-45A9-8146-49BADD091F76}.Release|ARM.Build.0 = Release|Any CPU
		{71B57BDA-DA8A-45A9-8146-49BADD091F76}.Release|iPhone.ActiveCfg = Release|Any CPU
		{71B57BDA-DA8A-45A9-8146-49BADD091F76}.Release|iPhone.Build.0 = Release|Any CPU
		{71B57BDA-DA8A-45A9-8146-49BADD091F76}.Release|iPhoneSimulator.ActiveCfg = Release|Any CPU
		{71B57BDA-DA8A-45A9-8146-49BADD091F76}.Release|iPhoneSimulator.Build.0 = Release|Any CPU
		{71B57BDA-DA8A-45A9-8146-49BADD091F76}.Release|x64.ActiveCfg = Release|Any CPU
		{71B57BDA-DA8A-45A9-8146-49BADD091F76}.Release|x64.Build.0 = Release|Any CPU
		{71B57BDA-DA8A-45A9-8146-49BADD091F76}.Release|x86.ActiveCfg = Release|Any CPU
		{71B57BDA-DA8A-45A9-8146-49BADD091F76}.Release|x86.Build.0 = Release|Any CPU
		{C6B3463B-DF9F-4A20-9F35-B5D91CE31BED}.Ad-Hoc|Any CPU.ActiveCfg = Release|Any CPU
		{C6B3463B-DF9F-4A20-9F35-B5D91CE31BED}.Ad-Hoc|Any CPU.Build.0 = Release|Any CPU
		{C6B3463B-DF9F-4A20-9F35-B5D91CE31BED}.Ad-Hoc|ARM.ActiveCfg = Release|Any CPU
		{C6B3463B-DF9F-4A20-9F35-B5D91CE31BED}.Ad-Hoc|ARM.Build.0 = Release|Any CPU
		{C6B3463B-DF9F-4A20-9F35-B5D91CE31BED}.Ad-Hoc|iPhone.ActiveCfg = Release|Any CPU
		{C6B3463B-DF9F-4A20-9F35-B5D91CE31BED}.Ad-Hoc|iPhone.Build.0 = Release|Any CPU
		{C6B3463B-DF9F-4A20-9F35-B5D91CE31BED}.Ad-Hoc|iPhoneSimulator.ActiveCfg = Release|Any CPU
		{C6B3463B-DF9F-4A20-9F35-B5D91CE31BED}.Ad-Hoc|iPhoneSimulator.Build.0 = Release|Any CPU
		{C6B3463B-DF9F-4A20-9F35-B5D91CE31BED}.Ad-Hoc|x64.ActiveCfg = Release|Any CPU
		{C6B3463B-DF9F-4A20-9F35-B5D91CE31BED}.Ad-Hoc|x64.Build.0 = Release|Any CPU
		{C6B3463B-DF9F-4A20-9F35-B5D91CE31BED}.Ad-Hoc|x86.ActiveCfg = Release|Any CPU
		{C6B3463B-DF9F-4A20-9F35-B5D91CE31BED}.Ad-Hoc|x86.Build.0 = Release|Any CPU
		{C6B3463B-DF9F-4A20-9F35-B5D91CE31BED}.AppStore|Any CPU.ActiveCfg = Release|Any CPU
		{C6B3463B-DF9F-4A20-9F35-B5D91CE31BED}.AppStore|Any CPU.Build.0 = Release|Any CPU
		{C6B3463B-DF9F-4A20-9F35-B5D91CE31BED}.AppStore|ARM.ActiveCfg = Release|Any CPU
		{C6B3463B-DF9F-4A20-9F35-B5D91CE31BED}.AppStore|ARM.Build.0 = Release|Any CPU
		{C6B3463B-DF9F-4A20-9F35-B5D91CE31BED}.AppStore|iPhone.ActiveCfg = Release|Any CPU
		{C6B3463B-DF9F-4A20-9F35-B5D91CE31BED}.AppStore|iPhone.Build.0 = Release|Any CPU
		{C6B3463B-DF9F-4A20-9F35-B5D91CE31BED}.AppStore|iPhoneSimulator.ActiveCfg = Release|Any CPU
		{C6B3463B-DF9F-4A20-9F35-B5D91CE31BED}.AppStore|iPhoneSimulator.Build.0 = Release|Any CPU
		{C6B3463B-DF9F-4A20-9F35-B5D91CE31BED}.AppStore|x64.ActiveCfg = Release|Any CPU
		{C6B3463B-DF9F-4A20-9F35-B5D91CE31BED}.AppStore|x64.Build.0 = Release|Any CPU
		{C6B3463B-DF9F-4A20-9F35-B5D91CE31BED}.AppStore|x86.ActiveCfg = Release|Any CPU
		{C6B3463B-DF9F-4A20-9F35-B5D91CE31BED}.AppStore|x86.Build.0 = Release|Any CPU
		{C6B3463B-DF9F-4A20-9F35-B5D91CE31BED}.Debug|Any CPU.ActiveCfg = Debug|Any CPU
		{C6B3463B-DF9F-4A20-9F35-B5D91CE31BED}.Debug|Any CPU.Build.0 = Debug|Any CPU
		{C6B3463B-DF9F-4A20-9F35-B5D91CE31BED}.Debug|Any CPU.Deploy.0 = Debug|Any CPU
		{C6B3463B-DF9F-4A20-9F35-B5D91CE31BED}.Debug|ARM.ActiveCfg = Debug|Any CPU
		{C6B3463B-DF9F-4A20-9F35-B5D91CE31BED}.Debug|ARM.Build.0 = Debug|Any CPU
		{C6B3463B-DF9F-4A20-9F35-B5D91CE31BED}.Debug|iPhone.ActiveCfg = Debug|Any CPU
		{C6B3463B-DF9F-4A20-9F35-B5D91CE31BED}.Debug|iPhone.Build.0 = Debug|Any CPU
		{C6B3463B-DF9F-4A20-9F35-B5D91CE31BED}.Debug|iPhoneSimulator.ActiveCfg = Debug|Any CPU
		{C6B3463B-DF9F-4A20-9F35-B5D91CE31BED}.Debug|iPhoneSimulator.Build.0 = Debug|Any CPU
		{C6B3463B-DF9F-4A20-9F35-B5D91CE31BED}.Debug|x64.ActiveCfg = Debug|Any CPU
		{C6B3463B-DF9F-4A20-9F35-B5D91CE31BED}.Debug|x64.Build.0 = Debug|Any CPU
		{C6B3463B-DF9F-4A20-9F35-B5D91CE31BED}.Debug|x86.ActiveCfg = Debug|Any CPU
		{C6B3463B-DF9F-4A20-9F35-B5D91CE31BED}.Debug|x86.Build.0 = Debug|Any CPU
		{C6B3463B-DF9F-4A20-9F35-B5D91CE31BED}.Release|Any CPU.ActiveCfg = Release|Any CPU
		{C6B3463B-DF9F-4A20-9F35-B5D91CE31BED}.Release|Any CPU.Build.0 = Release|Any CPU
		{C6B3463B-DF9F-4A20-9F35-B5D91CE31BED}.Release|Any CPU.Deploy.0 = Release|Any CPU
		{C6B3463B-DF9F-4A20-9F35-B5D91CE31BED}.Release|ARM.ActiveCfg = Release|Any CPU
		{C6B3463B-DF9F-4A20-9F35-B5D91CE31BED}.Release|ARM.Build.0 = Release|Any CPU
		{C6B3463B-DF9F-4A20-9F35-B5D91CE31BED}.Release|iPhone.ActiveCfg = Release|Any CPU
		{C6B3463B-DF9F-4A20-9F35-B5D91CE31BED}.Release|iPhone.Build.0 = Release|Any CPU
		{C6B3463B-DF9F-4A20-9F35-B5D91CE31BED}.Release|iPhoneSimulator.ActiveCfg = Release|Any CPU
		{C6B3463B-DF9F-4A20-9F35-B5D91CE31BED}.Release|iPhoneSimulator.Build.0 = Release|Any CPU
		{C6B3463B-DF9F-4A20-9F35-B5D91CE31BED}.Release|x64.ActiveCfg = Release|Any CPU
		{C6B3463B-DF9F-4A20-9F35-B5D91CE31BED}.Release|x64.Build.0 = Release|Any CPU
		{C6B3463B-DF9F-4A20-9F35-B5D91CE31BED}.Release|x86.ActiveCfg = Release|Any CPU
		{C6B3463B-DF9F-4A20-9F35-B5D91CE31BED}.Release|x86.Build.0 = Release|Any CPU
		{FE14A742-CC39-4140-9E31-A1E449A78FC5}.Ad-Hoc|Any CPU.ActiveCfg = Release|Any CPU
		{FE14A742-CC39-4140-9E31-A1E449A78FC5}.Ad-Hoc|Any CPU.Build.0 = Release|Any CPU
		{FE14A742-CC39-4140-9E31-A1E449A78FC5}.Ad-Hoc|ARM.ActiveCfg = Release|Any CPU
		{FE14A742-CC39-4140-9E31-A1E449A78FC5}.Ad-Hoc|ARM.Build.0 = Release|Any CPU
		{FE14A742-CC39-4140-9E31-A1E449A78FC5}.Ad-Hoc|iPhone.ActiveCfg = Release|Any CPU
		{FE14A742-CC39-4140-9E31-A1E449A78FC5}.Ad-Hoc|iPhone.Build.0 = Release|Any CPU
		{FE14A742-CC39-4140-9E31-A1E449A78FC5}.Ad-Hoc|iPhoneSimulator.ActiveCfg = Release|Any CPU
		{FE14A742-CC39-4140-9E31-A1E449A78FC5}.Ad-Hoc|iPhoneSimulator.Build.0 = Release|Any CPU
		{FE14A742-CC39-4140-9E31-A1E449A78FC5}.Ad-Hoc|x64.ActiveCfg = Release|Any CPU
		{FE14A742-CC39-4140-9E31-A1E449A78FC5}.Ad-Hoc|x64.Build.0 = Release|Any CPU
		{FE14A742-CC39-4140-9E31-A1E449A78FC5}.Ad-Hoc|x86.ActiveCfg = Release|Any CPU
		{FE14A742-CC39-4140-9E31-A1E449A78FC5}.Ad-Hoc|x86.Build.0 = Release|Any CPU
		{FE14A742-CC39-4140-9E31-A1E449A78FC5}.AppStore|Any CPU.ActiveCfg = Release|Any CPU
		{FE14A742-CC39-4140-9E31-A1E449A78FC5}.AppStore|Any CPU.Build.0 = Release|Any CPU
		{FE14A742-CC39-4140-9E31-A1E449A78FC5}.AppStore|ARM.ActiveCfg = Release|Any CPU
		{FE14A742-CC39-4140-9E31-A1E449A78FC5}.AppStore|ARM.Build.0 = Release|Any CPU
		{FE14A742-CC39-4140-9E31-A1E449A78FC5}.AppStore|iPhone.ActiveCfg = Release|Any CPU
		{FE14A742-CC39-4140-9E31-A1E449A78FC5}.AppStore|iPhone.Build.0 = Release|Any CPU
		{FE14A742-CC39-4140-9E31-A1E449A78FC5}.AppStore|iPhoneSimulator.ActiveCfg = Release|Any CPU
		{FE14A742-CC39-4140-9E31-A1E449A78FC5}.AppStore|iPhoneSimulator.Build.0 = Release|Any CPU
		{FE14A742-CC39-4140-9E31-A1E449A78FC5}.AppStore|x64.ActiveCfg = Release|Any CPU
		{FE14A742-CC39-4140-9E31-A1E449A78FC5}.AppStore|x64.Build.0 = Release|Any CPU
		{FE14A742-CC39-4140-9E31-A1E449A78FC5}.AppStore|x86.ActiveCfg = Release|Any CPU
		{FE14A742-CC39-4140-9E31-A1E449A78FC5}.AppStore|x86.Build.0 = Release|Any CPU
		{FE14A742-CC39-4140-9E31-A1E449A78FC5}.Debug|Any CPU.ActiveCfg = Debug|Any CPU
		{FE14A742-CC39-4140-9E31-A1E449A78FC5}.Debug|Any CPU.Build.0 = Debug|Any CPU
		{FE14A742-CC39-4140-9E31-A1E449A78FC5}.Debug|ARM.ActiveCfg = Debug|Any CPU
		{FE14A742-CC39-4140-9E31-A1E449A78FC5}.Debug|ARM.Build.0 = Debug|Any CPU
		{FE14A742-CC39-4140-9E31-A1E449A78FC5}.Debug|iPhone.ActiveCfg = Debug|Any CPU
		{FE14A742-CC39-4140-9E31-A1E449A78FC5}.Debug|iPhone.Build.0 = Debug|Any CPU
		{FE14A742-CC39-4140-9E31-A1E449A78FC5}.Debug|iPhoneSimulator.ActiveCfg = Debug|Any CPU
		{FE14A742-CC39-4140-9E31-A1E449A78FC5}.Debug|iPhoneSimulator.Build.0 = Debug|Any CPU
		{FE14A742-CC39-4140-9E31-A1E449A78FC5}.Debug|x64.ActiveCfg = Debug|Any CPU
		{FE14A742-CC39-4140-9E31-A1E449A78FC5}.Debug|x64.Build.0 = Debug|Any CPU
		{FE14A742-CC39-4140-9E31-A1E449A78FC5}.Debug|x86.ActiveCfg = Debug|Any CPU
		{FE14A742-CC39-4140-9E31-A1E449A78FC5}.Debug|x86.Build.0 = Debug|Any CPU
		{FE14A742-CC39-4140-9E31-A1E449A78FC5}.Release|Any CPU.ActiveCfg = Release|Any CPU
		{FE14A742-CC39-4140-9E31-A1E449A78FC5}.Release|Any CPU.Build.0 = Release|Any CPU
		{FE14A742-CC39-4140-9E31-A1E449A78FC5}.Release|ARM.ActiveCfg = Release|Any CPU
		{FE14A742-CC39-4140-9E31-A1E449A78FC5}.Release|ARM.Build.0 = Release|Any CPU
		{FE14A742-CC39-4140-9E31-A1E449A78FC5}.Release|iPhone.ActiveCfg = Release|Any CPU
		{FE14A742-CC39-4140-9E31-A1E449A78FC5}.Release|iPhone.Build.0 = Release|Any CPU
		{FE14A742-CC39-4140-9E31-A1E449A78FC5}.Release|iPhoneSimulator.ActiveCfg = Release|Any CPU
		{FE14A742-CC39-4140-9E31-A1E449A78FC5}.Release|iPhoneSimulator.Build.0 = Release|Any CPU
		{FE14A742-CC39-4140-9E31-A1E449A78FC5}.Release|x64.ActiveCfg = Release|Any CPU
		{FE14A742-CC39-4140-9E31-A1E449A78FC5}.Release|x64.Build.0 = Release|Any CPU
		{FE14A742-CC39-4140-9E31-A1E449A78FC5}.Release|x86.ActiveCfg = Release|Any CPU
		{FE14A742-CC39-4140-9E31-A1E449A78FC5}.Release|x86.Build.0 = Release|Any CPU
		{83D12E3C-8B01-4A33-BF6E-9EE6A2DF04D9}.Ad-Hoc|Any CPU.ActiveCfg = Release|x64
		{83D12E3C-8B01-4A33-BF6E-9EE6A2DF04D9}.Ad-Hoc|Any CPU.Build.0 = Release|x64
		{83D12E3C-8B01-4A33-BF6E-9EE6A2DF04D9}.Ad-Hoc|Any CPU.Deploy.0 = Release|x64
		{83D12E3C-8B01-4A33-BF6E-9EE6A2DF04D9}.Ad-Hoc|ARM.ActiveCfg = Release|ARM
		{83D12E3C-8B01-4A33-BF6E-9EE6A2DF04D9}.Ad-Hoc|ARM.Build.0 = Release|ARM
		{83D12E3C-8B01-4A33-BF6E-9EE6A2DF04D9}.Ad-Hoc|ARM.Deploy.0 = Release|ARM
		{83D12E3C-8B01-4A33-BF6E-9EE6A2DF04D9}.Ad-Hoc|ARM64.ActiveCfg = Release|ARM64
		{83D12E3C-8B01-4A33-BF6E-9EE6A2DF04D9}.Ad-Hoc|ARM64.Build.0 = Release|ARM64
		{83D12E3C-8B01-4A33-BF6E-9EE6A2DF04D9}.Ad-Hoc|ARM64.Deploy.0 = Release|ARM64
		{83D12E3C-8B01-4A33-BF6E-9EE6A2DF04D9}.Ad-Hoc|iPhone.ActiveCfg = Release|x64
		{83D12E3C-8B01-4A33-BF6E-9EE6A2DF04D9}.Ad-Hoc|iPhone.Build.0 = Release|x64
		{83D12E3C-8B01-4A33-BF6E-9EE6A2DF04D9}.Ad-Hoc|iPhone.Deploy.0 = Release|x64
		{83D12E3C-8B01-4A33-BF6E-9EE6A2DF04D9}.Ad-Hoc|iPhoneSimulator.ActiveCfg = Release|x64
		{83D12E3C-8B01-4A33-BF6E-9EE6A2DF04D9}.Ad-Hoc|iPhoneSimulator.Build.0 = Release|x64
		{83D12E3C-8B01-4A33-BF6E-9EE6A2DF04D9}.Ad-Hoc|iPhoneSimulator.Deploy.0 = Release|x64
		{83D12E3C-8B01-4A33-BF6E-9EE6A2DF04D9}.Ad-Hoc|x64.ActiveCfg = Release|x64
		{83D12E3C-8B01-4A33-BF6E-9EE6A2DF04D9}.Ad-Hoc|x64.Build.0 = Release|x64
		{83D12E3C-8B01-4A33-BF6E-9EE6A2DF04D9}.Ad-Hoc|x64.Deploy.0 = Release|x64
		{83D12E3C-8B01-4A33-BF6E-9EE6A2DF04D9}.Ad-Hoc|x86.ActiveCfg = Release|x86
		{83D12E3C-8B01-4A33-BF6E-9EE6A2DF04D9}.Ad-Hoc|x86.Build.0 = Release|x86
		{83D12E3C-8B01-4A33-BF6E-9EE6A2DF04D9}.Ad-Hoc|x86.Deploy.0 = Release|x86
		{83D12E3C-8B01-4A33-BF6E-9EE6A2DF04D9}.AppStore|Any CPU.ActiveCfg = Release|x64
		{83D12E3C-8B01-4A33-BF6E-9EE6A2DF04D9}.AppStore|Any CPU.Build.0 = Release|x64
		{83D12E3C-8B01-4A33-BF6E-9EE6A2DF04D9}.AppStore|Any CPU.Deploy.0 = Release|x64
		{83D12E3C-8B01-4A33-BF6E-9EE6A2DF04D9}.AppStore|ARM.ActiveCfg = Release|ARM
		{83D12E3C-8B01-4A33-BF6E-9EE6A2DF04D9}.AppStore|ARM.Build.0 = Release|ARM
		{83D12E3C-8B01-4A33-BF6E-9EE6A2DF04D9}.AppStore|ARM.Deploy.0 = Release|ARM
		{83D12E3C-8B01-4A33-BF6E-9EE6A2DF04D9}.AppStore|ARM64.ActiveCfg = Release|ARM64
		{83D12E3C-8B01-4A33-BF6E-9EE6A2DF04D9}.AppStore|ARM64.Build.0 = Release|ARM64
		{83D12E3C-8B01-4A33-BF6E-9EE6A2DF04D9}.AppStore|ARM64.Deploy.0 = Release|ARM64
		{83D12E3C-8B01-4A33-BF6E-9EE6A2DF04D9}.AppStore|iPhone.ActiveCfg = Release|x64
		{83D12E3C-8B01-4A33-BF6E-9EE6A2DF04D9}.AppStore|iPhone.Build.0 = Release|x64
		{83D12E3C-8B01-4A33-BF6E-9EE6A2DF04D9}.AppStore|iPhone.Deploy.0 = Release|x64
		{83D12E3C-8B01-4A33-BF6E-9EE6A2DF04D9}.AppStore|iPhoneSimulator.ActiveCfg = Release|x64
		{83D12E3C-8B01-4A33-BF6E-9EE6A2DF04D9}.AppStore|iPhoneSimulator.Build.0 = Release|x64
		{83D12E3C-8B01-4A33-BF6E-9EE6A2DF04D9}.AppStore|iPhoneSimulator.Deploy.0 = Release|x64
		{83D12E3C-8B01-4A33-BF6E-9EE6A2DF04D9}.AppStore|x64.ActiveCfg = Release|x64
		{83D12E3C-8B01-4A33-BF6E-9EE6A2DF04D9}.AppStore|x64.Build.0 = Release|x64
		{83D12E3C-8B01-4A33-BF6E-9EE6A2DF04D9}.AppStore|x64.Deploy.0 = Release|x64
		{83D12E3C-8B01-4A33-BF6E-9EE6A2DF04D9}.AppStore|x86.ActiveCfg = Release|x86
		{83D12E3C-8B01-4A33-BF6E-9EE6A2DF04D9}.AppStore|x86.Build.0 = Release|x86
		{83D12E3C-8B01-4A33-BF6E-9EE6A2DF04D9}.AppStore|x86.Deploy.0 = Release|x86
		{83D12E3C-8B01-4A33-BF6E-9EE6A2DF04D9}.Debug|Any CPU.ActiveCfg = Debug|x86
		{83D12E3C-8B01-4A33-BF6E-9EE6A2DF04D9}.Debug|ARM.ActiveCfg = Debug|ARM
		{83D12E3C-8B01-4A33-BF6E-9EE6A2DF04D9}.Debug|ARM.Build.0 = Debug|ARM
		{83D12E3C-8B01-4A33-BF6E-9EE6A2DF04D9}.Debug|ARM.Deploy.0 = Debug|ARM
		{83D12E3C-8B01-4A33-BF6E-9EE6A2DF04D9}.Debug|ARM64.ActiveCfg = Debug|ARM64
		{83D12E3C-8B01-4A33-BF6E-9EE6A2DF04D9}.Debug|ARM64.Build.0 = Debug|ARM64
		{83D12E3C-8B01-4A33-BF6E-9EE6A2DF04D9}.Debug|ARM64.Deploy.0 = Debug|ARM64
		{83D12E3C-8B01-4A33-BF6E-9EE6A2DF04D9}.Debug|iPhone.ActiveCfg = Debug|x86
		{83D12E3C-8B01-4A33-BF6E-9EE6A2DF04D9}.Debug|iPhoneSimulator.ActiveCfg = Debug|x86
		{83D12E3C-8B01-4A33-BF6E-9EE6A2DF04D9}.Debug|x64.ActiveCfg = Debug|x64
		{83D12E3C-8B01-4A33-BF6E-9EE6A2DF04D9}.Debug|x64.Build.0 = Debug|x64
		{83D12E3C-8B01-4A33-BF6E-9EE6A2DF04D9}.Debug|x64.Deploy.0 = Debug|x64
		{83D12E3C-8B01-4A33-BF6E-9EE6A2DF04D9}.Debug|x86.ActiveCfg = Debug|x86
		{83D12E3C-8B01-4A33-BF6E-9EE6A2DF04D9}.Debug|x86.Build.0 = Debug|x86
		{83D12E3C-8B01-4A33-BF6E-9EE6A2DF04D9}.Debug|x86.Deploy.0 = Debug|x86
		{83D12E3C-8B01-4A33-BF6E-9EE6A2DF04D9}.Release|Any CPU.ActiveCfg = Release|x86
		{83D12E3C-8B01-4A33-BF6E-9EE6A2DF04D9}.Release|ARM.ActiveCfg = Release|ARM
		{83D12E3C-8B01-4A33-BF6E-9EE6A2DF04D9}.Release|ARM.Build.0 = Release|ARM
		{83D12E3C-8B01-4A33-BF6E-9EE6A2DF04D9}.Release|ARM.Deploy.0 = Release|ARM
		{83D12E3C-8B01-4A33-BF6E-9EE6A2DF04D9}.Release|ARM64.ActiveCfg = Release|ARM64
		{83D12E3C-8B01-4A33-BF6E-9EE6A2DF04D9}.Release|ARM64.Build.0 = Release|ARM64
		{83D12E3C-8B01-4A33-BF6E-9EE6A2DF04D9}.Release|ARM64.Deploy.0 = Release|ARM64
		{83D12E3C-8B01-4A33-BF6E-9EE6A2DF04D9}.Release|iPhone.ActiveCfg = Release|x86
		{83D12E3C-8B01-4A33-BF6E-9EE6A2DF04D9}.Release|iPhoneSimulator.ActiveCfg = Release|x86
		{83D12E3C-8B01-4A33-BF6E-9EE6A2DF04D9}.Release|x64.ActiveCfg = Release|x64
		{83D12E3C-8B01-4A33-BF6E-9EE6A2DF04D9}.Release|x64.Build.0 = Release|x64
		{83D12E3C-8B01-4A33-BF6E-9EE6A2DF04D9}.Release|x64.Deploy.0 = Release|x64
		{83D12E3C-8B01-4A33-BF6E-9EE6A2DF04D9}.Release|x86.ActiveCfg = Release|x86
		{83D12E3C-8B01-4A33-BF6E-9EE6A2DF04D9}.Release|x86.Build.0 = Release|x86
		{83D12E3C-8B01-4A33-BF6E-9EE6A2DF04D9}.Release|x86.Deploy.0 = Release|x86
	EndGlobalSection
	GlobalSection(SolutionProperties) = preSolution
		HideSolutionNode = FALSE
	EndGlobalSection
	GlobalSection(ExtensibilityGlobals) = postSolution
		SolutionGuid = {F6D05029-56B8-4E45-AF2D-0E76295DDBA2}
	EndGlobalSection
EndGlobal
